// !$*UTF8*$!
{
	archiveVersion = 1;
	classes = {
	};
	objectVersion = 46;
	objects = {

/* Begin PBXBuildFile section */
		BCA734E116DAC53F00CD4C74 /* Cocoa.framework in Frameworks */ = {isa = PBXBuildFile; fileRef = BCA734E016DAC53F00CD4C74 /* Cocoa.framework */; };
		BCA734EB16DAC53F00CD4C74 /* InfoPlist.strings in Resources */ = {isa = PBXBuildFile; fileRef = BCA734E916DAC53F00CD4C74 /* InfoPlist.strings */; };
		BCA734ED16DAC53F00CD4C74 /* main.m in Sources */ = {isa = PBXBuildFile; fileRef = BCA734EC16DAC53F00CD4C74 /* main.m */; };
		BCA734F116DAC53F00CD4C74 /* Credits.rtf in Resources */ = {isa = PBXBuildFile; fileRef = BCA734EF16DAC53F00CD4C74 /* Credits.rtf */; };
		BCA734F416DAC53F00CD4C74 /* NNAppDelegate.m in Sources */ = {isa = PBXBuildFile; fileRef = BCA734F316DAC53F00CD4C74 /* NNAppDelegate.m */; };
		BCA734F716DAC53F00CD4C74 /* MainMenu.xib in Resources */ = {isa = PBXBuildFile; fileRef = BCA734F516DAC53F00CD4C74 /* MainMenu.xib */; };
		BCA734FF16DAC54000CD4C74 /* SenTestingKit.framework in Frameworks */ = {isa = PBXBuildFile; fileRef = BCA734FE16DAC54000CD4C74 /* SenTestingKit.framework */; };
		BCA7350016DAC54000CD4C74 /* Cocoa.framework in Frameworks */ = {isa = PBXBuildFile; fileRef = BCA734E016DAC53F00CD4C74 /* Cocoa.framework */; };
		BCA7350816DAC54000CD4C74 /* InfoPlist.strings in Resources */ = {isa = PBXBuildFile; fileRef = BCA7350616DAC54000CD4C74 /* InfoPlist.strings */; };
		BCA7350B16DAC54000CD4C74 /* SwitchTests.m in Sources */ = {isa = PBXBuildFile; fileRef = BCA7350A16DAC54000CD4C74 /* SwitchTests.m */; };
		BCA7351716DAC59000CD4C74 /* NNWindowStore.m in Sources */ = {isa = PBXBuildFile; fileRef = BCA7351616DAC59000CD4C74 /* NNWindowStore.m */; };
		BCA7351B16DAC5E200CD4C74 /* NNWindowListWorker.m in Sources */ = {isa = PBXBuildFile; fileRef = BCA7351A16DAC5E200CD4C74 /* NNWindowListWorker.m */; };
		BCA7351E16DAC61F00CD4C74 /* NNWindowData.m in Sources */ = {isa = PBXBuildFile; fileRef = BCA7351D16DAC61F00CD4C74 /* NNWindowData.m */; };
		BCA7352216DAC6A900CD4C74 /* NNWindowWorker.m in Sources */ = {isa = PBXBuildFile; fileRef = BCA7352116DAC6A900CD4C74 /* NNWindowWorker.m */; };
		BCA7352516DAC93C00CD4C74 /* NNApplication.m in Sources */ = {isa = PBXBuildFile; fileRef = BCA7352416DAC93C00CD4C74 /* NNApplication.m */; };
		BCA7352B16DB1E9C00CD4C74 /* despatch.m in Sources */ = {isa = PBXBuildFile; fileRef = BCA7352A16DB1E9C00CD4C74 /* despatch.m */; };
		BCA7352F16DB239900CD4C74 /* NNWindowThumbnailView.m in Sources */ = {isa = PBXBuildFile; fileRef = BCA7352E16DB239900CD4C74 /* NNWindowThumbnailView.m */; };
		BCA7353316DB2C0100CD4C74 /* NNHotKeyManager.m in Sources */ = {isa = PBXBuildFile; fileRef = BCA7353216DB2C0100CD4C74 /* NNHotKeyManager.m */; };
		BCA7353816E148EF00CD4C74 /* NNRoundedRectView.m in Sources */ = {isa = PBXBuildFile; fileRef = BCA7353716E148EF00CD4C74 /* NNRoundedRectView.m */; };
		BCA7353A16E14EF000CD4C74 /* QuartzCore.framework in Frameworks */ = {isa = PBXBuildFile; fileRef = BCA7353916E14EF000CD4C74 /* QuartzCore.framework */; };
		BCA7354016E159F400CD4C74 /* NNSwitcherViewController.m in Sources */ = {isa = PBXBuildFile; fileRef = BCA7353F16E159F400CD4C74 /* NNSwitcherViewController.m */; };
		BCA7354316E1621400CD4C74 /* constants.m in Sources */ = {isa = PBXBuildFile; fileRef = BCA7354216E1621400CD4C74 /* constants.m */; };
		BCA7354616E1657000CD4C74 /* NNSwitcher.m in Sources */ = {isa = PBXBuildFile; fileRef = BCA7354516E1657000CD4C74 /* NNSwitcher.m */; };
/* End PBXBuildFile section */

/* Begin PBXContainerItemProxy section */
		BCA7350116DAC54000CD4C74 /* PBXContainerItemProxy */ = {
			isa = PBXContainerItemProxy;
			containerPortal = BCA734D516DAC53F00CD4C74 /* Project object */;
			proxyType = 1;
			remoteGlobalIDString = BCA734DC16DAC53F00CD4C74;
			remoteInfo = Switch;
		};
/* End PBXContainerItemProxy section */

/* Begin PBXFileReference section */
		BCA734DD16DAC53F00CD4C74 /* Switch.app */ = {isa = PBXFileReference; explicitFileType = wrapper.application; includeInIndex = 0; path = Switch.app; sourceTree = BUILT_PRODUCTS_DIR; };
		BCA734E016DAC53F00CD4C74 /* Cocoa.framework */ = {isa = PBXFileReference; lastKnownFileType = wrapper.framework; name = Cocoa.framework; path = System/Library/Frameworks/Cocoa.framework; sourceTree = SDKROOT; };
		BCA734E316DAC53F00CD4C74 /* AppKit.framework */ = {isa = PBXFileReference; lastKnownFileType = wrapper.framework; name = AppKit.framework; path = System/Library/Frameworks/AppKit.framework; sourceTree = SDKROOT; };
		BCA734E416DAC53F00CD4C74 /* CoreData.framework */ = {isa = PBXFileReference; lastKnownFileType = wrapper.framework; name = CoreData.framework; path = System/Library/Frameworks/CoreData.framework; sourceTree = SDKROOT; };
		BCA734E516DAC53F00CD4C74 /* Foundation.framework */ = {isa = PBXFileReference; lastKnownFileType = wrapper.framework; name = Foundation.framework; path = System/Library/Frameworks/Foundation.framework; sourceTree = SDKROOT; };
		BCA734E816DAC53F00CD4C74 /* Switch-Info.plist */ = {isa = PBXFileReference; lastKnownFileType = text.plist.xml; path = "Switch-Info.plist"; sourceTree = "<group>"; };
		BCA734EA16DAC53F00CD4C74 /* en */ = {isa = PBXFileReference; lastKnownFileType = text.plist.strings; name = en; path = en.lproj/InfoPlist.strings; sourceTree = "<group>"; };
		BCA734EC16DAC53F00CD4C74 /* main.m */ = {isa = PBXFileReference; lastKnownFileType = sourcecode.c.objc; path = main.m; sourceTree = "<group>"; };
		BCA734EE16DAC53F00CD4C74 /* Switch-Prefix.pch */ = {isa = PBXFileReference; lastKnownFileType = sourcecode.c.h; path = "Switch-Prefix.pch"; sourceTree = "<group>"; };
		BCA734F016DAC53F00CD4C74 /* en */ = {isa = PBXFileReference; lastKnownFileType = text.rtf; name = en; path = en.lproj/Credits.rtf; sourceTree = "<group>"; };
		BCA734F216DAC53F00CD4C74 /* NNAppDelegate.h */ = {isa = PBXFileReference; lastKnownFileType = sourcecode.c.h; path = NNAppDelegate.h; sourceTree = "<group>"; };
		BCA734F316DAC53F00CD4C74 /* NNAppDelegate.m */ = {isa = PBXFileReference; lastKnownFileType = sourcecode.c.objc; path = NNAppDelegate.m; sourceTree = "<group>"; };
		BCA734F616DAC53F00CD4C74 /* en */ = {isa = PBXFileReference; lastKnownFileType = file.xib; name = en; path = en.lproj/MainMenu.xib; sourceTree = "<group>"; };
		BCA734FD16DAC54000CD4C74 /* SwitchTests.octest */ = {isa = PBXFileReference; explicitFileType = wrapper.cfbundle; includeInIndex = 0; path = SwitchTests.octest; sourceTree = BUILT_PRODUCTS_DIR; };
		BCA734FE16DAC54000CD4C74 /* SenTestingKit.framework */ = {isa = PBXFileReference; lastKnownFileType = wrapper.framework; name = SenTestingKit.framework; path = Library/Frameworks/SenTestingKit.framework; sourceTree = DEVELOPER_DIR; };
		BCA7350516DAC54000CD4C74 /* SwitchTests-Info.plist */ = {isa = PBXFileReference; lastKnownFileType = text.plist.xml; path = "SwitchTests-Info.plist"; sourceTree = "<group>"; };
		BCA7350716DAC54000CD4C74 /* en */ = {isa = PBXFileReference; lastKnownFileType = text.plist.strings; name = en; path = en.lproj/InfoPlist.strings; sourceTree = "<group>"; };
		BCA7350916DAC54000CD4C74 /* SwitchTests.h */ = {isa = PBXFileReference; lastKnownFileType = sourcecode.c.h; path = SwitchTests.h; sourceTree = "<group>"; };
		BCA7350A16DAC54000CD4C74 /* SwitchTests.m */ = {isa = PBXFileReference; lastKnownFileType = sourcecode.c.objc; path = SwitchTests.m; sourceTree = "<group>"; };
		BCA7351516DAC59000CD4C74 /* NNWindowStore.h */ = {isa = PBXFileReference; fileEncoding = 4; lastKnownFileType = sourcecode.c.h; path = NNWindowStore.h; sourceTree = "<group>"; };
		BCA7351616DAC59000CD4C74 /* NNWindowStore.m */ = {isa = PBXFileReference; fileEncoding = 4; lastKnownFileType = sourcecode.c.objc; path = NNWindowStore.m; sourceTree = "<group>"; };
		BCA7351816DAC5BB00CD4C74 /* NNWindowStore+Private.h */ = {isa = PBXFileReference; lastKnownFileType = sourcecode.c.h; path = "NNWindowStore+Private.h"; sourceTree = "<group>"; };
		BCA7351916DAC5E200CD4C74 /* NNWindowListWorker.h */ = {isa = PBXFileReference; fileEncoding = 4; lastKnownFileType = sourcecode.c.h; path = NNWindowListWorker.h; sourceTree = "<group>"; };
		BCA7351A16DAC5E200CD4C74 /* NNWindowListWorker.m */ = {isa = PBXFileReference; fileEncoding = 4; lastKnownFileType = sourcecode.c.objc; path = NNWindowListWorker.m; sourceTree = "<group>"; };
		BCA7351C16DAC61F00CD4C74 /* NNWindowData.h */ = {isa = PBXFileReference; fileEncoding = 4; lastKnownFileType = sourcecode.c.h; path = NNWindowData.h; sourceTree = "<group>"; };
		BCA7351D16DAC61F00CD4C74 /* NNWindowData.m */ = {isa = PBXFileReference; fileEncoding = 4; lastKnownFileType = sourcecode.c.objc; path = NNWindowData.m; sourceTree = "<group>"; };
		BCA7351F16DAC62C00CD4C74 /* NNWindowData+Private.h */ = {isa = PBXFileReference; lastKnownFileType = sourcecode.c.h; path = "NNWindowData+Private.h"; sourceTree = "<group>"; };
		BCA7352016DAC6A900CD4C74 /* NNWindowWorker.h */ = {isa = PBXFileReference; fileEncoding = 4; lastKnownFileType = sourcecode.c.h; path = NNWindowWorker.h; sourceTree = "<group>"; };
		BCA7352116DAC6A900CD4C74 /* NNWindowWorker.m */ = {isa = PBXFileReference; fileEncoding = 4; lastKnownFileType = sourcecode.c.objc; path = NNWindowWorker.m; sourceTree = "<group>"; };
		BCA7352316DAC93C00CD4C74 /* NNApplication.h */ = {isa = PBXFileReference; fileEncoding = 4; lastKnownFileType = sourcecode.c.h; path = NNApplication.h; sourceTree = "<group>"; };
		BCA7352416DAC93C00CD4C74 /* NNApplication.m */ = {isa = PBXFileReference; fileEncoding = 4; lastKnownFileType = sourcecode.c.objc; path = NNApplication.m; sourceTree = "<group>"; };
		BCA7352916DB1E9C00CD4C74 /* despatch.h */ = {isa = PBXFileReference; fileEncoding = 4; lastKnownFileType = sourcecode.c.h; path = despatch.h; sourceTree = "<group>"; };
		BCA7352A16DB1E9C00CD4C74 /* despatch.m */ = {isa = PBXFileReference; fileEncoding = 4; lastKnownFileType = sourcecode.c.objc; path = despatch.m; sourceTree = "<group>"; };
		BCA7352D16DB239900CD4C74 /* NNWindowThumbnailView.h */ = {isa = PBXFileReference; fileEncoding = 4; lastKnownFileType = sourcecode.c.h; path = NNWindowThumbnailView.h; sourceTree = "<group>"; };
		BCA7352E16DB239900CD4C74 /* NNWindowThumbnailView.m */ = {isa = PBXFileReference; fileEncoding = 4; lastKnownFileType = sourcecode.c.objc; path = NNWindowThumbnailView.m; sourceTree = "<group>"; };
		BCA7353116DB2C0100CD4C74 /* NNHotKeyManager.h */ = {isa = PBXFileReference; fileEncoding = 4; lastKnownFileType = sourcecode.c.h; path = NNHotKeyManager.h; sourceTree = "<group>"; };
		BCA7353216DB2C0100CD4C74 /* NNHotKeyManager.m */ = {isa = PBXFileReference; fileEncoding = 4; lastKnownFileType = sourcecode.c.objc; path = NNHotKeyManager.m; sourceTree = "<group>"; };
		BCA7353616E148EF00CD4C74 /* NNRoundedRectView.h */ = {isa = PBXFileReference; fileEncoding = 4; lastKnownFileType = sourcecode.c.h; path = NNRoundedRectView.h; sourceTree = "<group>"; };
		BCA7353716E148EF00CD4C74 /* NNRoundedRectView.m */ = {isa = PBXFileReference; fileEncoding = 4; lastKnownFileType = sourcecode.c.objc; path = NNRoundedRectView.m; sourceTree = "<group>"; };
		BCA7353916E14EF000CD4C74 /* QuartzCore.framework */ = {isa = PBXFileReference; lastKnownFileType = wrapper.framework; name = QuartzCore.framework; path = System/Library/Frameworks/QuartzCore.framework; sourceTree = SDKROOT; };
		BCA7353E16E159F400CD4C74 /* NNSwitcherViewController.h */ = {isa = PBXFileReference; fileEncoding = 4; lastKnownFileType = sourcecode.c.h; path = NNSwitcherViewController.h; sourceTree = "<group>"; };
		BCA7353F16E159F400CD4C74 /* NNSwitcherViewController.m */ = {isa = PBXFileReference; fileEncoding = 4; lastKnownFileType = sourcecode.c.objc; path = NNSwitcherViewController.m; sourceTree = "<group>"; };
		BCA7354116E1621400CD4C74 /* constants.h */ = {isa = PBXFileReference; fileEncoding = 4; lastKnownFileType = sourcecode.c.h; path = constants.h; sourceTree = "<group>"; };
		BCA7354216E1621400CD4C74 /* constants.m */ = {isa = PBXFileReference; fileEncoding = 4; lastKnownFileType = sourcecode.c.objc; path = constants.m; sourceTree = "<group>"; };
		BCA7354416E1657000CD4C74 /* NNSwitcher.h */ = {isa = PBXFileReference; fileEncoding = 4; lastKnownFileType = sourcecode.c.h; path = NNSwitcher.h; sourceTree = "<group>"; };
		BCA7354516E1657000CD4C74 /* NNSwitcher.m */ = {isa = PBXFileReference; fileEncoding = 4; lastKnownFileType = sourcecode.c.objc; path = NNSwitcher.m; sourceTree = "<group>"; };
		BCA7354A16E2AC3F00CD4C74 /* imageComparators.h */ = {isa = PBXFileReference; lastKnownFileType = sourcecode.c.h; path = imageComparators.h; sourceTree = "<group>"; };
/* End PBXFileReference section */

/* Begin PBXFrameworksBuildPhase section */
		BCA734DA16DAC53F00CD4C74 /* Frameworks */ = {
			isa = PBXFrameworksBuildPhase;
			buildActionMask = 2147483647;
			files = (
				BCA7353A16E14EF000CD4C74 /* QuartzCore.framework in Frameworks */,
				BCA734E116DAC53F00CD4C74 /* Cocoa.framework in Frameworks */,
			);
			runOnlyForDeploymentPostprocessing = 0;
		};
		BCA734F916DAC54000CD4C74 /* Frameworks */ = {
			isa = PBXFrameworksBuildPhase;
			buildActionMask = 2147483647;
			files = (
				BCA734FF16DAC54000CD4C74 /* SenTestingKit.framework in Frameworks */,
				BCA7350016DAC54000CD4C74 /* Cocoa.framework in Frameworks */,
			);
			runOnlyForDeploymentPostprocessing = 0;
		};
/* End PBXFrameworksBuildPhase section */

/* Begin PBXGroup section */
		BCA734D416DAC53F00CD4C74 = {
			isa = PBXGroup;
			children = (
				BCA734E616DAC53F00CD4C74 /* Switch */,
				BCA7350316DAC54000CD4C74 /* SwitchTests */,
				BCA734DF16DAC53F00CD4C74 /* Frameworks */,
				BCA734DE16DAC53F00CD4C74 /* Products */,
			);
			sourceTree = "<group>";
		};
		BCA734DE16DAC53F00CD4C74 /* Products */ = {
			isa = PBXGroup;
			children = (
				BCA734DD16DAC53F00CD4C74 /* Switch.app */,
				BCA734FD16DAC54000CD4C74 /* SwitchTests.octest */,
			);
			name = Products;
			sourceTree = "<group>";
		};
		BCA734DF16DAC53F00CD4C74 /* Frameworks */ = {
			isa = PBXGroup;
			children = (
				BCA734E016DAC53F00CD4C74 /* Cocoa.framework */,
				BCA7353916E14EF000CD4C74 /* QuartzCore.framework */,
				BCA734FE16DAC54000CD4C74 /* SenTestingKit.framework */,
				BCA734E216DAC53F00CD4C74 /* Other Frameworks */,
			);
			name = Frameworks;
			sourceTree = "<group>";
		};
		BCA734E216DAC53F00CD4C74 /* Other Frameworks */ = {
			isa = PBXGroup;
			children = (
				BCA734E316DAC53F00CD4C74 /* AppKit.framework */,
				BCA734E416DAC53F00CD4C74 /* CoreData.framework */,
				BCA734E516DAC53F00CD4C74 /* Foundation.framework */,
			);
			name = "Other Frameworks";
			sourceTree = "<group>";
		};
		BCA734E616DAC53F00CD4C74 /* Switch */ = {
			isa = PBXGroup;
			children = (
				BCA7353516DB2E2500CD4C74 /* Controller */,
				BCA7353016DB2BDC00CD4C74 /* Logic */,
				BCA7351416DAC54C00CD4C74 /* Model */,
				BCA7352C16DB237E00CD4C74 /* View */,
				BCA734E716DAC53F00CD4C74 /* Supporting Files */,
			);
			path = Switch;
			sourceTree = "<group>";
		};
		BCA734E716DAC53F00CD4C74 /* Supporting Files */ = {
			isa = PBXGroup;
			children = (
				BCA7354A16E2AC3F00CD4C74 /* imageComparators.h */,
				BCA7354116E1621400CD4C74 /* constants.h */,
				BCA7354216E1621400CD4C74 /* constants.m */,
				BCA734E816DAC53F00CD4C74 /* Switch-Info.plist */,
				BCA734E916DAC53F00CD4C74 /* InfoPlist.strings */,
				BCA734EC16DAC53F00CD4C74 /* main.m */,
				BCA734EE16DAC53F00CD4C74 /* Switch-Prefix.pch */,
				BCA734EF16DAC53F00CD4C74 /* Credits.rtf */,
			);
			name = "Supporting Files";
			sourceTree = "<group>";
		};
		BCA7350316DAC54000CD4C74 /* SwitchTests */ = {
			isa = PBXGroup;
			children = (
				BCA7350916DAC54000CD4C74 /* SwitchTests.h */,
				BCA7350A16DAC54000CD4C74 /* SwitchTests.m */,
				BCA7350416DAC54000CD4C74 /* Supporting Files */,
			);
			path = SwitchTests;
			sourceTree = "<group>";
		};
		BCA7350416DAC54000CD4C74 /* Supporting Files */ = {
			isa = PBXGroup;
			children = (
				BCA7350516DAC54000CD4C74 /* SwitchTests-Info.plist */,
				BCA7350616DAC54000CD4C74 /* InfoPlist.strings */,
			);
			name = "Supporting Files";
			sourceTree = "<group>";
		};
		BCA7351416DAC54C00CD4C74 /* Model */ = {
			isa = PBXGroup;
			children = (
				BCA7352316DAC93C00CD4C74 /* NNApplication.h */,
				BCA7352416DAC93C00CD4C74 /* NNApplication.m */,
				BCA7351C16DAC61F00CD4C74 /* NNWindowData.h */,
				BCA7351F16DAC62C00CD4C74 /* NNWindowData+Private.h */,
				BCA7351D16DAC61F00CD4C74 /* NNWindowData.m */,
			);
			name = Model;
			sourceTree = "<group>";
		};
		BCA7352C16DB237E00CD4C74 /* View */ = {
			isa = PBXGroup;
			children = (
				BCA734F516DAC53F00CD4C74 /* MainMenu.xib */,
				BCA7352D16DB239900CD4C74 /* NNWindowThumbnailView.h */,
				BCA7352E16DB239900CD4C74 /* NNWindowThumbnailView.m */,
				BCA7353616E148EF00CD4C74 /* NNRoundedRectView.h */,
				BCA7353716E148EF00CD4C74 /* NNRoundedRectView.m */,
			);
			name = View;
			sourceTree = "<group>";
		};
		BCA7353016DB2BDC00CD4C74 /* Logic */ = {
			isa = PBXGroup;
			children = (
				BCA7352916DB1E9C00CD4C74 /* despatch.h */,
				BCA7352A16DB1E9C00CD4C74 /* despatch.m */,
				BCA734F216DAC53F00CD4C74 /* NNAppDelegate.h */,
				BCA734F316DAC53F00CD4C74 /* NNAppDelegate.m */,
				BCA7353116DB2C0100CD4C74 /* NNHotKeyManager.h */,
				BCA7353216DB2C0100CD4C74 /* NNHotKeyManager.m */,
				BCA7352016DAC6A900CD4C74 /* NNWindowWorker.h */,
				BCA7352116DAC6A900CD4C74 /* NNWindowWorker.m */,
				BCA7351916DAC5E200CD4C74 /* NNWindowListWorker.h */,
				BCA7351A16DAC5E200CD4C74 /* NNWindowListWorker.m */,
				BCA7351516DAC59000CD4C74 /* NNWindowStore.h */,
				BCA7351816DAC5BB00CD4C74 /* NNWindowStore+Private.h */,
				BCA7351616DAC59000CD4C74 /* NNWindowStore.m */,
				BCA7354416E1657000CD4C74 /* NNSwitcher.h */,
				BCA7354516E1657000CD4C74 /* NNSwitcher.m */,
			);
			name = Logic;
			sourceTree = "<group>";
		};
		BCA7353516DB2E2500CD4C74 /* Controller */ = {
			isa = PBXGroup;
			children = (
				BCA7353E16E159F400CD4C74 /* NNSwitcherViewController.h */,
				BCA7353F16E159F400CD4C74 /* NNSwitcherViewController.m */,
			);
			name = Controller;
			sourceTree = "<group>";
		};
/* End PBXGroup section */

/* Begin PBXNativeTarget section */
		BCA734DC16DAC53F00CD4C74 /* Switch */ = {
			isa = PBXNativeTarget;
			buildConfigurationList = BCA7350E16DAC54000CD4C74 /* Build configuration list for PBXNativeTarget "Switch" */;
			buildPhases = (
				BCA734D916DAC53F00CD4C74 /* Sources */,
				BCA734DA16DAC53F00CD4C74 /* Frameworks */,
				BCA734DB16DAC53F00CD4C74 /* Resources */,
			);
			buildRules = (
			);
			dependencies = (
			);
			name = Switch;
			productName = Switch;
			productReference = BCA734DD16DAC53F00CD4C74 /* Switch.app */;
			productType = "com.apple.product-type.application";
		};
		BCA734FC16DAC54000CD4C74 /* SwitchTests */ = {
			isa = PBXNativeTarget;
			buildConfigurationList = BCA7351116DAC54000CD4C74 /* Build configuration list for PBXNativeTarget "SwitchTests" */;
			buildPhases = (
				BCA734F816DAC54000CD4C74 /* Sources */,
				BCA734F916DAC54000CD4C74 /* Frameworks */,
				BCA734FA16DAC54000CD4C74 /* Resources */,
				BCA734FB16DAC54000CD4C74 /* ShellScript */,
			);
			buildRules = (
			);
			dependencies = (
				BCA7350216DAC54000CD4C74 /* PBXTargetDependency */,
			);
			name = SwitchTests;
			productName = SwitchTests;
			productReference = BCA734FD16DAC54000CD4C74 /* SwitchTests.octest */;
			productType = "com.apple.product-type.bundle";
		};
/* End PBXNativeTarget section */

/* Begin PBXProject section */
		BCA734D516DAC53F00CD4C74 /* Project object */ = {
			isa = PBXProject;
			attributes = {
				CLASSPREFIX = NN;
				LastUpgradeCheck = 0460;
				ORGANIZATIONNAME = "Scott Perry";
			};
			buildConfigurationList = BCA734D816DAC53F00CD4C74 /* Build configuration list for PBXProject "Switch" */;
			compatibilityVersion = "Xcode 3.2";
			developmentRegion = English;
			hasScannedForEncodings = 0;
			knownRegions = (
				en,
			);
			mainGroup = BCA734D416DAC53F00CD4C74;
			productRefGroup = BCA734DE16DAC53F00CD4C74 /* Products */;
			projectDirPath = "";
			projectRoot = "";
			targets = (
				BCA734DC16DAC53F00CD4C74 /* Switch */,
				BCA734FC16DAC54000CD4C74 /* SwitchTests */,
			);
		};
/* End PBXProject section */

/* Begin PBXResourcesBuildPhase section */
		BCA734DB16DAC53F00CD4C74 /* Resources */ = {
			isa = PBXResourcesBuildPhase;
			buildActionMask = 2147483647;
			files = (
				BCA734EB16DAC53F00CD4C74 /* InfoPlist.strings in Resources */,
				BCA734F116DAC53F00CD4C74 /* Credits.rtf in Resources */,
				BCA734F716DAC53F00CD4C74 /* MainMenu.xib in Resources */,
			);
			runOnlyForDeploymentPostprocessing = 0;
		};
		BCA734FA16DAC54000CD4C74 /* Resources */ = {
			isa = PBXResourcesBuildPhase;
			buildActionMask = 2147483647;
			files = (
				BCA7350816DAC54000CD4C74 /* InfoPlist.strings in Resources */,
			);
			runOnlyForDeploymentPostprocessing = 0;
		};
/* End PBXResourcesBuildPhase section */

/* Begin PBXShellScriptBuildPhase section */
		BCA734FB16DAC54000CD4C74 /* ShellScript */ = {
			isa = PBXShellScriptBuildPhase;
			buildActionMask = 2147483647;
			files = (
			);
			inputPaths = (
			);
			outputPaths = (
			);
			runOnlyForDeploymentPostprocessing = 0;
			shellPath = /bin/sh;
			shellScript = "# Run the unit tests in this test bundle.\n\"${SYSTEM_DEVELOPER_DIR}/Tools/RunUnitTests\"\n";
		};
/* End PBXShellScriptBuildPhase section */

/* Begin PBXSourcesBuildPhase section */
		BCA734D916DAC53F00CD4C74 /* Sources */ = {
			isa = PBXSourcesBuildPhase;
			buildActionMask = 2147483647;
			files = (
				BCA734ED16DAC53F00CD4C74 /* main.m in Sources */,
				BCA734F416DAC53F00CD4C74 /* NNAppDelegate.m in Sources */,
				BCA7351716DAC59000CD4C74 /* NNWindowStore.m in Sources */,
				BCA7351B16DAC5E200CD4C74 /* NNWindowListWorker.m in Sources */,
				BCA7351E16DAC61F00CD4C74 /* NNWindowData.m in Sources */,
				BCA7352216DAC6A900CD4C74 /* NNWindowWorker.m in Sources */,
				BCA7352516DAC93C00CD4C74 /* NNApplication.m in Sources */,
				BCA7352B16DB1E9C00CD4C74 /* despatch.m in Sources */,
				BCA7352F16DB239900CD4C74 /* NNWindowThumbnailView.m in Sources */,
				BCA7353316DB2C0100CD4C74 /* NNHotKeyManager.m in Sources */,
				BCA7353816E148EF00CD4C74 /* NNRoundedRectView.m in Sources */,
				BCA7354016E159F400CD4C74 /* NNSwitcherViewController.m in Sources */,
				BCA7354316E1621400CD4C74 /* constants.m in Sources */,
				BCA7354616E1657000CD4C74 /* NNSwitcher.m in Sources */,
			);
			runOnlyForDeploymentPostprocessing = 0;
		};
		BCA734F816DAC54000CD4C74 /* Sources */ = {
			isa = PBXSourcesBuildPhase;
			buildActionMask = 2147483647;
			files = (
				BCA7350B16DAC54000CD4C74 /* SwitchTests.m in Sources */,
			);
			runOnlyForDeploymentPostprocessing = 0;
		};
/* End PBXSourcesBuildPhase section */

/* Begin PBXTargetDependency section */
		BCA7350216DAC54000CD4C74 /* PBXTargetDependency */ = {
			isa = PBXTargetDependency;
			target = BCA734DC16DAC53F00CD4C74 /* Switch */;
			targetProxy = BCA7350116DAC54000CD4C74 /* PBXContainerItemProxy */;
		};
/* End PBXTargetDependency section */

/* Begin PBXVariantGroup section */
		BCA734E916DAC53F00CD4C74 /* InfoPlist.strings */ = {
			isa = PBXVariantGroup;
			children = (
				BCA734EA16DAC53F00CD4C74 /* en */,
			);
			name = InfoPlist.strings;
			sourceTree = "<group>";
		};
		BCA734EF16DAC53F00CD4C74 /* Credits.rtf */ = {
			isa = PBXVariantGroup;
			children = (
				BCA734F016DAC53F00CD4C74 /* en */,
			);
			name = Credits.rtf;
			sourceTree = "<group>";
		};
		BCA734F516DAC53F00CD4C74 /* MainMenu.xib */ = {
			isa = PBXVariantGroup;
			children = (
				BCA734F616DAC53F00CD4C74 /* en */,
			);
			name = MainMenu.xib;
			sourceTree = "<group>";
		};
		BCA7350616DAC54000CD4C74 /* InfoPlist.strings */ = {
			isa = PBXVariantGroup;
			children = (
				BCA7350716DAC54000CD4C74 /* en */,
			);
			name = InfoPlist.strings;
			sourceTree = "<group>";
		};
/* End PBXVariantGroup section */

/* Begin XCBuildConfiguration section */
		BCA7350C16DAC54000CD4C74 /* Debug */ = {
			isa = XCBuildConfiguration;
			buildSettings = {
				ALWAYS_SEARCH_USER_PATHS = NO;
				ARCHS = "$(ARCHS_STANDARD_64_BIT)";
				CLANG_CXX_LANGUAGE_STANDARD = "gnu++0x";
				CLANG_CXX_LIBRARY = "libc++";
				CLANG_ENABLE_OBJC_ARC = YES;
				CLANG_WARN_CONSTANT_CONVERSION = YES;
				CLANG_WARN_EMPTY_BODY = YES;
				CLANG_WARN_ENUM_CONVERSION = YES;
				CLANG_WARN_INT_CONVERSION = YES;
				CLANG_WARN__DUPLICATE_METHOD_MATCH = YES;
				COPY_PHASE_STRIP = NO;
				GCC_C_LANGUAGE_STANDARD = gnu99;
				GCC_DYNAMIC_NO_PIC = NO;
				GCC_ENABLE_OBJC_EXCEPTIONS = YES;
				GCC_OPTIMIZATION_LEVEL = 0;
				GCC_PREPROCESSOR_DEFINITIONS = (
					"DEBUG=1",
					"$(inherited)",
				);
				GCC_SYMBOLS_PRIVATE_EXTERN = NO;
				GCC_WARN_64_TO_32_BIT_CONVERSION = YES;
				GCC_WARN_ABOUT_RETURN_TYPE = YES;
				GCC_WARN_UNINITIALIZED_AUTOS = YES;
				GCC_WARN_UNUSED_VARIABLE = YES;
				MACOSX_DEPLOYMENT_TARGET = 10.8;
				ONLY_ACTIVE_ARCH = YES;
				SDKROOT = macosx;
			};
			name = Debug;
		};
		BCA7350D16DAC54000CD4C74 /* Release */ = {
			isa = XCBuildConfiguration;
			buildSettings = {
				ALWAYS_SEARCH_USER_PATHS = NO;
				ARCHS = "$(ARCHS_STANDARD_64_BIT)";
				CLANG_CXX_LANGUAGE_STANDARD = "gnu++0x";
				CLANG_CXX_LIBRARY = "libc++";
				CLANG_ENABLE_OBJC_ARC = YES;
				CLANG_WARN_CONSTANT_CONVERSION = YES;
				CLANG_WARN_EMPTY_BODY = YES;
				CLANG_WARN_ENUM_CONVERSION = YES;
				CLANG_WARN_INT_CONVERSION = YES;
				CLANG_WARN__DUPLICATE_METHOD_MATCH = YES;
				COPY_PHASE_STRIP = YES;
				DEBUG_INFORMATION_FORMAT = "dwarf-with-dsym";
				GCC_C_LANGUAGE_STANDARD = gnu99;
				GCC_ENABLE_OBJC_EXCEPTIONS = YES;
				GCC_WARN_64_TO_32_BIT_CONVERSION = YES;
				GCC_WARN_ABOUT_RETURN_TYPE = YES;
				GCC_WARN_UNINITIALIZED_AUTOS = YES;
				GCC_WARN_UNUSED_VARIABLE = YES;
				MACOSX_DEPLOYMENT_TARGET = 10.8;
				SDKROOT = macosx;
			};
			name = Release;
		};
		BCA7350F16DAC54000CD4C74 /* Debug */ = {
			isa = XCBuildConfiguration;
			buildSettings = {
				COMBINE_HIDPI_IMAGES = YES;
				GCC_PRECOMPILE_PREFIX_HEADER = YES;
				GCC_PREFIX_HEADER = "Switch/Switch-Prefix.pch";
				INFOPLIST_FILE = "Switch/Switch-Info.plist";
				PRODUCT_NAME = "$(TARGET_NAME)";
				WRAPPER_EXTENSION = app;
			};
			name = Debug;
		};
		BCA7351016DAC54000CD4C74 /* Release */ = {
			isa = XCBuildConfiguration;
			buildSettings = {
				COMBINE_HIDPI_IMAGES = YES;
				GCC_PRECOMPILE_PREFIX_HEADER = YES;
				GCC_PREFIX_HEADER = "Switch/Switch-Prefix.pch";
				INFOPLIST_FILE = "Switch/Switch-Info.plist";
				PRODUCT_NAME = "$(TARGET_NAME)";
				WRAPPER_EXTENSION = app;
			};
			name = Release;
		};
		BCA7351216DAC54000CD4C74 /* Debug */ = {
			isa = XCBuildConfiguration;
			buildSettings = {
				BUNDLE_LOADER = "$(BUILT_PRODUCTS_DIR)/Switch.app/Contents/MacOS/Switch";
				COMBINE_HIDPI_IMAGES = YES;
				FRAMEWORK_SEARCH_PATHS = "\"$(DEVELOPER_LIBRARY_DIR)/Frameworks\"";
				GCC_PRECOMPILE_PREFIX_HEADER = YES;
				GCC_PREFIX_HEADER = "Switch/Switch-Prefix.pch";
				INFOPLIST_FILE = "SwitchTests/SwitchTests-Info.plist";
				PRODUCT_NAME = "$(TARGET_NAME)";
				TEST_HOST = "$(BUNDLE_LOADER)";
				WRAPPER_EXTENSION = octest;
			};
			name = Debug;
		};
		BCA7351316DAC54000CD4C74 /* Release */ = {
			isa = XCBuildConfiguration;
			buildSettings = {
				BUNDLE_LOADER = "$(BUILT_PRODUCTS_DIR)/Switch.app/Contents/MacOS/Switch";
				COMBINE_HIDPI_IMAGES = YES;
				FRAMEWORK_SEARCH_PATHS = "\"$(DEVELOPER_LIBRARY_DIR)/Frameworks\"";
				GCC_PRECOMPILE_PREFIX_HEADER = YES;
				GCC_PREFIX_HEADER = "Switch/Switch-Prefix.pch";
				INFOPLIST_FILE = "SwitchTests/SwitchTests-Info.plist";
				PRODUCT_NAME = "$(TARGET_NAME)";
				TEST_HOST = "$(BUNDLE_LOADER)";
				WRAPPER_EXTENSION = octest;
			};
			name = Release;
		};
/* End XCBuildConfiguration section */

/* Begin XCConfigurationList section */
		BCA734D816DAC53F00CD4C74 /* Build configuration list for PBXProject "Switch" */ = {
			isa = XCConfigurationList;
			buildConfigurations = (
				BCA7350C16DAC54000CD4C74 /* Debug */,
				BCA7350D16DAC54000CD4C74 /* Release */,
			);
			defaultConfigurationIsVisible = 0;
			defaultConfigurationName = Release;
		};
		BCA7350E16DAC54000CD4C74 /* Build configuration list for PBXNativeTarget "Switch" */ = {
			isa = XCConfigurationList;
			buildConfigurations = (
				BCA7350F16DAC54000CD4C74 /* Debug */,
				BCA7351016DAC54000CD4C74 /* Release */,
			);
			defaultConfigurationIsVisible = 0;
			defaultConfigurationName = Release;
		};
		BCA7351116DAC54000CD4C74 /* Build configuration list for PBXNativeTarget "SwitchTests" */ = {
			isa = XCConfigurationList;
			buildConfigurations = (
				BCA7351216DAC54000CD4C74 /* Debug */,
				BCA7351316DAC54000CD4C74 /* Release */,
			);
			defaultConfigurationIsVisible = 0;
			defaultConfigurationName = Release;
		};
/* End XCConfigurationList section */
	};
	rootObject = BCA734D516DAC53F00CD4C74 /* Project object */;
}
