// !$*UTF8*$!
{
	archiveVersion = 1;
	classes = {
	};
	objectVersion = 46;
	objects = {

/* Begin PBXBuildFile section */
		BC19D3DA181436FB009CEC1F /* SWPreferencesService.m in Sources */ = {isa = PBXBuildFile; fileRef = BC19D3D9181436FB009CEC1F /* SWPreferencesService.m */; };
		BC19D3DD18143AB1009CEC1F /* SWAccessibilityService.m in Sources */ = {isa = PBXBuildFile; fileRef = BC19D3DC18143AB1009CEC1F /* SWAccessibilityService.m */; };
		BC275C1218CFD3C900761247 /* Foundation.framework in Frameworks */ = {isa = PBXBuildFile; fileRef = BC275C1118CFD3C900761247 /* Foundation.framework */; };
		BC275C1518CFD3CA00761247 /* main.m in Sources */ = {isa = PBXBuildFile; fileRef = BC275C1418CFD3CA00761247 /* main.m */; };
		BC275C2918CFD55000761247 /* AppKit.framework in Frameworks */ = {isa = PBXBuildFile; fileRef = BCA734E316DAC53F00CD4C74 /* AppKit.framework */; };
		BC275C2C18CFD5AA00761247 /* SWTerminationListener.m in Sources */ = {isa = PBXBuildFile; fileRef = BC275C2B18CFD5AA00761247 /* SWTerminationListener.m */; };
		BC275C3218CFD84000761247 /* relaunch in Resources */ = {isa = PBXBuildFile; fileRef = BC275C1018CFD3C900761247 /* relaunch */; };
		BC3C78C4188262EB0021C244 /* SWMacVimTests.m in Sources */ = {isa = PBXBuildFile; fileRef = BC3C78C3188262EB0021C244 /* SWMacVimTests.m */; };
		BC5A9798180E5A6F002ECD56 /* SWStatusBarMenuService.m in Sources */ = {isa = PBXBuildFile; fileRef = BC5A9797180E5A6F002ECD56 /* SWStatusBarMenuService.m */; };
		BC5A979B180E6949002ECD56 /* SWLoggingService.m in Sources */ = {isa = PBXBuildFile; fileRef = BC5A979A180E6949002ECD56 /* SWLoggingService.m */; };
		BC63AB8F1755907D00016B9E /* SWHUDCollectionView.m in Sources */ = {isa = PBXBuildFile; fileRef = BC63AB8E1755907D00016B9E /* SWHUDCollectionView.m */; };
		BC63AB921756FBE400016B9E /* Carbon.framework in Frameworks */ = {isa = PBXBuildFile; fileRef = BC63AB911756FBE300016B9E /* Carbon.framework */; };
		BC63AB9A175701D900016B9E /* Haxcessibility.framework in Frameworks */ = {isa = PBXBuildFile; fileRef = BC63AB99175701C200016B9E /* Haxcessibility.framework */; };
		BC63ABA517598C4100016B9E /* debugger.c in Sources */ = {isa = PBXBuildFile; fileRef = BC63ABA217598C4100016B9E /* debugger.c */; };
		BC660D5B1796573200CE8333 /* Sparkle.dsa_pub.pem in Resources */ = {isa = PBXBuildFile; fileRef = BC660D5A1796573200CE8333 /* Sparkle.dsa_pub.pem */; };
		BC662BA7186A42E4003CF66C /* SWWindowListService.m in Sources */ = {isa = PBXBuildFile; fileRef = BC662BA6186A42E4003CF66C /* SWWindowListService.m */; };
		BC662BB2186A7662003CF66C /* SWWindowGroup.m in Sources */ = {isa = PBXBuildFile; fileRef = BC662BB1186A7662003CF66C /* SWWindowGroup.m */; };
		BC6B6D00178B711E001D691D /* NNMainThreadGuard.m in Sources */ = {isa = PBXBuildFile; fileRef = BC6B6CFF178B711E001D691D /* NNMainThreadGuard.m */; settings = {COMPILER_FLAGS = "-fno-objc-arc"; }; };
		BC6B6D13178DDBDA001D691D /* SWCoreWindowController.m in Sources */ = {isa = PBXBuildFile; fileRef = BC6B6D12178DDBDA001D691D /* SWCoreWindowController.m */; };
		BC6B6D1C178DE8E5001D691D /* SWAPIEnabledWorker.m in Sources */ = {isa = PBXBuildFile; fileRef = BC6B6D1B178DE8E5001D691D /* SWAPIEnabledWorker.m */; };
		BC79689E18A8555B00BB1CC5 /* Sparkle.framework in Frameworks */ = {isa = PBXBuildFile; fileRef = BC79689318A852E700BB1CC5 /* Sparkle.framework */; };
		BC82B3F1183C48EE00FDD3B9 /* SWCoreWindowService.m in Sources */ = {isa = PBXBuildFile; fileRef = BC82B3F0183C48EE00FDD3B9 /* SWCoreWindowService.m */; };
		BC8D8DA1177BA53100B7A135 /* SWHUDCollectionViewTests.m in Sources */ = {isa = PBXBuildFile; fileRef = BC8D8DA0177BA53100B7A135 /* SWHUDCollectionViewTests.m */; };
		BC8E07AC188C890400C208D4 /* SWChromeTests.m in Sources */ = {isa = PBXBuildFile; fileRef = BC8E07AB188C890400C208D4 /* SWChromeTests.m */; };
		BC948E2E180CFAA6008ED28A /* weave.png in Resources */ = {isa = PBXBuildFile; fileRef = BC948E2D180CFAA6008ED28A /* weave.png */; };
		BCA5E99818766FE1004D70EE /* SWWindowContentsService.m in Sources */ = {isa = PBXBuildFile; fileRef = BCA5E99718766FE1004D70EE /* SWWindowContentsService.m */; };
		BCA5E9A6187A21A9004D70EE /* SWSelector.m in Sources */ = {isa = PBXBuildFile; fileRef = BCA5E9A5187A21A9004D70EE /* SWSelector.m */; };
		BCA5E9A8187A307F004D70EE /* SWSelectorTests.m in Sources */ = {isa = PBXBuildFile; fileRef = BCA5E9A7187A307F004D70EE /* SWSelectorTests.m */; };
		BCA5E9AA187A3CCA004D70EE /* SWWindowListServiceTests.m in Sources */ = {isa = PBXBuildFile; fileRef = BCA5E9A9187A3CCA004D70EE /* SWWindowListServiceTests.m */; };
		BCA5E9AD187A4020004D70EE /* SWDashTests.m in Sources */ = {isa = PBXBuildFile; fileRef = BCA5E9AC187A4020004D70EE /* SWDashTests.m */; };
		BCA5E9B8187BB06F004D70EE /* SWApplication+SWTestingOverloads.m in Sources */ = {isa = PBXBuildFile; fileRef = BCA5E9B7187BB06F004D70EE /* SWApplication+SWTestingOverloads.m */; };
		BCA734E116DAC53F00CD4C74 /* Cocoa.framework in Frameworks */ = {isa = PBXBuildFile; fileRef = BCA734E016DAC53F00CD4C74 /* Cocoa.framework */; };
		BCA734EB16DAC53F00CD4C74 /* InfoPlist.strings in Resources */ = {isa = PBXBuildFile; fileRef = BCA734E916DAC53F00CD4C74 /* InfoPlist.strings */; };
		BCA734ED16DAC53F00CD4C74 /* main.m in Sources */ = {isa = PBXBuildFile; fileRef = BCA734EC16DAC53F00CD4C74 /* main.m */; };
		BCA734F116DAC53F00CD4C74 /* Credits.rtf in Resources */ = {isa = PBXBuildFile; fileRef = BCA734EF16DAC53F00CD4C74 /* Credits.rtf */; };
		BCA734F416DAC53F00CD4C74 /* SWAppDelegate.m in Sources */ = {isa = PBXBuildFile; fileRef = BCA734F316DAC53F00CD4C74 /* SWAppDelegate.m */; };
		BCA734F716DAC53F00CD4C74 /* MainMenu.xib in Resources */ = {isa = PBXBuildFile; fileRef = BCA734F516DAC53F00CD4C74 /* MainMenu.xib */; };
		BCA7350016DAC54000CD4C74 /* Cocoa.framework in Frameworks */ = {isa = PBXBuildFile; fileRef = BCA734E016DAC53F00CD4C74 /* Cocoa.framework */; };
		BCA7350816DAC54000CD4C74 /* InfoPlist.strings in Resources */ = {isa = PBXBuildFile; fileRef = BCA7350616DAC54000CD4C74 /* InfoPlist.strings */; };
		BCA7351B16DAC5E200CD4C74 /* SWWindowListWorker.m in Sources */ = {isa = PBXBuildFile; fileRef = BCA7351A16DAC5E200CD4C74 /* SWWindowListWorker.m */; };
		BCA7351E16DAC61F00CD4C74 /* SWWindow.m in Sources */ = {isa = PBXBuildFile; fileRef = BCA7351D16DAC61F00CD4C74 /* SWWindow.m */; };
		BCA7352216DAC6A900CD4C74 /* SWWindowWorker.m in Sources */ = {isa = PBXBuildFile; fileRef = BCA7352116DAC6A900CD4C74 /* SWWindowWorker.m */; };
		BCA7352516DAC93C00CD4C74 /* SWApplication.m in Sources */ = {isa = PBXBuildFile; fileRef = BCA7352416DAC93C00CD4C74 /* SWApplication.m */; };
		BCA7352F16DB239900CD4C74 /* SWWindowThumbnailView.m in Sources */ = {isa = PBXBuildFile; fileRef = BCA7352E16DB239900CD4C74 /* SWWindowThumbnailView.m */; };
		BCA7353816E148EF00CD4C74 /* SWRoundedRectView.m in Sources */ = {isa = PBXBuildFile; fileRef = BCA7353716E148EF00CD4C74 /* SWRoundedRectView.m */; };
		BCA7353A16E14EF000CD4C74 /* QuartzCore.framework in Frameworks */ = {isa = PBXBuildFile; fileRef = BCA7353916E14EF000CD4C74 /* QuartzCore.framework */; };
		BCA7354316E1621400CD4C74 /* constants.m in Sources */ = {isa = PBXBuildFile; fileRef = BCA7354216E1621400CD4C74 /* constants.m */; };
		BCA7354916E1F14D00CD4C74 /* SWSelectionBoxView.m in Sources */ = {isa = PBXBuildFile; fileRef = BCA7354816E1F14D00CD4C74 /* SWSelectionBoxView.m */; };
		BCA7354D16E2ED5000CD4C74 /* SWHUDView.m in Sources */ = {isa = PBXBuildFile; fileRef = BCA7354C16E2ED5000CD4C74 /* SWHUDView.m */; };
		BCA8AD5B18AC5E3F0059F253 /* SWWordTests.m in Sources */ = {isa = PBXBuildFile; fileRef = BCA8AD5A18AC5E3F0059F253 /* SWWordTests.m */; };
		BCA8AD6A18AD61A00059F253 /* SWEventTap.m in Sources */ = {isa = PBXBuildFile; fileRef = BCA8AD6918AD61A00059F253 /* SWEventTap.m */; };
		BCBC848F1882138B00E5B52E /* SWWindow+TweetbotQuirks.m in Sources */ = {isa = PBXBuildFile; fileRef = BCBC848E1882138B00E5B52E /* SWWindow+TweetbotQuirks.m */; };
		BCBF525017B079FA00716200 /* SWHotKey.m in Sources */ = {isa = PBXBuildFile; fileRef = BCBF524D17B079FA00716200 /* SWHotKey.m */; };
		BCCA7A5F18076AF500CE36E5 /* NNKit.framework in Frameworks */ = {isa = PBXBuildFile; fileRef = BCCA7A5618076ADB00CE36E5 /* NNKit.framework */; };
		BCCA7A631807894A00CE36E5 /* SWPreferencesWindowController.m in Sources */ = {isa = PBXBuildFile; fileRef = BCCA7A611807894A00CE36E5 /* SWPreferencesWindowController.m */; };
		BCCA7A641807894A00CE36E5 /* SWPreferencesWindowController.xib in Resources */ = {isa = PBXBuildFile; fileRef = BCCA7A621807894A00CE36E5 /* SWPreferencesWindowController.xib */; };
		BCCA7AB21807CD2B00CE36E5 /* NNKit.framework in CopyFiles */ = {isa = PBXBuildFile; fileRef = BCCA7A5618076ADB00CE36E5 /* NNKit.framework */; };
		BCCA7AD0180896D100CE36E5 /* helpers.m in Sources */ = {isa = PBXBuildFile; fileRef = BCCA7ACF180896D100CE36E5 /* helpers.m */; };
		BCCE8CEB18091A4F006B0059 /* NSWindow+NNScreenCapture.m in Sources */ = {isa = PBXBuildFile; fileRef = BCCE8CEA18091A4F006B0059 /* NSWindow+NNScreenCapture.m */; };
		BCCE8CEE18091AFC006B0059 /* NSImage+NNFilesystem.m in Sources */ = {isa = PBXBuildFile; fileRef = BCCE8CED18091AFC006B0059 /* NSImage+NNFilesystem.m */; };
		BCCE8CF018091F75006B0059 /* SWTweetbotTests.m in Sources */ = {isa = PBXBuildFile; fileRef = BCCE8CEF18091F75006B0059 /* SWTweetbotTests.m */; };
		BCCE8CF31809266A006B0059 /* SWSafariTests.m in Sources */ = {isa = PBXBuildFile; fileRef = BCCE8CF21809266A006B0059 /* SWSafariTests.m */; };
		BCCE8CF51809297B006B0059 /* SWSheetTests.m in Sources */ = {isa = PBXBuildFile; fileRef = BCCE8CF41809297B006B0059 /* SWSheetTests.m */; };
		BCCE8CF718092CDF006B0059 /* SWPowerboxTests.m in Sources */ = {isa = PBXBuildFile; fileRef = BCCE8CF618092CDF006B0059 /* SWPowerboxTests.m */; };
		BCCE8CF918093037006B0059 /* SWGithubTests.m in Sources */ = {isa = PBXBuildFile; fileRef = BCCE8CF818093037006B0059 /* SWGithubTests.m */; };
		BCD48A7B18AB3450002F3ACE /* Sparkle.framework in CopyFiles */ = {isa = PBXBuildFile; fileRef = BC79689318A852E700BB1CC5 /* Sparkle.framework */; };
		BCDDB2BD178EF16A00C22E47 /* ReactiveCocoa.framework in CopyFiles */ = {isa = PBXBuildFile; fileRef = BCF357E0176CEE9F00458AFF /* ReactiveCocoa.framework */; };
		BCDDB2BE178EF16E00C22E47 /* Haxcessibility.framework in CopyFiles */ = {isa = PBXBuildFile; fileRef = BC63AB99175701C200016B9E /* Haxcessibility.framework */; };
		BCF357E9176CEEF200458AFF /* ReactiveCocoa.framework in Frameworks */ = {isa = PBXBuildFile; fileRef = BCF357E0176CEE9F00458AFF /* ReactiveCocoa.framework */; };
		E1027A08F95543B4A9543EC0 /* libPods.a in Frameworks */ = {isa = PBXBuildFile; fileRef = 749F470D9C1D4385A8FAB252 /* libPods.a */; };
/* End PBXBuildFile section */

/* Begin PBXContainerItemProxy section */
		BC275C2D18CFD78C00761247 /* PBXContainerItemProxy */ = {
			isa = PBXContainerItemProxy;
			containerPortal = BCA734D516DAC53F00CD4C74 /* Project object */;
			proxyType = 1;
			remoteGlobalIDString = BC275C0F18CFD3C900761247;
			remoteInfo = relaunch;
		};
		BC63AB98175701C200016B9E /* PBXContainerItemProxy */ = {
			isa = PBXContainerItemProxy;
			containerPortal = BC63AB94175701C200016B9E /* Haxcessibility.xcodeproj */;
			proxyType = 2;
			remoteGlobalIDString = 8DC2EF5B0486A6940098B216;
			remoteInfo = Haxcessibility;
		};
		BC63AB9B175701DD00016B9E /* PBXContainerItemProxy */ = {
			isa = PBXContainerItemProxy;
			containerPortal = BC63AB94175701C200016B9E /* Haxcessibility.xcodeproj */;
			proxyType = 1;
			remoteGlobalIDString = 8DC2EF4F0486A6940098B216;
			remoteInfo = Haxcessibility;
		};
		BC79689218A852E700BB1CC5 /* PBXContainerItemProxy */ = {
			isa = PBXContainerItemProxy;
			containerPortal = BC79688A18A852E700BB1CC5 /* Sparkle.xcodeproj */;
			proxyType = 2;
			remoteGlobalIDString = 8DC2EF5B0486A6940098B216;
			remoteInfo = Sparkle;
		};
		BC79689418A852E700BB1CC5 /* PBXContainerItemProxy */ = {
			isa = PBXContainerItemProxy;
			containerPortal = BC79688A18A852E700BB1CC5 /* Sparkle.xcodeproj */;
			proxyType = 2;
			remoteGlobalIDString = 61B5F90209C4CEE200B25A18;
			remoteInfo = "Sparkle Test App";
		};
		BC79689618A852E700BB1CC5 /* PBXContainerItemProxy */ = {
			isa = PBXContainerItemProxy;
			containerPortal = BC79688A18A852E700BB1CC5 /* Sparkle.xcodeproj */;
			proxyType = 2;
			remoteGlobalIDString = 612279D90DB5470200AB99EA;
			remoteInfo = "Sparkle Unit Tests";
		};
		BC79689818A852E700BB1CC5 /* PBXContainerItemProxy */ = {
			isa = PBXContainerItemProxy;
			containerPortal = BC79688A18A852E700BB1CC5 /* Sparkle.xcodeproj */;
			proxyType = 2;
			remoteGlobalIDString = 5D06E8D00FD68C7C005AE3F6;
			remoteInfo = BinaryDelta;
		};
		BC79689A18A852E700BB1CC5 /* PBXContainerItemProxy */ = {
			isa = PBXContainerItemProxy;
			containerPortal = BC79688A18A852E700BB1CC5 /* Sparkle.xcodeproj */;
			proxyType = 2;
			remoteGlobalIDString = 55C14BB7136EEF1500649790;
			remoteInfo = finish_installation;
		};
		BC79689C18A8555500BB1CC5 /* PBXContainerItemProxy */ = {
			isa = PBXContainerItemProxy;
			containerPortal = BC79688A18A852E700BB1CC5 /* Sparkle.xcodeproj */;
			proxyType = 1;
			remoteGlobalIDString = 8DC2EF4F0486A6940098B216;
			remoteInfo = Sparkle;
		};
		BC85E74718DA68BA001DF986 /* PBXContainerItemProxy */ = {
			isa = PBXContainerItemProxy;
			containerPortal = BCF357D6176CEE9E00458AFF /* ReactiveCocoa.xcodeproj */;
			proxyType = 2;
			remoteGlobalIDString = D05AD39417F2D56F0080895B;
			remoteInfo = "ReactiveCocoa-Mac";
		};
		BCA7350116DAC54000CD4C74 /* PBXContainerItemProxy */ = {
			isa = PBXContainerItemProxy;
			containerPortal = BCA734D516DAC53F00CD4C74 /* Project object */;
			proxyType = 1;
			remoteGlobalIDString = BCA734DC16DAC53F00CD4C74;
			remoteInfo = Switch;
		};
		BCCA7A5518076ADB00CE36E5 /* PBXContainerItemProxy */ = {
			isa = PBXContainerItemProxy;
			containerPortal = BCCA7A4E18076ADB00CE36E5 /* NNKit.xcodeproj */;
			proxyType = 2;
			remoteGlobalIDString = BCD1D52917D9471A00A3EBD4;
			remoteInfo = "NNKit Mac";
		};
		BCCA7A5718076ADB00CE36E5 /* PBXContainerItemProxy */ = {
			isa = PBXContainerItemProxy;
			containerPortal = BCCA7A4E18076ADB00CE36E5 /* NNKit.xcodeproj */;
			proxyType = 2;
			remoteGlobalIDString = BCD1D54017D9471A00A3EBD4;
			remoteInfo = "NNKit Mac Tests";
		};
		BCCA7A5918076ADB00CE36E5 /* PBXContainerItemProxy */ = {
			isa = PBXContainerItemProxy;
			containerPortal = BCCA7A4E18076ADB00CE36E5 /* NNKit.xcodeproj */;
			proxyType = 2;
			remoteGlobalIDString = BCCA79F318075C6F00CE36E5;
			remoteInfo = "NNKit iOS";
		};
		BCCA7A5B18076ADB00CE36E5 /* PBXContainerItemProxy */ = {
			isa = PBXContainerItemProxy;
			containerPortal = BCCA7A4E18076ADB00CE36E5 /* NNKit.xcodeproj */;
			proxyType = 2;
			remoteGlobalIDString = BCCA7A1D1807608600CE36E5;
			remoteInfo = "NNKit iOS Tests";
		};
		BCCA7A5D18076AED00CE36E5 /* PBXContainerItemProxy */ = {
			isa = PBXContainerItemProxy;
			containerPortal = BCCA7A4E18076ADB00CE36E5 /* NNKit.xcodeproj */;
			proxyType = 1;
			remoteGlobalIDString = BCD1D52817D9471A00A3EBD4;
			remoteInfo = "NNKit Mac";
		};
		BCCA7ADA180896D100CE36E5 /* PBXContainerItemProxy */ = {
			isa = PBXContainerItemProxy;
			containerPortal = BCF357D6176CEE9E00458AFF /* ReactiveCocoa.xcodeproj */;
			proxyType = 2;
			remoteGlobalIDString = 1860F412177C91B500C7B3C9;
			remoteInfo = "ReactiveCocoa-iOS-UIKitTestHost";
		};
		BCCA7ADC180896D100CE36E5 /* PBXContainerItemProxy */ = {
			isa = PBXContainerItemProxy;
			containerPortal = BCF357D6176CEE9E00458AFF /* ReactiveCocoa.xcodeproj */;
			proxyType = 2;
			remoteGlobalIDString = 1860F430177C91B500C7B3C9;
			remoteInfo = "ReactiveCocoa-iOS-UIKitTestHostTests";
		};
		BCF357DF176CEE9F00458AFF /* PBXContainerItemProxy */ = {
			isa = PBXContainerItemProxy;
			containerPortal = BCF357D6176CEE9E00458AFF /* ReactiveCocoa.xcodeproj */;
			proxyType = 2;
			remoteGlobalIDString = 88037F8315056328001A5B19;
			remoteInfo = ReactiveCocoa;
		};
		BCF357E1176CEE9F00458AFF /* PBXContainerItemProxy */ = {
			isa = PBXContainerItemProxy;
			containerPortal = BCF357D6176CEE9E00458AFF /* ReactiveCocoa.xcodeproj */;
			proxyType = 2;
			remoteGlobalIDString = 88F440AB153DAC820097B4C3;
			remoteInfo = "ReactiveCocoa-iOS";
		};
		BCF357E3176CEE9F00458AFF /* PBXContainerItemProxy */ = {
			isa = PBXContainerItemProxy;
			containerPortal = BCF357D6176CEE9E00458AFF /* ReactiveCocoa.xcodeproj */;
			proxyType = 2;
			remoteGlobalIDString = 88CDF7DC15000FCF00163A9F;
			remoteInfo = ReactiveCocoaTests;
		};
		BCF357E5176CEE9F00458AFF /* PBXContainerItemProxy */ = {
			isa = PBXContainerItemProxy;
			containerPortal = BCF357D6176CEE9E00458AFF /* ReactiveCocoa.xcodeproj */;
			proxyType = 2;
			remoteGlobalIDString = 5FAF5223174D4C2000CAC810;
			remoteInfo = "ReactiveCocoaTests-iOS";
		};
		BCF357E7176CEEEB00458AFF /* PBXContainerItemProxy */ = {
			isa = PBXContainerItemProxy;
			containerPortal = BCF357D6176CEE9E00458AFF /* ReactiveCocoa.xcodeproj */;
			proxyType = 1;
			remoteGlobalIDString = 88037F8215056328001A5B19;
			remoteInfo = ReactiveCocoa;
		};
/* End PBXContainerItemProxy section */

/* Begin PBXCopyFilesBuildPhase section */
		BC275C0E18CFD3C900761247 /* CopyFiles */ = {
			isa = PBXCopyFilesBuildPhase;
			buildActionMask = 2147483647;
			dstPath = /usr/share/man/man1/;
			dstSubfolderSpec = 0;
			files = (
			);
			runOnlyForDeploymentPostprocessing = 1;
		};
		BCDDB2BC178EF15B00C22E47 /* CopyFiles */ = {
			isa = PBXCopyFilesBuildPhase;
			buildActionMask = 2147483647;
			dstPath = "";
			dstSubfolderSpec = 10;
			files = (
				BCD48A7B18AB3450002F3ACE /* Sparkle.framework in CopyFiles */,
				BCCA7AB21807CD2B00CE36E5 /* NNKit.framework in CopyFiles */,
				BCDDB2BE178EF16E00C22E47 /* Haxcessibility.framework in CopyFiles */,
				BCDDB2BD178EF16A00C22E47 /* ReactiveCocoa.framework in CopyFiles */,
			);
			runOnlyForDeploymentPostprocessing = 0;
		};
/* End PBXCopyFilesBuildPhase section */

/* Begin PBXFileReference section */
		736BA32497A04F4BB3DDE2B4 /* Pods.xcconfig */ = {isa = PBXFileReference; includeInIndex = 1; lastKnownFileType = text.xcconfig; name = Pods.xcconfig; path = Pods/Pods.xcconfig; sourceTree = "<group>"; };
		749F470D9C1D4385A8FAB252 /* libPods.a */ = {isa = PBXFileReference; explicitFileType = archive.ar; includeInIndex = 0; path = libPods.a; sourceTree = BUILT_PRODUCTS_DIR; };
		BC19D3D8181436FB009CEC1F /* SWPreferencesService.h */ = {isa = PBXFileReference; fileEncoding = 4; lastKnownFileType = sourcecode.c.h; path = SWPreferencesService.h; sourceTree = "<group>"; };
		BC19D3D9181436FB009CEC1F /* SWPreferencesService.m */ = {isa = PBXFileReference; fileEncoding = 4; lastKnownFileType = sourcecode.c.objc; path = SWPreferencesService.m; sourceTree = "<group>"; };
		BC19D3DB18143AB1009CEC1F /* SWAccessibilityService.h */ = {isa = PBXFileReference; fileEncoding = 4; lastKnownFileType = sourcecode.c.h; path = SWAccessibilityService.h; sourceTree = "<group>"; };
		BC19D3DC18143AB1009CEC1F /* SWAccessibilityService.m */ = {isa = PBXFileReference; fileEncoding = 4; lastKnownFileType = sourcecode.c.objc; path = SWAccessibilityService.m; sourceTree = "<group>"; };
		BC275C1018CFD3C900761247 /* relaunch */ = {isa = PBXFileReference; explicitFileType = "compiled.mach-o.executable"; includeInIndex = 0; path = relaunch; sourceTree = BUILT_PRODUCTS_DIR; };
		BC275C1118CFD3C900761247 /* Foundation.framework */ = {isa = PBXFileReference; lastKnownFileType = wrapper.framework; name = Foundation.framework; path = System/Library/Frameworks/Foundation.framework; sourceTree = SDKROOT; };
		BC275C1418CFD3CA00761247 /* main.m */ = {isa = PBXFileReference; lastKnownFileType = sourcecode.c.objc; path = main.m; sourceTree = "<group>"; };
		BC275C1718CFD3CA00761247 /* relaunch-Prefix.pch */ = {isa = PBXFileReference; lastKnownFileType = sourcecode.c.h; path = "relaunch-Prefix.pch"; sourceTree = "<group>"; };
		BC275C2A18CFD5AA00761247 /* SWTerminationListener.h */ = {isa = PBXFileReference; fileEncoding = 4; lastKnownFileType = sourcecode.c.h; path = SWTerminationListener.h; sourceTree = "<group>"; };
		BC275C2B18CFD5AA00761247 /* SWTerminationListener.m */ = {isa = PBXFileReference; fileEncoding = 4; lastKnownFileType = sourcecode.c.objc; path = SWTerminationListener.m; sourceTree = "<group>"; };
		BC3C78C3188262EB0021C244 /* SWMacVimTests.m */ = {isa = PBXFileReference; fileEncoding = 4; lastKnownFileType = sourcecode.c.objc; path = SWMacVimTests.m; sourceTree = "<group>"; };
		BC5A9796180E5A6F002ECD56 /* SWStatusBarMenuService.h */ = {isa = PBXFileReference; fileEncoding = 4; lastKnownFileType = sourcecode.c.h; path = SWStatusBarMenuService.h; sourceTree = "<group>"; };
		BC5A9797180E5A6F002ECD56 /* SWStatusBarMenuService.m */ = {isa = PBXFileReference; fileEncoding = 4; lastKnownFileType = sourcecode.c.objc; path = SWStatusBarMenuService.m; sourceTree = "<group>"; };
		BC5A9799180E6949002ECD56 /* SWLoggingService.h */ = {isa = PBXFileReference; fileEncoding = 4; lastKnownFileType = sourcecode.c.h; path = SWLoggingService.h; sourceTree = "<group>"; };
		BC5A979A180E6949002ECD56 /* SWLoggingService.m */ = {isa = PBXFileReference; fileEncoding = 4; lastKnownFileType = sourcecode.c.objc; path = SWLoggingService.m; sourceTree = "<group>"; };
		BC63AB8D1755907D00016B9E /* SWHUDCollectionView.h */ = {isa = PBXFileReference; fileEncoding = 4; lastKnownFileType = sourcecode.c.h; path = SWHUDCollectionView.h; sourceTree = "<group>"; };
		BC63AB8E1755907D00016B9E /* SWHUDCollectionView.m */ = {isa = PBXFileReference; fileEncoding = 4; lastKnownFileType = sourcecode.c.objc; path = SWHUDCollectionView.m; sourceTree = "<group>"; };
		BC63AB911756FBE300016B9E /* Carbon.framework */ = {isa = PBXFileReference; lastKnownFileType = wrapper.framework; name = Carbon.framework; path = System/Library/Frameworks/Carbon.framework; sourceTree = SDKROOT; };
		BC63AB94175701C200016B9E /* Haxcessibility.xcodeproj */ = {isa = PBXFileReference; lastKnownFileType = "wrapper.pb-project"; name = Haxcessibility.xcodeproj; path = Frameworks/Haxcessibility/Haxcessibility.xcodeproj; sourceTree = "<group>"; };
		BC63ABA217598C4100016B9E /* debugger.c */ = {isa = PBXFileReference; fileEncoding = 4; lastKnownFileType = sourcecode.c.c; path = debugger.c; sourceTree = "<group>"; };
		BC63ABA317598C4100016B9E /* debugger.h */ = {isa = PBXFileReference; fileEncoding = 4; lastKnownFileType = sourcecode.c.h; path = debugger.h; sourceTree = "<group>"; };
		BC660D5A1796573200CE8333 /* Sparkle.dsa_pub.pem */ = {isa = PBXFileReference; fileEncoding = 4; lastKnownFileType = text; path = Sparkle.dsa_pub.pem; sourceTree = "<group>"; };
		BC662BA5186A42E4003CF66C /* SWWindowListService.h */ = {isa = PBXFileReference; fileEncoding = 4; lastKnownFileType = sourcecode.c.h; path = SWWindowListService.h; sourceTree = "<group>"; };
		BC662BA6186A42E4003CF66C /* SWWindowListService.m */ = {isa = PBXFileReference; fileEncoding = 4; lastKnownFileType = sourcecode.c.objc; path = SWWindowListService.m; sourceTree = "<group>"; };
		BC662BB0186A7662003CF66C /* SWWindowGroup.h */ = {isa = PBXFileReference; fileEncoding = 4; lastKnownFileType = sourcecode.c.h; path = SWWindowGroup.h; sourceTree = "<group>"; };
		BC662BB1186A7662003CF66C /* SWWindowGroup.m */ = {isa = PBXFileReference; fileEncoding = 4; lastKnownFileType = sourcecode.c.objc; path = SWWindowGroup.m; sourceTree = "<group>"; };
		BC6B6CFF178B711E001D691D /* NNMainThreadGuard.m */ = {isa = PBXFileReference; fileEncoding = 4; lastKnownFileType = sourcecode.c.objc; path = NNMainThreadGuard.m; sourceTree = "<group>"; };
		BC6B6D11178DDBDA001D691D /* SWCoreWindowController.h */ = {isa = PBXFileReference; fileEncoding = 4; lastKnownFileType = sourcecode.c.h; path = SWCoreWindowController.h; sourceTree = "<group>"; };
		BC6B6D12178DDBDA001D691D /* SWCoreWindowController.m */ = {isa = PBXFileReference; fileEncoding = 4; lastKnownFileType = sourcecode.c.objc; path = SWCoreWindowController.m; sourceTree = "<group>"; };
		BC6B6D1A178DE8E5001D691D /* SWAPIEnabledWorker.h */ = {isa = PBXFileReference; fileEncoding = 4; lastKnownFileType = sourcecode.c.h; path = SWAPIEnabledWorker.h; sourceTree = "<group>"; };
		BC6B6D1B178DE8E5001D691D /* SWAPIEnabledWorker.m */ = {isa = PBXFileReference; fileEncoding = 4; lastKnownFileType = sourcecode.c.objc; path = SWAPIEnabledWorker.m; sourceTree = "<group>"; };
		BC79688A18A852E700BB1CC5 /* Sparkle.xcodeproj */ = {isa = PBXFileReference; lastKnownFileType = "wrapper.pb-project"; name = Sparkle.xcodeproj; path = Frameworks/Sparkle/Sparkle.xcodeproj; sourceTree = "<group>"; };
		BC82B3EF183C48EE00FDD3B9 /* SWCoreWindowService.h */ = {isa = PBXFileReference; fileEncoding = 4; lastKnownFileType = sourcecode.c.h; path = SWCoreWindowService.h; sourceTree = "<group>"; };
		BC82B3F0183C48EE00FDD3B9 /* SWCoreWindowService.m */ = {isa = PBXFileReference; fileEncoding = 4; lastKnownFileType = sourcecode.c.objc; path = SWCoreWindowService.m; sourceTree = "<group>"; };
		BC8D8DA0177BA53100B7A135 /* SWHUDCollectionViewTests.m */ = {isa = PBXFileReference; fileEncoding = 4; lastKnownFileType = sourcecode.c.objc; path = SWHUDCollectionViewTests.m; sourceTree = "<group>"; };
		BC8E07AB188C890400C208D4 /* SWChromeTests.m */ = {isa = PBXFileReference; fileEncoding = 4; lastKnownFileType = sourcecode.c.objc; path = SWChromeTests.m; sourceTree = "<group>"; };
		BC948E2D180CFAA6008ED28A /* weave.png */ = {isa = PBXFileReference; lastKnownFileType = image.png; name = weave.png; path = Resources/weave.png; sourceTree = "<group>"; };
		BCA5E99618766FE1004D70EE /* SWWindowContentsService.h */ = {isa = PBXFileReference; fileEncoding = 4; lastKnownFileType = sourcecode.c.h; path = SWWindowContentsService.h; sourceTree = "<group>"; };
		BCA5E99718766FE1004D70EE /* SWWindowContentsService.m */ = {isa = PBXFileReference; fileEncoding = 4; lastKnownFileType = sourcecode.c.objc; path = SWWindowContentsService.m; sourceTree = "<group>"; };
		BCA5E9A4187A21A9004D70EE /* SWSelector.h */ = {isa = PBXFileReference; fileEncoding = 4; lastKnownFileType = sourcecode.c.h; path = SWSelector.h; sourceTree = "<group>"; };
		BCA5E9A5187A21A9004D70EE /* SWSelector.m */ = {isa = PBXFileReference; fileEncoding = 4; lastKnownFileType = sourcecode.c.objc; path = SWSelector.m; sourceTree = "<group>"; };
		BCA5E9A7187A307F004D70EE /* SWSelectorTests.m */ = {isa = PBXFileReference; fileEncoding = 4; lastKnownFileType = sourcecode.c.objc; path = SWSelectorTests.m; sourceTree = "<group>"; };
		BCA5E9A9187A3CCA004D70EE /* SWWindowListServiceTests.m */ = {isa = PBXFileReference; fileEncoding = 4; lastKnownFileType = sourcecode.c.objc; path = SWWindowListServiceTests.m; sourceTree = "<group>"; };
		BCA5E9AC187A4020004D70EE /* SWDashTests.m */ = {isa = PBXFileReference; fileEncoding = 4; lastKnownFileType = sourcecode.c.objc; path = SWDashTests.m; sourceTree = "<group>"; };
		BCA5E9AE187A4070004D70EE /* SWWindowListServiceTests.h */ = {isa = PBXFileReference; fileEncoding = 4; lastKnownFileType = sourcecode.c.h; path = SWWindowListServiceTests.h; sourceTree = "<group>"; };
		BCA5E9B7187BB06F004D70EE /* SWApplication+SWTestingOverloads.m */ = {isa = PBXFileReference; fileEncoding = 4; lastKnownFileType = sourcecode.c.objc; path = "SWApplication+SWTestingOverloads.m"; sourceTree = "<group>"; };
		BCA734DD16DAC53F00CD4C74 /* Switch.app */ = {isa = PBXFileReference; explicitFileType = wrapper.application; includeInIndex = 0; path = Switch.app; sourceTree = BUILT_PRODUCTS_DIR; };
		BCA734E016DAC53F00CD4C74 /* Cocoa.framework */ = {isa = PBXFileReference; lastKnownFileType = wrapper.framework; name = Cocoa.framework; path = System/Library/Frameworks/Cocoa.framework; sourceTree = SDKROOT; };
		BCA734E316DAC53F00CD4C74 /* AppKit.framework */ = {isa = PBXFileReference; lastKnownFileType = wrapper.framework; name = AppKit.framework; path = System/Library/Frameworks/AppKit.framework; sourceTree = SDKROOT; };
		BCA734E516DAC53F00CD4C74 /* Foundation.framework */ = {isa = PBXFileReference; lastKnownFileType = wrapper.framework; name = Foundation.framework; path = System/Library/Frameworks/Foundation.framework; sourceTree = SDKROOT; };
		BCA734E816DAC53F00CD4C74 /* Switch-Info.plist */ = {isa = PBXFileReference; lastKnownFileType = text.plist.xml; path = "Switch-Info.plist"; sourceTree = "<group>"; };
		BCA734EA16DAC53F00CD4C74 /* en */ = {isa = PBXFileReference; lastKnownFileType = text.plist.strings; name = en; path = en.lproj/InfoPlist.strings; sourceTree = "<group>"; };
		BCA734EC16DAC53F00CD4C74 /* main.m */ = {isa = PBXFileReference; lastKnownFileType = sourcecode.c.objc; path = main.m; sourceTree = "<group>"; };
		BCA734EE16DAC53F00CD4C74 /* Switch-Prefix.pch */ = {isa = PBXFileReference; lastKnownFileType = sourcecode.c.h; path = "Switch-Prefix.pch"; sourceTree = "<group>"; };
		BCA734F016DAC53F00CD4C74 /* en */ = {isa = PBXFileReference; lastKnownFileType = text.rtf; name = en; path = en.lproj/Credits.rtf; sourceTree = "<group>"; };
		BCA734F216DAC53F00CD4C74 /* SWAppDelegate.h */ = {isa = PBXFileReference; lastKnownFileType = sourcecode.c.h; path = SWAppDelegate.h; sourceTree = "<group>"; };
		BCA734F316DAC53F00CD4C74 /* SWAppDelegate.m */ = {isa = PBXFileReference; lastKnownFileType = sourcecode.c.objc; path = SWAppDelegate.m; sourceTree = "<group>"; };
		BCA734F616DAC53F00CD4C74 /* en */ = {isa = PBXFileReference; lastKnownFileType = file.xib; name = en; path = en.lproj/MainMenu.xib; sourceTree = "<group>"; };
		BCA734FD16DAC54000CD4C74 /* SwitchTests.xctest */ = {isa = PBXFileReference; explicitFileType = wrapper.cfbundle; includeInIndex = 0; path = SwitchTests.xctest; sourceTree = BUILT_PRODUCTS_DIR; };
		BCA7350516DAC54000CD4C74 /* SwitchTests-Info.plist */ = {isa = PBXFileReference; lastKnownFileType = text.plist.xml; path = "SwitchTests-Info.plist"; sourceTree = "<group>"; };
		BCA7350716DAC54000CD4C74 /* en */ = {isa = PBXFileReference; lastKnownFileType = text.plist.strings; name = en; path = en.lproj/InfoPlist.strings; sourceTree = "<group>"; };
		BCA7351916DAC5E200CD4C74 /* SWWindowListWorker.h */ = {isa = PBXFileReference; fileEncoding = 4; lastKnownFileType = sourcecode.c.h; path = SWWindowListWorker.h; sourceTree = "<group>"; };
		BCA7351A16DAC5E200CD4C74 /* SWWindowListWorker.m */ = {isa = PBXFileReference; fileEncoding = 4; lastKnownFileType = sourcecode.c.objc; path = SWWindowListWorker.m; sourceTree = "<group>"; };
		BCA7351C16DAC61F00CD4C74 /* SWWindow.h */ = {isa = PBXFileReference; fileEncoding = 4; lastKnownFileType = sourcecode.c.h; path = SWWindow.h; sourceTree = "<group>"; };
		BCA7351D16DAC61F00CD4C74 /* SWWindow.m */ = {isa = PBXFileReference; fileEncoding = 4; lastKnownFileType = sourcecode.c.objc; path = SWWindow.m; sourceTree = "<group>"; };
		BCA7352016DAC6A900CD4C74 /* SWWindowWorker.h */ = {isa = PBXFileReference; fileEncoding = 4; lastKnownFileType = sourcecode.c.h; path = SWWindowWorker.h; sourceTree = "<group>"; };
		BCA7352116DAC6A900CD4C74 /* SWWindowWorker.m */ = {isa = PBXFileReference; fileEncoding = 4; lastKnownFileType = sourcecode.c.objc; path = SWWindowWorker.m; sourceTree = "<group>"; };
		BCA7352316DAC93C00CD4C74 /* SWApplication.h */ = {isa = PBXFileReference; fileEncoding = 4; lastKnownFileType = sourcecode.c.h; path = SWApplication.h; sourceTree = "<group>"; };
		BCA7352416DAC93C00CD4C74 /* SWApplication.m */ = {isa = PBXFileReference; fileEncoding = 4; lastKnownFileType = sourcecode.c.objc; path = SWApplication.m; sourceTree = "<group>"; };
		BCA7352D16DB239900CD4C74 /* SWWindowThumbnailView.h */ = {isa = PBXFileReference; fileEncoding = 4; lastKnownFileType = sourcecode.c.h; path = SWWindowThumbnailView.h; sourceTree = "<group>"; };
		BCA7352E16DB239900CD4C74 /* SWWindowThumbnailView.m */ = {isa = PBXFileReference; fileEncoding = 4; lastKnownFileType = sourcecode.c.objc; path = SWWindowThumbnailView.m; sourceTree = "<group>"; };
		BCA7353616E148EF00CD4C74 /* SWRoundedRectView.h */ = {isa = PBXFileReference; fileEncoding = 4; lastKnownFileType = sourcecode.c.h; path = SWRoundedRectView.h; sourceTree = "<group>"; };
		BCA7353716E148EF00CD4C74 /* SWRoundedRectView.m */ = {isa = PBXFileReference; fileEncoding = 4; lastKnownFileType = sourcecode.c.objc; path = SWRoundedRectView.m; sourceTree = "<group>"; };
		BCA7353916E14EF000CD4C74 /* QuartzCore.framework */ = {isa = PBXFileReference; lastKnownFileType = wrapper.framework; name = QuartzCore.framework; path = System/Library/Frameworks/QuartzCore.framework; sourceTree = SDKROOT; };
		BCA7354116E1621400CD4C74 /* constants.h */ = {isa = PBXFileReference; fileEncoding = 4; lastKnownFileType = sourcecode.c.h; path = constants.h; sourceTree = "<group>"; };
		BCA7354216E1621400CD4C74 /* constants.m */ = {isa = PBXFileReference; fileEncoding = 4; lastKnownFileType = sourcecode.c.objc; path = constants.m; sourceTree = "<group>"; };
		BCA7354716E1F14D00CD4C74 /* SWSelectionBoxView.h */ = {isa = PBXFileReference; fileEncoding = 4; lastKnownFileType = sourcecode.c.h; path = SWSelectionBoxView.h; sourceTree = "<group>"; };
		BCA7354816E1F14D00CD4C74 /* SWSelectionBoxView.m */ = {isa = PBXFileReference; fileEncoding = 4; lastKnownFileType = sourcecode.c.objc; path = SWSelectionBoxView.m; sourceTree = "<group>"; };
		BCA7354A16E2AC3F00CD4C74 /* imageComparators.h */ = {isa = PBXFileReference; lastKnownFileType = sourcecode.c.h; path = imageComparators.h; sourceTree = "<group>"; };
		BCA7354B16E2ED5000CD4C74 /* SWHUDView.h */ = {isa = PBXFileReference; fileEncoding = 4; lastKnownFileType = sourcecode.c.h; path = SWHUDView.h; sourceTree = "<group>"; };
		BCA7354C16E2ED5000CD4C74 /* SWHUDView.m */ = {isa = PBXFileReference; fileEncoding = 4; lastKnownFileType = sourcecode.c.objc; path = SWHUDView.m; sourceTree = "<group>"; };
		BCA8AD5A18AC5E3F0059F253 /* SWWordTests.m */ = {isa = PBXFileReference; fileEncoding = 4; lastKnownFileType = sourcecode.c.objc; path = SWWordTests.m; sourceTree = "<group>"; };
		BCA8AD6818AD61A00059F253 /* SWEventTap.h */ = {isa = PBXFileReference; fileEncoding = 4; lastKnownFileType = sourcecode.c.h; path = SWEventTap.h; sourceTree = "<group>"; };
		BCA8AD6918AD61A00059F253 /* SWEventTap.m */ = {isa = PBXFileReference; fileEncoding = 4; lastKnownFileType = sourcecode.c.objc; path = SWEventTap.m; sourceTree = "<group>"; };
		BCBC848D1882138B00E5B52E /* SWWindow+TweetbotQuirks.h */ = {isa = PBXFileReference; fileEncoding = 4; lastKnownFileType = sourcecode.c.h; path = "SWWindow+TweetbotQuirks.h"; sourceTree = "<group>"; };
		BCBC848E1882138B00E5B52E /* SWWindow+TweetbotQuirks.m */ = {isa = PBXFileReference; fileEncoding = 4; lastKnownFileType = sourcecode.c.objc; path = "SWWindow+TweetbotQuirks.m"; sourceTree = "<group>"; };
		BCBF524C17B079FA00716200 /* SWHotKey.h */ = {isa = PBXFileReference; fileEncoding = 4; lastKnownFileType = sourcecode.c.h; path = SWHotKey.h; sourceTree = "<group>"; };
		BCBF524D17B079FA00716200 /* SWHotKey.m */ = {isa = PBXFileReference; fileEncoding = 4; lastKnownFileType = sourcecode.c.objc; path = SWHotKey.m; sourceTree = "<group>"; };
		BCCA7A4E18076ADB00CE36E5 /* NNKit.xcodeproj */ = {isa = PBXFileReference; lastKnownFileType = "wrapper.pb-project"; name = NNKit.xcodeproj; path = Frameworks/NNKit/NNKit.xcodeproj; sourceTree = "<group>"; };
		BCCA7A601807894A00CE36E5 /* SWPreferencesWindowController.h */ = {isa = PBXFileReference; fileEncoding = 4; lastKnownFileType = sourcecode.c.h; path = SWPreferencesWindowController.h; sourceTree = "<group>"; };
		BCCA7A611807894A00CE36E5 /* SWPreferencesWindowController.m */ = {isa = PBXFileReference; fileEncoding = 4; lastKnownFileType = sourcecode.c.objc; path = SWPreferencesWindowController.m; sourceTree = "<group>"; };
		BCCA7A621807894A00CE36E5 /* SWPreferencesWindowController.xib */ = {isa = PBXFileReference; fileEncoding = 4; lastKnownFileType = file.xib; path = SWPreferencesWindowController.xib; sourceTree = "<group>"; };
		BCCA7ACE180896D100CE36E5 /* helpers.h */ = {isa = PBXFileReference; fileEncoding = 4; lastKnownFileType = sourcecode.c.h; path = helpers.h; sourceTree = "<group>"; };
		BCCA7ACF180896D100CE36E5 /* helpers.m */ = {isa = PBXFileReference; fileEncoding = 4; lastKnownFileType = sourcecode.c.objc; path = helpers.m; sourceTree = "<group>"; };
		BCCA7B161809008900CE36E5 /* NSNotificationCenter+RACSupport.h */ = {isa = PBXFileReference; fileEncoding = 4; lastKnownFileType = sourcecode.c.h; name = "NSNotificationCenter+RACSupport.h"; path = "Frameworks/ReactiveCocoa/RACExtensions/NSNotificationCenter+RACSupport.h"; sourceTree = SOURCE_ROOT; };
		BCCA7B171809008900CE36E5 /* NSNotificationCenter+RACSupport.m */ = {isa = PBXFileReference; fileEncoding = 4; lastKnownFileType = sourcecode.c.objc; name = "NSNotificationCenter+RACSupport.m"; path = "Frameworks/ReactiveCocoa/RACExtensions/NSNotificationCenter+RACSupport.m"; sourceTree = SOURCE_ROOT; };
		BCCE8CE918091A4F006B0059 /* NSWindow+NNScreenCapture.h */ = {isa = PBXFileReference; fileEncoding = 4; lastKnownFileType = sourcecode.c.h; path = "NSWindow+NNScreenCapture.h"; sourceTree = "<group>"; };
		BCCE8CEA18091A4F006B0059 /* NSWindow+NNScreenCapture.m */ = {isa = PBXFileReference; fileEncoding = 4; lastKnownFileType = sourcecode.c.objc; path = "NSWindow+NNScreenCapture.m"; sourceTree = "<group>"; };
		BCCE8CEC18091AFC006B0059 /* NSImage+NNFilesystem.h */ = {isa = PBXFileReference; fileEncoding = 4; lastKnownFileType = sourcecode.c.h; path = "NSImage+NNFilesystem.h"; sourceTree = "<group>"; };
		BCCE8CED18091AFC006B0059 /* NSImage+NNFilesystem.m */ = {isa = PBXFileReference; fileEncoding = 4; lastKnownFileType = sourcecode.c.objc; path = "NSImage+NNFilesystem.m"; sourceTree = "<group>"; };
		BCCE8CEF18091F75006B0059 /* SWTweetbotTests.m */ = {isa = PBXFileReference; fileEncoding = 4; lastKnownFileType = sourcecode.c.objc; path = SWTweetbotTests.m; sourceTree = "<group>"; };
		BCCE8CF118092584006B0059 /* SWWindowFilteringTests.h */ = {isa = PBXFileReference; lastKnownFileType = sourcecode.c.h; path = SWWindowFilteringTests.h; sourceTree = "<group>"; };
		BCCE8CF21809266A006B0059 /* SWSafariTests.m */ = {isa = PBXFileReference; fileEncoding = 4; lastKnownFileType = sourcecode.c.objc; path = SWSafariTests.m; sourceTree = "<group>"; };
		BCCE8CF41809297B006B0059 /* SWSheetTests.m */ = {isa = PBXFileReference; fileEncoding = 4; lastKnownFileType = sourcecode.c.objc; path = SWSheetTests.m; sourceTree = "<group>"; };
		BCCE8CF618092CDF006B0059 /* SWPowerboxTests.m */ = {isa = PBXFileReference; fileEncoding = 4; lastKnownFileType = sourcecode.c.objc; path = SWPowerboxTests.m; sourceTree = "<group>"; };
		BCCE8CF818093037006B0059 /* SWGithubTests.m */ = {isa = PBXFileReference; fileEncoding = 4; lastKnownFileType = sourcecode.c.objc; path = SWGithubTests.m; sourceTree = "<group>"; };
		BCEF6C44189DF3E30080ABAB /* Foundation.framework */ = {isa = PBXFileReference; lastKnownFileType = wrapper.framework; name = Foundation.framework; path = System/Library/Frameworks/Foundation.framework; sourceTree = SDKROOT; };
		BCF357D6176CEE9E00458AFF /* ReactiveCocoa.xcodeproj */ = {isa = PBXFileReference; lastKnownFileType = "wrapper.pb-project"; name = ReactiveCocoa.xcodeproj; path = Frameworks/ReactiveCocoa/ReactiveCocoaFramework/ReactiveCocoa.xcodeproj; sourceTree = "<group>"; };
/* End PBXFileReference section */

/* Begin PBXFrameworksBuildPhase section */
		BC275C0D18CFD3C900761247 /* Frameworks */ = {
			isa = PBXFrameworksBuildPhase;
			buildActionMask = 2147483647;
			files = (
				BC275C2918CFD55000761247 /* AppKit.framework in Frameworks */,
				BC275C1218CFD3C900761247 /* Foundation.framework in Frameworks */,
			);
			runOnlyForDeploymentPostprocessing = 0;
		};
		BCA734DA16DAC53F00CD4C74 /* Frameworks */ = {
			isa = PBXFrameworksBuildPhase;
			buildActionMask = 2147483647;
			files = (
				BC79689E18A8555B00BB1CC5 /* Sparkle.framework in Frameworks */,
				BCCA7A5F18076AF500CE36E5 /* NNKit.framework in Frameworks */,
				BC63AB921756FBE400016B9E /* Carbon.framework in Frameworks */,
				BCA734E116DAC53F00CD4C74 /* Cocoa.framework in Frameworks */,
				BC63AB9A175701D900016B9E /* Haxcessibility.framework in Frameworks */,
				BCA7353A16E14EF000CD4C74 /* QuartzCore.framework in Frameworks */,
				BCF357E9176CEEF200458AFF /* ReactiveCocoa.framework in Frameworks */,
				E1027A08F95543B4A9543EC0 /* libPods.a in Frameworks */,
			);
			runOnlyForDeploymentPostprocessing = 0;
		};
		BCA734F916DAC54000CD4C74 /* Frameworks */ = {
			isa = PBXFrameworksBuildPhase;
			buildActionMask = 2147483647;
			files = (
				BCA7350016DAC54000CD4C74 /* Cocoa.framework in Frameworks */,
			);
			runOnlyForDeploymentPostprocessing = 0;
		};
/* End PBXFrameworksBuildPhase section */

/* Begin PBXGroup section */
		BC275C1318CFD3C900761247 /* relaunch */ = {
			isa = PBXGroup;
			children = (
				BC275C2A18CFD5AA00761247 /* SWTerminationListener.h */,
				BC275C2B18CFD5AA00761247 /* SWTerminationListener.m */,
				BC275C1418CFD3CA00761247 /* main.m */,
				BC275C1618CFD3CA00761247 /* Supporting Files */,
			);
			path = relaunch;
			sourceTree = "<group>";
		};
		BC275C1618CFD3CA00761247 /* Supporting Files */ = {
			isa = PBXGroup;
			children = (
				BC275C1718CFD3CA00761247 /* relaunch-Prefix.pch */,
			);
			name = "Supporting Files";
			sourceTree = "<group>";
		};
		BC5A978D180E5A66002ECD56 /* Services */ = {
			isa = PBXGroup;
			children = (
				BC19D3DB18143AB1009CEC1F /* SWAccessibilityService.h */,
				BC19D3DC18143AB1009CEC1F /* SWAccessibilityService.m */,
				BC82B3EF183C48EE00FDD3B9 /* SWCoreWindowService.h */,
				BC82B3F0183C48EE00FDD3B9 /* SWCoreWindowService.m */,
				BCA8AD6818AD61A00059F253 /* SWEventTap.h */,
				BCA8AD6918AD61A00059F253 /* SWEventTap.m */,
				BC5A9799180E6949002ECD56 /* SWLoggingService.h */,
				BC5A979A180E6949002ECD56 /* SWLoggingService.m */,
				BC19D3D8181436FB009CEC1F /* SWPreferencesService.h */,
				BC19D3D9181436FB009CEC1F /* SWPreferencesService.m */,
				BC5A9796180E5A6F002ECD56 /* SWStatusBarMenuService.h */,
				BC5A9797180E5A6F002ECD56 /* SWStatusBarMenuService.m */,
				BCA5E99618766FE1004D70EE /* SWWindowContentsService.h */,
				BCA5E99718766FE1004D70EE /* SWWindowContentsService.m */,
				BC662BA5186A42E4003CF66C /* SWWindowListService.h */,
				BC662BA6186A42E4003CF66C /* SWWindowListService.m */,
			);
			name = Services;
			sourceTree = "<group>";
		};
		BC63AB901755C6EC00016B9E /* Controller */ = {
			isa = PBXGroup;
			children = (
				BCA734F216DAC53F00CD4C74 /* SWAppDelegate.h */,
				BCA734F316DAC53F00CD4C74 /* SWAppDelegate.m */,
				BC6B6D11178DDBDA001D691D /* SWCoreWindowController.h */,
				BC6B6D12178DDBDA001D691D /* SWCoreWindowController.m */,
				BCCA7A601807894A00CE36E5 /* SWPreferencesWindowController.h */,
				BCCA7A611807894A00CE36E5 /* SWPreferencesWindowController.m */,
				BCCA7A621807894A00CE36E5 /* SWPreferencesWindowController.xib */,
			);
			name = Controller;
			sourceTree = "<group>";
		};
		BC63AB93175701BA00016B9E /* Haxcessibility */ = {
			isa = PBXGroup;
			children = (
				BC63AB94175701C200016B9E /* Haxcessibility.xcodeproj */,
			);
			name = Haxcessibility;
			sourceTree = "<group>";
		};
		BC63AB95175701C200016B9E /* Products */ = {
			isa = PBXGroup;
			children = (
				BC63AB99175701C200016B9E /* Haxcessibility.framework */,
			);
			name = Products;
			sourceTree = "<group>";
		};
		BC63ABA117598C4100016B9E /* debugger */ = {
			isa = PBXGroup;
			children = (
				BC63ABA217598C4100016B9E /* debugger.c */,
				BC63ABA317598C4100016B9E /* debugger.h */,
			);
			name = debugger;
			path = Frameworks/debugger;
			sourceTree = "<group>";
		};
		BC6B6CFB178B7115001D691D /* Debug */ = {
			isa = PBXGroup;
			children = (
				BC6B6CFF178B711E001D691D /* NNMainThreadGuard.m */,
			);
			name = Debug;
			sourceTree = "<group>";
		};
		BC79688918A852E300BB1CC5 /* Sparkle */ = {
			isa = PBXGroup;
			children = (
				BC79688A18A852E700BB1CC5 /* Sparkle.xcodeproj */,
			);
			name = Sparkle;
			sourceTree = "<group>";
		};
		BC79688B18A852E700BB1CC5 /* Products */ = {
			isa = PBXGroup;
			children = (
				BC79689318A852E700BB1CC5 /* Sparkle.framework */,
				BC79689518A852E700BB1CC5 /* Sparkle Test App.app */,
				BC79689718A852E700BB1CC5 /* Sparkle Unit Tests.octest */,
				BC79689918A852E700BB1CC5 /* BinaryDelta */,
				BC79689B18A852E700BB1CC5 /* finish_installation.app */,
			);
			name = Products;
			sourceTree = "<group>";
		};
		BC948E24180CFA97008ED28A /* Resources */ = {
			isa = PBXGroup;
			children = (
				BC948E2D180CFAA6008ED28A /* weave.png */,
			);
			name = Resources;
			sourceTree = "<group>";
		};
		BCA5E9AB187A3FF4004D70EE /* Regression */ = {
			isa = PBXGroup;
			children = (
				BC8E07AB188C890400C208D4 /* SWChromeTests.m */,
				BCA5E9AC187A4020004D70EE /* SWDashTests.m */,
				BCCE8CF818093037006B0059 /* SWGithubTests.m */,
				BC3C78C3188262EB0021C244 /* SWMacVimTests.m */,
				BCCE8CF618092CDF006B0059 /* SWPowerboxTests.m */,
				BCCE8CF21809266A006B0059 /* SWSafariTests.m */,
				BCCE8CF41809297B006B0059 /* SWSheetTests.m */,
				BCCE8CEF18091F75006B0059 /* SWTweetbotTests.m */,
				BCA8AD5A18AC5E3F0059F253 /* SWWordTests.m */,
			);
			name = Regression;
			sourceTree = "<group>";
		};
		BCA734D416DAC53F00CD4C74 = {
			isa = PBXGroup;
			children = (
				BCA734E616DAC53F00CD4C74 /* Switch */,
				BCA7350316DAC54000CD4C74 /* SwitchTests */,
				BC275C1318CFD3C900761247 /* relaunch */,
				BCA734DF16DAC53F00CD4C74 /* Frameworks */,
				BCA734DE16DAC53F00CD4C74 /* Products */,
				736BA32497A04F4BB3DDE2B4 /* Pods.xcconfig */,
			);
			sourceTree = "<group>";
		};
		BCA734DE16DAC53F00CD4C74 /* Products */ = {
			isa = PBXGroup;
			children = (
				BCA734DD16DAC53F00CD4C74 /* Switch.app */,
				BCA734FD16DAC54000CD4C74 /* SwitchTests.xctest */,
				BC275C1018CFD3C900761247 /* relaunch */,
			);
			name = Products;
			sourceTree = "<group>";
		};
		BCA734DF16DAC53F00CD4C74 /* Frameworks */ = {
			isa = PBXGroup;
			children = (
				BC79688918A852E300BB1CC5 /* Sparkle */,
				BC63ABA117598C4100016B9E /* debugger */,
				BC63AB93175701BA00016B9E /* Haxcessibility */,
				BCCA7A4D18076AD700CE36E5 /* NNKit */,
				BCF357D5176CEE0200458AFF /* ReactiveCocoa */,
				BC275C1118CFD3C900761247 /* Foundation.framework */,
				BCA734E216DAC53F00CD4C74 /* Other Frameworks */,
				749F470D9C1D4385A8FAB252 /* libPods.a */,
			);
			name = Frameworks;
			sourceTree = "<group>";
		};
		BCA734E216DAC53F00CD4C74 /* Other Frameworks */ = {
			isa = PBXGroup;
			children = (
				BCA734E316DAC53F00CD4C74 /* AppKit.framework */,
				BC63AB911756FBE300016B9E /* Carbon.framework */,
				BCA734E016DAC53F00CD4C74 /* Cocoa.framework */,
				BCEF6C44189DF3E30080ABAB /* Foundation.framework */,
				BCA734E516DAC53F00CD4C74 /* Foundation.framework */,
				BCA7353916E14EF000CD4C74 /* QuartzCore.framework */,
			);
			name = "Other Frameworks";
			sourceTree = "<group>";
		};
		BCA734E616DAC53F00CD4C74 /* Switch */ = {
			isa = PBXGroup;
			children = (
				BC63AB901755C6EC00016B9E /* Controller */,
				BC6B6CFB178B7115001D691D /* Debug */,
				BCA7353016DB2BDC00CD4C74 /* Logic */,
				BCA7351416DAC54C00CD4C74 /* Model */,
				BCA7352C16DB237E00CD4C74 /* View */,
				BCA734E716DAC53F00CD4C74 /* Supporting Files */,
			);
			path = Switch;
			sourceTree = "<group>";
		};
		BCA734E716DAC53F00CD4C74 /* Supporting Files */ = {
			isa = PBXGroup;
			children = (
				BC948E24180CFA97008ED28A /* Resources */,
				BCA7354116E1621400CD4C74 /* constants.h */,
				BCA7354216E1621400CD4C74 /* constants.m */,
				BCA734EF16DAC53F00CD4C74 /* Credits.rtf */,
				BCA734E916DAC53F00CD4C74 /* InfoPlist.strings */,
				BCA734EC16DAC53F00CD4C74 /* main.m */,
				BCA734F516DAC53F00CD4C74 /* MainMenu.xib */,
				BC660D5A1796573200CE8333 /* Sparkle.dsa_pub.pem */,
				BCA734E816DAC53F00CD4C74 /* Switch-Info.plist */,
				BCA734EE16DAC53F00CD4C74 /* Switch-Prefix.pch */,
			);
			name = "Supporting Files";
			sourceTree = "<group>";
		};
		BCA7350316DAC54000CD4C74 /* SwitchTests */ = {
			isa = PBXGroup;
			children = (
				BCA5E9AB187A3FF4004D70EE /* Regression */,
				BCA5E9A7187A307F004D70EE /* SWSelectorTests.m */,
				BC8D8DA0177BA53100B7A135 /* SWHUDCollectionViewTests.m */,
				BCA7350416DAC54000CD4C74 /* Supporting Files */,
			);
			path = SwitchTests;
			sourceTree = "<group>";
		};
		BCA7350416DAC54000CD4C74 /* Supporting Files */ = {
			isa = PBXGroup;
			children = (
				BCA5E9AE187A4070004D70EE /* SWWindowListServiceTests.h */,
				BCA5E9A9187A3CCA004D70EE /* SWWindowListServiceTests.m */,
				BCA5E9B7187BB06F004D70EE /* SWApplication+SWTestingOverloads.m */,
				BCCE8CF118092584006B0059 /* SWWindowFilteringTests.h */,
				BCA7350516DAC54000CD4C74 /* SwitchTests-Info.plist */,
				BCA7350616DAC54000CD4C74 /* InfoPlist.strings */,
				BCCE8CE918091A4F006B0059 /* NSWindow+NNScreenCapture.h */,
				BCCE8CEA18091A4F006B0059 /* NSWindow+NNScreenCapture.m */,
				BCCE8CEC18091AFC006B0059 /* NSImage+NNFilesystem.h */,
				BCCE8CED18091AFC006B0059 /* NSImage+NNFilesystem.m */,
			);
			name = "Supporting Files";
			sourceTree = "<group>";
		};
		BCA7351416DAC54C00CD4C74 /* Model */ = {
			isa = PBXGroup;
			children = (
				BCA7352316DAC93C00CD4C74 /* SWApplication.h */,
				BCA7352416DAC93C00CD4C74 /* SWApplication.m */,
				BCA7351C16DAC61F00CD4C74 /* SWWindow.h */,
				BCA7351D16DAC61F00CD4C74 /* SWWindow.m */,
				BC662BB0186A7662003CF66C /* SWWindowGroup.h */,
				BC662BB1186A7662003CF66C /* SWWindowGroup.m */,
			);
			name = Model;
			sourceTree = "<group>";
		};
		BCA7352C16DB237E00CD4C74 /* View */ = {
			isa = PBXGroup;
			children = (
				BCA7354B16E2ED5000CD4C74 /* SWHUDView.h */,
				BCA7354C16E2ED5000CD4C74 /* SWHUDView.m */,
				BC63AB8D1755907D00016B9E /* SWHUDCollectionView.h */,
				BC63AB8E1755907D00016B9E /* SWHUDCollectionView.m */,
				BCA7353616E148EF00CD4C74 /* SWRoundedRectView.h */,
				BCA7353716E148EF00CD4C74 /* SWRoundedRectView.m */,
				BCA7354716E1F14D00CD4C74 /* SWSelectionBoxView.h */,
				BCA7354816E1F14D00CD4C74 /* SWSelectionBoxView.m */,
				BCA7352D16DB239900CD4C74 /* SWWindowThumbnailView.h */,
				BCA7352E16DB239900CD4C74 /* SWWindowThumbnailView.m */,
			);
			name = View;
			sourceTree = "<group>";
		};
		BCA7353016DB2BDC00CD4C74 /* Logic */ = {
			isa = PBXGroup;
			children = (
				BCA5E9A4187A21A9004D70EE /* SWSelector.h */,
				BCA5E9A5187A21A9004D70EE /* SWSelector.m */,
				BCBF525517B079FF00716200 /* Hotkeys */,
				BCA7358F16E585D400CD4C74 /* Polling */,
				BCCA7B0D1809006400CE36E5 /* ReactiveCocoa Extras */,
				BC5A978D180E5A66002ECD56 /* Services */,
				BCFF230F177DD42E008759C4 /* Window Filtering */,
				BCA7354A16E2AC3F00CD4C74 /* imageComparators.h */,
				BCCA7ACE180896D100CE36E5 /* helpers.h */,
				BCCA7ACF180896D100CE36E5 /* helpers.m */,
			);
			name = Logic;
			sourceTree = "<group>";
		};
		BCA7358F16E585D400CD4C74 /* Polling */ = {
			isa = PBXGroup;
			children = (
				BC6B6D1A178DE8E5001D691D /* SWAPIEnabledWorker.h */,
				BC6B6D1B178DE8E5001D691D /* SWAPIEnabledWorker.m */,
				BCA7352016DAC6A900CD4C74 /* SWWindowWorker.h */,
				BCA7352116DAC6A900CD4C74 /* SWWindowWorker.m */,
				BCA7351916DAC5E200CD4C74 /* SWWindowListWorker.h */,
				BCA7351A16DAC5E200CD4C74 /* SWWindowListWorker.m */,
			);
			name = Polling;
			sourceTree = "<group>";
		};
		BCBF525517B079FF00716200 /* Hotkeys */ = {
			isa = PBXGroup;
			children = (
				BCBF524C17B079FA00716200 /* SWHotKey.h */,
				BCBF524D17B079FA00716200 /* SWHotKey.m */,
			);
			name = Hotkeys;
			sourceTree = "<group>";
		};
		BCCA7A4D18076AD700CE36E5 /* NNKit */ = {
			isa = PBXGroup;
			children = (
				BCCA7A4E18076ADB00CE36E5 /* NNKit.xcodeproj */,
			);
			name = NNKit;
			sourceTree = "<group>";
		};
		BCCA7A4F18076ADB00CE36E5 /* Products */ = {
			isa = PBXGroup;
			children = (
				BCCA7A5618076ADB00CE36E5 /* NNKit.framework */,
				BCCA7A5818076ADB00CE36E5 /* NNKit Mac Tests.xctest */,
				BCCA7A5A18076ADB00CE36E5 /* libNNKit.a */,
				BCCA7A5C18076ADB00CE36E5 /* NNKit iOS Tests.xctest */,
			);
			name = Products;
			sourceTree = "<group>";
		};
		BCCA7B0D1809006400CE36E5 /* ReactiveCocoa Extras */ = {
			isa = PBXGroup;
			children = (
				BCCA7B161809008900CE36E5 /* NSNotificationCenter+RACSupport.h */,
				BCCA7B171809008900CE36E5 /* NSNotificationCenter+RACSupport.m */,
			);
			name = "ReactiveCocoa Extras";
			sourceTree = "<group>";
		};
		BCF357D5176CEE0200458AFF /* ReactiveCocoa */ = {
			isa = PBXGroup;
			children = (
				BCF357D6176CEE9E00458AFF /* ReactiveCocoa.xcodeproj */,
			);
			name = ReactiveCocoa;
			sourceTree = "<group>";
		};
		BCF357D7176CEE9E00458AFF /* Products */ = {
			isa = PBXGroup;
			children = (
				BCF357E0176CEE9F00458AFF /* ReactiveCocoa.framework */,
				BCF357E2176CEE9F00458AFF /* libReactiveCocoa-iOS.a */,
				BCF357E4176CEE9F00458AFF /* ReactiveCocoaTests.octest */,
				BCF357E6176CEE9F00458AFF /* ReactiveCocoaTests-iOS.octest */,
				BCCA7ADB180896D100CE36E5 /* ReactiveCocoa-iOS-UIKitTestHost.app */,
				BCCA7ADD180896D100CE36E5 /* ReactiveCocoa-iOS-UIKitTestHostTests.octest */,
				BC85E74818DA68BA001DF986 /* libReactiveCocoa-Mac.a */,
			);
			name = Products;
			sourceTree = "<group>";
		};
		BCFF230F177DD42E008759C4 /* Window Filtering */ = {
			isa = PBXGroup;
			children = (
				BCBC848D1882138B00E5B52E /* SWWindow+TweetbotQuirks.h */,
				BCBC848E1882138B00E5B52E /* SWWindow+TweetbotQuirks.m */,
			);
			name = "Window Filtering";
			sourceTree = "<group>";
		};
/* End PBXGroup section */

/* Begin PBXNativeTarget section */
		BC275C0F18CFD3C900761247 /* relaunch */ = {
			isa = PBXNativeTarget;
			buildConfigurationList = BC275C2818CFD3CA00761247 /* Build configuration list for PBXNativeTarget "relaunch" */;
			buildPhases = (
				BC275C0C18CFD3C900761247 /* Sources */,
				BC275C0D18CFD3C900761247 /* Frameworks */,
				BC275C0E18CFD3C900761247 /* CopyFiles */,
			);
			buildRules = (
			);
			dependencies = (
			);
			name = relaunch;
			productName = relaunch;
			productReference = BC275C1018CFD3C900761247 /* relaunch */;
			productType = "com.apple.product-type.tool";
		};
		BCA734DC16DAC53F00CD4C74 /* Switch */ = {
			isa = PBXNativeTarget;
			buildConfigurationList = BCA7350E16DAC54000CD4C74 /* Build configuration list for PBXNativeTarget "Switch" */;
			buildPhases = (
				94938E4B3DCA4DCC8FAFDD97 /* Check Pods Manifest.lock */,
				BCA734D916DAC53F00CD4C74 /* Sources */,
				BCA734DA16DAC53F00CD4C74 /* Frameworks */,
				BCA734DB16DAC53F00CD4C74 /* Resources */,
				BCDDB2BC178EF15B00C22E47 /* CopyFiles */,
				BFEF055AA472447ABD2D54D2 /* Copy Pods Resources */,
			);
			buildRules = (
			);
			dependencies = (
				BC275C2E18CFD78C00761247 /* PBXTargetDependency */,
				BC79689D18A8555500BB1CC5 /* PBXTargetDependency */,
				BCCA7A5E18076AED00CE36E5 /* PBXTargetDependency */,
				BC63AB9C175701DD00016B9E /* PBXTargetDependency */,
				BCF357E8176CEEEB00458AFF /* PBXTargetDependency */,
			);
			name = Switch;
			productName = Switch;
			productReference = BCA734DD16DAC53F00CD4C74 /* Switch.app */;
			productType = "com.apple.product-type.application";
		};
		BCA734FC16DAC54000CD4C74 /* SwitchTests */ = {
			isa = PBXNativeTarget;
			buildConfigurationList = BCA7351116DAC54000CD4C74 /* Build configuration list for PBXNativeTarget "SwitchTests" */;
			buildPhases = (
				BCA734F816DAC54000CD4C74 /* Sources */,
				BCA734F916DAC54000CD4C74 /* Frameworks */,
				BCA734FA16DAC54000CD4C74 /* Resources */,
				BCA734FB16DAC54000CD4C74 /* ShellScript */,
			);
			buildRules = (
			);
			dependencies = (
				BCA7350216DAC54000CD4C74 /* PBXTargetDependency */,
			);
			name = SwitchTests;
			productName = SwitchTests;
			productReference = BCA734FD16DAC54000CD4C74 /* SwitchTests.xctest */;
			productType = "com.apple.product-type.bundle.unit-test";
		};
/* End PBXNativeTarget section */

/* Begin PBXProject section */
		BCA734D516DAC53F00CD4C74 /* Project object */ = {
			isa = PBXProject;
			attributes = {
				CLASSPREFIX = NN;
				LastUpgradeCheck = 0500;
				ORGANIZATIONNAME = "Scott Perry";
				TargetAttributes = {
					BCA734FC16DAC54000CD4C74 = {
						TestTargetID = BCA734DC16DAC53F00CD4C74;
					};
				};
			};
			buildConfigurationList = BCA734D816DAC53F00CD4C74 /* Build configuration list for PBXProject "Switch" */;
			compatibilityVersion = "Xcode 3.2";
			developmentRegion = English;
			hasScannedForEncodings = 0;
			knownRegions = (
				en,
			);
			mainGroup = BCA734D416DAC53F00CD4C74;
			productRefGroup = BCA734DE16DAC53F00CD4C74 /* Products */;
			projectDirPath = "";
			projectReferences = (
				{
					ProductGroup = BC63AB95175701C200016B9E /* Products */;
					ProjectRef = BC63AB94175701C200016B9E /* Haxcessibility.xcodeproj */;
				},
				{
					ProductGroup = BCCA7A4F18076ADB00CE36E5 /* Products */;
					ProjectRef = BCCA7A4E18076ADB00CE36E5 /* NNKit.xcodeproj */;
				},
				{
					ProductGroup = BCF357D7176CEE9E00458AFF /* Products */;
					ProjectRef = BCF357D6176CEE9E00458AFF /* ReactiveCocoa.xcodeproj */;
				},
				{
					ProductGroup = BC79688B18A852E700BB1CC5 /* Products */;
					ProjectRef = BC79688A18A852E700BB1CC5 /* Sparkle.xcodeproj */;
				},
			);
			projectRoot = "";
			targets = (
				BCA734DC16DAC53F00CD4C74 /* Switch */,
				BCA734FC16DAC54000CD4C74 /* SwitchTests */,
				BC275C0F18CFD3C900761247 /* relaunch */,
			);
		};
/* End PBXProject section */

/* Begin PBXReferenceProxy section */
		BC63AB99175701C200016B9E /* Haxcessibility.framework */ = {
			isa = PBXReferenceProxy;
			fileType = wrapper.framework;
			path = Haxcessibility.framework;
			remoteRef = BC63AB98175701C200016B9E /* PBXContainerItemProxy */;
			sourceTree = BUILT_PRODUCTS_DIR;
		};
		BC79689318A852E700BB1CC5 /* Sparkle.framework */ = {
			isa = PBXReferenceProxy;
			fileType = wrapper.framework;
			path = Sparkle.framework;
			remoteRef = BC79689218A852E700BB1CC5 /* PBXContainerItemProxy */;
			sourceTree = BUILT_PRODUCTS_DIR;
		};
		BC79689518A852E700BB1CC5 /* Sparkle Test App.app */ = {
			isa = PBXReferenceProxy;
			fileType = wrapper.application;
			path = "Sparkle Test App.app";
			remoteRef = BC79689418A852E700BB1CC5 /* PBXContainerItemProxy */;
			sourceTree = BUILT_PRODUCTS_DIR;
		};
		BC79689718A852E700BB1CC5 /* Sparkle Unit Tests.octest */ = {
			isa = PBXReferenceProxy;
			fileType = wrapper.cfbundle;
			path = "Sparkle Unit Tests.octest";
			remoteRef = BC79689618A852E700BB1CC5 /* PBXContainerItemProxy */;
			sourceTree = BUILT_PRODUCTS_DIR;
		};
		BC79689918A852E700BB1CC5 /* BinaryDelta */ = {
			isa = PBXReferenceProxy;
			fileType = "compiled.mach-o.executable";
			path = BinaryDelta;
			remoteRef = BC79689818A852E700BB1CC5 /* PBXContainerItemProxy */;
			sourceTree = BUILT_PRODUCTS_DIR;
		};
		BC79689B18A852E700BB1CC5 /* finish_installation.app */ = {
			isa = PBXReferenceProxy;
			fileType = wrapper.application;
			path = finish_installation.app;
			remoteRef = BC79689A18A852E700BB1CC5 /* PBXContainerItemProxy */;
			sourceTree = BUILT_PRODUCTS_DIR;
		};
		BC85E74818DA68BA001DF986 /* libReactiveCocoa-Mac.a */ = {
			isa = PBXReferenceProxy;
			fileType = archive.ar;
			path = "libReactiveCocoa-Mac.a";
			remoteRef = BC85E74718DA68BA001DF986 /* PBXContainerItemProxy */;
			sourceTree = BUILT_PRODUCTS_DIR;
		};
		BCCA7A5618076ADB00CE36E5 /* NNKit.framework */ = {
			isa = PBXReferenceProxy;
			fileType = wrapper.framework;
			path = NNKit.framework;
			remoteRef = BCCA7A5518076ADB00CE36E5 /* PBXContainerItemProxy */;
			sourceTree = BUILT_PRODUCTS_DIR;
		};
		BCCA7A5818076ADB00CE36E5 /* NNKit Mac Tests.xctest */ = {
			isa = PBXReferenceProxy;
			fileType = wrapper.cfbundle;
			path = "NNKit Mac Tests.xctest";
			remoteRef = BCCA7A5718076ADB00CE36E5 /* PBXContainerItemProxy */;
			sourceTree = BUILT_PRODUCTS_DIR;
		};
		BCCA7A5A18076ADB00CE36E5 /* libNNKit.a */ = {
			isa = PBXReferenceProxy;
			fileType = archive.ar;
			path = libNNKit.a;
			remoteRef = BCCA7A5918076ADB00CE36E5 /* PBXContainerItemProxy */;
			sourceTree = BUILT_PRODUCTS_DIR;
		};
		BCCA7A5C18076ADB00CE36E5 /* NNKit iOS Tests.xctest */ = {
			isa = PBXReferenceProxy;
			fileType = wrapper.cfbundle;
			path = "NNKit iOS Tests.xctest";
			remoteRef = BCCA7A5B18076ADB00CE36E5 /* PBXContainerItemProxy */;
			sourceTree = BUILT_PRODUCTS_DIR;
		};
		BCCA7ADB180896D100CE36E5 /* ReactiveCocoa-iOS-UIKitTestHost.app */ = {
			isa = PBXReferenceProxy;
			fileType = wrapper.application;
			path = "ReactiveCocoa-iOS-UIKitTestHost.app";
			remoteRef = BCCA7ADA180896D100CE36E5 /* PBXContainerItemProxy */;
			sourceTree = BUILT_PRODUCTS_DIR;
		};
		BCCA7ADD180896D100CE36E5 /* ReactiveCocoa-iOS-UIKitTestHostTests.octest */ = {
			isa = PBXReferenceProxy;
			fileType = wrapper.cfbundle;
			path = "ReactiveCocoa-iOS-UIKitTestHostTests.octest";
			remoteRef = BCCA7ADC180896D100CE36E5 /* PBXContainerItemProxy */;
			sourceTree = BUILT_PRODUCTS_DIR;
		};
		BCF357E0176CEE9F00458AFF /* ReactiveCocoa.framework */ = {
			isa = PBXReferenceProxy;
			fileType = wrapper.framework;
			path = ReactiveCocoa.framework;
			remoteRef = BCF357DF176CEE9F00458AFF /* PBXContainerItemProxy */;
			sourceTree = BUILT_PRODUCTS_DIR;
		};
		BCF357E2176CEE9F00458AFF /* libReactiveCocoa-iOS.a */ = {
			isa = PBXReferenceProxy;
			fileType = archive.ar;
			path = "libReactiveCocoa-iOS.a";
			remoteRef = BCF357E1176CEE9F00458AFF /* PBXContainerItemProxy */;
			sourceTree = BUILT_PRODUCTS_DIR;
		};
		BCF357E4176CEE9F00458AFF /* ReactiveCocoaTests.octest */ = {
			isa = PBXReferenceProxy;
			fileType = wrapper.cfbundle;
			path = ReactiveCocoaTests.octest;
			remoteRef = BCF357E3176CEE9F00458AFF /* PBXContainerItemProxy */;
			sourceTree = BUILT_PRODUCTS_DIR;
		};
		BCF357E6176CEE9F00458AFF /* ReactiveCocoaTests-iOS.octest */ = {
			isa = PBXReferenceProxy;
			fileType = wrapper.cfbundle;
			path = "ReactiveCocoaTests-iOS.octest";
			remoteRef = BCF357E5176CEE9F00458AFF /* PBXContainerItemProxy */;
			sourceTree = BUILT_PRODUCTS_DIR;
		};
/* End PBXReferenceProxy section */

/* Begin PBXResourcesBuildPhase section */
		BCA734DB16DAC53F00CD4C74 /* Resources */ = {
			isa = PBXResourcesBuildPhase;
			buildActionMask = 2147483647;
			files = (
				BC275C3218CFD84000761247 /* relaunch in Resources */,
				BCA734F116DAC53F00CD4C74 /* Credits.rtf in Resources */,
				BCA734EB16DAC53F00CD4C74 /* InfoPlist.strings in Resources */,
				BCA734F716DAC53F00CD4C74 /* MainMenu.xib in Resources */,
				BC948E2E180CFAA6008ED28A /* weave.png in Resources */,
				BCCA7A641807894A00CE36E5 /* SWPreferencesWindowController.xib in Resources */,
				BC660D5B1796573200CE8333 /* Sparkle.dsa_pub.pem in Resources */,
			);
			runOnlyForDeploymentPostprocessing = 0;
		};
		BCA734FA16DAC54000CD4C74 /* Resources */ = {
			isa = PBXResourcesBuildPhase;
			buildActionMask = 2147483647;
			files = (
				BCA7350816DAC54000CD4C74 /* InfoPlist.strings in Resources */,
			);
			runOnlyForDeploymentPostprocessing = 0;
		};
/* End PBXResourcesBuildPhase section */

/* Begin PBXShellScriptBuildPhase section */
		94938E4B3DCA4DCC8FAFDD97 /* Check Pods Manifest.lock */ = {
			isa = PBXShellScriptBuildPhase;
			buildActionMask = 2147483647;
			files = (
			);
			inputPaths = (
			);
			name = "Check Pods Manifest.lock";
			outputPaths = (
			);
			runOnlyForDeploymentPostprocessing = 0;
			shellPath = /bin/sh;
			shellScript = "diff \"${PODS_ROOT}/../Podfile.lock\" \"${PODS_ROOT}/Manifest.lock\" > /dev/null\nif [[ $? != 0 ]] ; then\n    cat << EOM\nerror: The sandbox is not in sync with the Podfile.lock. Run 'pod install' or update your CocoaPods installation.\nEOM\n    exit 1\nfi\n";
			showEnvVarsInLog = 0;
		};
		BCA734FB16DAC54000CD4C74 /* ShellScript */ = {
			isa = PBXShellScriptBuildPhase;
			buildActionMask = 2147483647;
			files = (
			);
			inputPaths = (
			);
			outputPaths = (
			);
			runOnlyForDeploymentPostprocessing = 0;
			shellPath = /bin/sh;
			shellScript = "# Run the unit tests in this test bundle.\n\"${SYSTEM_DEVELOPER_DIR}/Tools/RunUnitTests\"\n";
		};
		BFEF055AA472447ABD2D54D2 /* Copy Pods Resources */ = {
			isa = PBXShellScriptBuildPhase;
			buildActionMask = 2147483647;
			files = (
			);
			inputPaths = (
			);
			name = "Copy Pods Resources";
			outputPaths = (
			);
			runOnlyForDeploymentPostprocessing = 0;
			shellPath = /bin/sh;
			shellScript = "\"${SRCROOT}/Pods/Pods-resources.sh\"\n";
			showEnvVarsInLog = 0;
		};
/* End PBXShellScriptBuildPhase section */

/* Begin PBXSourcesBuildPhase section */
		BC275C0C18CFD3C900761247 /* Sources */ = {
			isa = PBXSourcesBuildPhase;
			buildActionMask = 2147483647;
			files = (
				BC275C2C18CFD5AA00761247 /* SWTerminationListener.m in Sources */,
				BC275C1518CFD3CA00761247 /* main.m in Sources */,
			);
			runOnlyForDeploymentPostprocessing = 0;
		};
		BCA734D916DAC53F00CD4C74 /* Sources */ = {
			isa = PBXSourcesBuildPhase;
			buildActionMask = 2147483647;
			files = (
				BCA734ED16DAC53F00CD4C74 /* main.m in Sources */,
				BCA734F416DAC53F00CD4C74 /* SWAppDelegate.m in Sources */,
				BCA7351B16DAC5E200CD4C74 /* SWWindowListWorker.m in Sources */,
				BCA7351E16DAC61F00CD4C74 /* SWWindow.m in Sources */,
				BCA7352216DAC6A900CD4C74 /* SWWindowWorker.m in Sources */,
				BC19D3DA181436FB009CEC1F /* SWPreferencesService.m in Sources */,
				BCCA7AD0180896D100CE36E5 /* helpers.m in Sources */,
				BCA7352516DAC93C00CD4C74 /* SWApplication.m in Sources */,
				BCA7352F16DB239900CD4C74 /* SWWindowThumbnailView.m in Sources */,
				BC5A9798180E5A6F002ECD56 /* SWStatusBarMenuService.m in Sources */,
				BC6B6D13178DDBDA001D691D /* SWCoreWindowController.m in Sources */,
				BC6B6D00178B711E001D691D /* NNMainThreadGuard.m in Sources */,
				BCBC848F1882138B00E5B52E /* SWWindow+TweetbotQuirks.m in Sources */,
				BCCA7A631807894A00CE36E5 /* SWPreferencesWindowController.m in Sources */,
				BC6B6D1C178DE8E5001D691D /* SWAPIEnabledWorker.m in Sources */,
				BCA7353816E148EF00CD4C74 /* SWRoundedRectView.m in Sources */,
				BCA5E9A6187A21A9004D70EE /* SWSelector.m in Sources */,
				BC662BA7186A42E4003CF66C /* SWWindowListService.m in Sources */,
				BCA5E99818766FE1004D70EE /* SWWindowContentsService.m in Sources */,
				BCBF525017B079FA00716200 /* SWHotKey.m in Sources */,
				BCA7354316E1621400CD4C74 /* constants.m in Sources */,
				BC5A979B180E6949002ECD56 /* SWLoggingService.m in Sources */,
				BCA8AD6A18AD61A00059F253 /* SWEventTap.m in Sources */,
				BCA7354916E1F14D00CD4C74 /* SWSelectionBoxView.m in Sources */,
				BC82B3F1183C48EE00FDD3B9 /* SWCoreWindowService.m in Sources */,
				BCA7354D16E2ED5000CD4C74 /* SWHUDView.m in Sources */,
				BC63AB8F1755907D00016B9E /* SWHUDCollectionView.m in Sources */,
				BC63ABA517598C4100016B9E /* debugger.c in Sources */,
				BC19D3DD18143AB1009CEC1F /* SWAccessibilityService.m in Sources */,
				BC662BB2186A7662003CF66C /* SWWindowGroup.m in Sources */,
			);
			runOnlyForDeploymentPostprocessing = 0;
		};
		BCA734F816DAC54000CD4C74 /* Sources */ = {
			isa = PBXSourcesBuildPhase;
			buildActionMask = 2147483647;
			files = (
				BCCE8CF918093037006B0059 /* SWGithubTests.m in Sources */,
				BCCE8CF31809266A006B0059 /* SWSafariTests.m in Sources */,
				BCCE8CF018091F75006B0059 /* SWTweetbotTests.m in Sources */,
				BCA5E9AA187A3CCA004D70EE /* SWWindowListServiceTests.m in Sources */,
				BCA5E9B8187BB06F004D70EE /* SWApplication+SWTestingOverloads.m in Sources */,
				BC8E07AC188C890400C208D4 /* SWChromeTests.m in Sources */,
				BCCE8CEB18091A4F006B0059 /* NSWindow+NNScreenCapture.m in Sources */,
				BCCE8CF51809297B006B0059 /* SWSheetTests.m in Sources */,
				BCA8AD5B18AC5E3F0059F253 /* SWWordTests.m in Sources */,
				BCCE8CF718092CDF006B0059 /* SWPowerboxTests.m in Sources */,
				BC3C78C4188262EB0021C244 /* SWMacVimTests.m in Sources */,
				BCCE8CEE18091AFC006B0059 /* NSImage+NNFilesystem.m in Sources */,
				BC8D8DA1177BA53100B7A135 /* SWHUDCollectionViewTests.m in Sources */,
				BCA5E9AD187A4020004D70EE /* SWDashTests.m in Sources */,
				BCA5E9A8187A307F004D70EE /* SWSelectorTests.m in Sources */,
			);
			runOnlyForDeploymentPostprocessing = 0;
		};
/* End PBXSourcesBuildPhase section */

/* Begin PBXTargetDependency section */
		BC275C2E18CFD78C00761247 /* PBXTargetDependency */ = {
			isa = PBXTargetDependency;
			target = BC275C0F18CFD3C900761247 /* relaunch */;
			targetProxy = BC275C2D18CFD78C00761247 /* PBXContainerItemProxy */;
		};
		BC63AB9C175701DD00016B9E /* PBXTargetDependency */ = {
			isa = PBXTargetDependency;
			name = Haxcessibility;
			targetProxy = BC63AB9B175701DD00016B9E /* PBXContainerItemProxy */;
		};
		BC79689D18A8555500BB1CC5 /* PBXTargetDependency */ = {
			isa = PBXTargetDependency;
			name = Sparkle;
			targetProxy = BC79689C18A8555500BB1CC5 /* PBXContainerItemProxy */;
		};
		BCA7350216DAC54000CD4C74 /* PBXTargetDependency */ = {
			isa = PBXTargetDependency;
			target = BCA734DC16DAC53F00CD4C74 /* Switch */;
			targetProxy = BCA7350116DAC54000CD4C74 /* PBXContainerItemProxy */;
		};
		BCCA7A5E18076AED00CE36E5 /* PBXTargetDependency */ = {
			isa = PBXTargetDependency;
			name = "NNKit Mac";
			targetProxy = BCCA7A5D18076AED00CE36E5 /* PBXContainerItemProxy */;
		};
		BCF357E8176CEEEB00458AFF /* PBXTargetDependency */ = {
			isa = PBXTargetDependency;
			name = ReactiveCocoa;
			targetProxy = BCF357E7176CEEEB00458AFF /* PBXContainerItemProxy */;
		};
/* End PBXTargetDependency section */

/* Begin PBXVariantGroup section */
		BCA734E916DAC53F00CD4C74 /* InfoPlist.strings */ = {
			isa = PBXVariantGroup;
			children = (
				BCA734EA16DAC53F00CD4C74 /* en */,
			);
			name = InfoPlist.strings;
			sourceTree = "<group>";
		};
		BCA734EF16DAC53F00CD4C74 /* Credits.rtf */ = {
			isa = PBXVariantGroup;
			children = (
				BCA734F016DAC53F00CD4C74 /* en */,
			);
			name = Credits.rtf;
			sourceTree = "<group>";
		};
		BCA734F516DAC53F00CD4C74 /* MainMenu.xib */ = {
			isa = PBXVariantGroup;
			children = (
				BCA734F616DAC53F00CD4C74 /* en */,
			);
			name = MainMenu.xib;
			sourceTree = "<group>";
		};
		BCA7350616DAC54000CD4C74 /* InfoPlist.strings */ = {
			isa = PBXVariantGroup;
			children = (
				BCA7350716DAC54000CD4C74 /* en */,
			);
			name = InfoPlist.strings;
			sourceTree = "<group>";
		};
/* End PBXVariantGroup section */

/* Begin XCBuildConfiguration section */
		BC275C1A18CFD3CA00761247 /* Debug */ = {
			isa = XCBuildConfiguration;
			buildSettings = {
				CLANG_WARN_BOOL_CONVERSION = YES;
				CLANG_WARN_DIRECT_OBJC_ISA_USAGE = YES_ERROR;
				CLANG_WARN_OBJC_ROOT_CLASS = YES_ERROR;
				GCC_PRECOMPILE_PREFIX_HEADER = YES;
				GCC_PREFIX_HEADER = "relaunch/relaunch-Prefix.pch";
				GCC_PREPROCESSOR_DEFINITIONS = (
					"DEBUG=1",
					"$(inherited)",
				);
				GCC_WARN_ABOUT_RETURN_TYPE = YES_ERROR;
				GCC_WARN_UNDECLARED_SELECTOR = YES;
				GCC_WARN_UNUSED_FUNCTION = YES;
				GCC_WARN_UNUSED_VARIABLE = YES;
				ONLY_ACTIVE_ARCH = YES;
				PRODUCT_NAME = "$(TARGET_NAME)";
				SKIP_INSTALL = YES;
			};
			name = Debug;
		};
		BC275C1B18CFD3CA00761247 /* Release */ = {
			isa = XCBuildConfiguration;
			buildSettings = {
				CLANG_WARN_BOOL_CONVERSION = YES;
				CLANG_WARN_DIRECT_OBJC_ISA_USAGE = YES_ERROR;
				CLANG_WARN_OBJC_ROOT_CLASS = YES_ERROR;
				ENABLE_NS_ASSERTIONS = NO;
				GCC_PRECOMPILE_PREFIX_HEADER = YES;
				GCC_PREFIX_HEADER = "relaunch/relaunch-Prefix.pch";
				GCC_WARN_ABOUT_RETURN_TYPE = YES_ERROR;
				GCC_WARN_UNDECLARED_SELECTOR = YES;
				GCC_WARN_UNUSED_FUNCTION = YES;
				GCC_WARN_UNUSED_VARIABLE = YES;
				PRODUCT_NAME = "$(TARGET_NAME)";
				SKIP_INSTALL = YES;
			};
			name = Release;
		};
		BCA7350C16DAC54000CD4C74 /* Debug */ = {
			isa = XCBuildConfiguration;
			buildSettings = {
				ALWAYS_SEARCH_USER_PATHS = NO;
				ARCHS = "$(ARCHS_STANDARD_64_BIT)";
				CLANG_CXX_LANGUAGE_STANDARD = "gnu++0x";
				CLANG_CXX_LIBRARY = "libc++";
				CLANG_ENABLE_MODULES = NO;
				CLANG_ENABLE_OBJC_ARC = YES;
				CLANG_WARN_CONSTANT_CONVERSION = YES;
				CLANG_WARN_EMPTY_BODY = YES;
				CLANG_WARN_ENUM_CONVERSION = YES;
				CLANG_WARN_INT_CONVERSION = YES;
				CLANG_WARN__DUPLICATE_METHOD_MATCH = YES;
				CODE_SIGN_IDENTITY = "";
				COPY_PHASE_STRIP = NO;
				DEBUG_INFORMATION_FORMAT = "dwarf-with-dsym";
				GCC_C_LANGUAGE_STANDARD = gnu99;
				GCC_DYNAMIC_NO_PIC = NO;
				GCC_ENABLE_OBJC_EXCEPTIONS = YES;
				GCC_OPTIMIZATION_LEVEL = 0;
				GCC_PREPROCESSOR_DEFINITIONS = (
					"DEBUG=1",
					"$(inherited)",
				);
				GCC_SYMBOLS_PRIVATE_EXTERN = NO;
				GCC_WARN_64_TO_32_BIT_CONVERSION = YES;
				GCC_WARN_ABOUT_RETURN_TYPE = YES;
				GCC_WARN_UNINITIALIZED_AUTOS = YES;
				GENERATE_PROFILING_CODE = YES;
				LD_RUNPATH_SEARCH_PATHS = "@loader_path/../Frameworks $(inherited)";
				MACOSX_DEPLOYMENT_TARGET = 10.9;
				SDKROOT = macosx;
				VALID_ARCHS = x86_64;
			};
			name = Debug;
		};
		BCA7350D16DAC54000CD4C74 /* Release */ = {
			isa = XCBuildConfiguration;
			buildSettings = {
				ALWAYS_SEARCH_USER_PATHS = NO;
				ARCHS = "$(ARCHS_STANDARD_64_BIT)";
				CLANG_CXX_LANGUAGE_STANDARD = "gnu++0x";
				CLANG_CXX_LIBRARY = "libc++";
				CLANG_ENABLE_MODULES = NO;
				CLANG_ENABLE_OBJC_ARC = YES;
				CLANG_WARN_CONSTANT_CONVERSION = YES;
				CLANG_WARN_EMPTY_BODY = YES;
				CLANG_WARN_ENUM_CONVERSION = YES;
				CLANG_WARN_INT_CONVERSION = YES;
				CLANG_WARN__DUPLICATE_METHOD_MATCH = YES;
				CODE_SIGN_IDENTITY = "Mac Developer";
				COPY_PHASE_STRIP = YES;
				DEBUG_INFORMATION_FORMAT = "dwarf-with-dsym";
				GCC_C_LANGUAGE_STANDARD = gnu99;
				GCC_ENABLE_OBJC_EXCEPTIONS = YES;
				GCC_WARN_64_TO_32_BIT_CONVERSION = YES;
				GCC_WARN_ABOUT_RETURN_TYPE = YES;
				GCC_WARN_UNINITIALIZED_AUTOS = YES;
				LD_RUNPATH_SEARCH_PATHS = "@loader_path/../Frameworks $(inherited)";
				LLVM_LTO = YES;
				MACOSX_DEPLOYMENT_TARGET = 10.9;
				OTHER_CODE_SIGN_FLAGS = "--deep";
				SDKROOT = macosx;
				VALID_ARCHS = x86_64;
			};
			name = Release;
		};
		BCA7350F16DAC54000CD4C74 /* Debug */ = {
			isa = XCBuildConfiguration;
			baseConfigurationReference = 736BA32497A04F4BB3DDE2B4 /* Pods.xcconfig */;
			buildSettings = {
				CLANG_ANALYZER_SECURITY_FLOATLOOPCOUNTER = YES;
				CLANG_ANALYZER_SECURITY_INSECUREAPI_RAND = YES;
				CLANG_ANALYZER_SECURITY_INSECUREAPI_STRCPY = YES;
				CLANG_WARN_BOOL_CONVERSION = YES;
				CLANG_WARN_DEPRECATED_OBJC_IMPLEMENTATIONS = YES;
				CLANG_WARN_DOCUMENTATION_COMMENTS = YES;
				CLANG_WARN_IMPLICIT_SIGN_CONVERSION = YES;
				CLANG_WARN_OBJC_EXPLICIT_OWNERSHIP_TYPE = YES;
				CLANG_WARN_OBJC_IMPLICIT_ATOMIC_PROPERTIES = YES;
				CLANG_WARN_OBJC_IMPLICIT_RETAIN_SELF = YES;
				CLANG_WARN_OBJC_RECEIVER_WEAK = YES;
				CLANG_WARN_OBJC_REPEATED_USE_OF_WEAK = YES;
				CLANG_WARN_SUSPICIOUS_IMPLICIT_CONVERSION = YES;
				COMBINE_HIDPI_IMAGES = YES;
				FRAMEWORK_SEARCH_PATHS = (
					"$(inherited)",
					"$(SRCROOT)/Frameworks",
				);
				GCC_PRECOMPILE_PREFIX_HEADER = YES;
				GCC_PREFIX_HEADER = "Switch/Switch-Prefix.pch";
				GCC_WARN_ABOUT_MISSING_NEWLINE = YES;
				GCC_WARN_INITIALIZER_NOT_FULLY_BRACKETED = YES;
				GCC_WARN_MULTIPLE_DEFINITION_TYPES_FOR_SELECTOR = YES;
				GCC_WARN_SHADOW = YES;
				GCC_WARN_SIGN_COMPARE = YES;
				GCC_WARN_UNDECLARED_SELECTOR = YES;
				GCC_WARN_UNKNOWN_PRAGMAS = YES;
				GCC_WARN_UNUSED_FUNCTION = YES;
				GCC_WARN_UNUSED_LABEL = YES;
				GCC_WARN_UNUSED_VARIABLE = YES;
				INFOPLIST_FILE = "Switch/Switch-Info.plist";
				PRODUCT_NAME = "$(TARGET_NAME)";
				WRAPPER_EXTENSION = app;
			};
			name = Debug;
		};
		BCA7351016DAC54000CD4C74 /* Release */ = {
			isa = XCBuildConfiguration;
			baseConfigurationReference = 736BA32497A04F4BB3DDE2B4 /* Pods.xcconfig */;
			buildSettings = {
				CLANG_ANALYZER_SECURITY_FLOATLOOPCOUNTER = YES;
				CLANG_ANALYZER_SECURITY_INSECUREAPI_RAND = YES;
				CLANG_ANALYZER_SECURITY_INSECUREAPI_STRCPY = YES;
				CLANG_WARN_BOOL_CONVERSION = YES;
				CLANG_WARN_DEPRECATED_OBJC_IMPLEMENTATIONS = YES;
				CLANG_WARN_DOCUMENTATION_COMMENTS = YES;
				CLANG_WARN_IMPLICIT_SIGN_CONVERSION = YES;
				CLANG_WARN_OBJC_EXPLICIT_OWNERSHIP_TYPE = YES;
				CLANG_WARN_OBJC_IMPLICIT_ATOMIC_PROPERTIES = YES;
				CLANG_WARN_OBJC_IMPLICIT_RETAIN_SELF = YES;
				CLANG_WARN_OBJC_RECEIVER_WEAK = YES;
				CLANG_WARN_OBJC_REPEATED_USE_OF_WEAK = YES;
				CLANG_WARN_SUSPICIOUS_IMPLICIT_CONVERSION = YES;
				COMBINE_HIDPI_IMAGES = YES;
				DEAD_CODE_STRIPPING = YES;
				FRAMEWORK_SEARCH_PATHS = (
					"$(inherited)",
					"$(SRCROOT)/Frameworks",
				);
				GCC_PRECOMPILE_PREFIX_HEADER = YES;
				GCC_PREFIX_HEADER = "Switch/Switch-Prefix.pch";
				GCC_WARN_ABOUT_MISSING_NEWLINE = YES;
				GCC_WARN_INITIALIZER_NOT_FULLY_BRACKETED = YES;
				GCC_WARN_MULTIPLE_DEFINITION_TYPES_FOR_SELECTOR = YES;
				GCC_WARN_SHADOW = YES;
				GCC_WARN_SIGN_COMPARE = YES;
				GCC_WARN_UNDECLARED_SELECTOR = YES;
				GCC_WARN_UNKNOWN_PRAGMAS = YES;
				GCC_WARN_UNUSED_FUNCTION = YES;
				GCC_WARN_UNUSED_LABEL = YES;
				GCC_WARN_UNUSED_VARIABLE = YES;
				INFOPLIST_FILE = "Switch/Switch-Info.plist";
				PRODUCT_NAME = "$(TARGET_NAME)";
				WRAPPER_EXTENSION = app;
			};
			name = Release;
		};
		BCA7351216DAC54000CD4C74 /* Debug */ = {
			isa = XCBuildConfiguration;
			buildSettings = {
				BUNDLE_LOADER = "$(BUILT_PRODUCTS_DIR)/Switch.app/Contents/MacOS/Switch";
				CODE_SIGN_IDENTITY = "";
				COMBINE_HIDPI_IMAGES = YES;
				FRAMEWORK_SEARCH_PATHS = "\"$(DEVELOPER_LIBRARY_DIR)/Frameworks\"";
				GCC_PRECOMPILE_PREFIX_HEADER = YES;
				GCC_PREFIX_HEADER = "Switch/Switch-Prefix.pch";
				INFOPLIST_FILE = "SwitchTests/SwitchTests-Info.plist";
				PRODUCT_NAME = "$(TARGET_NAME)";
				TEST_HOST = "$(BUNDLE_LOADER)";
			};
			name = Debug;
		};
		BCA7351316DAC54000CD4C74 /* Release */ = {
			isa = XCBuildConfiguration;
			buildSettings = {
				BUNDLE_LOADER = "$(BUILT_PRODUCTS_DIR)/Switch.app/Contents/MacOS/Switch";
				CODE_SIGN_IDENTITY = "";
				COMBINE_HIDPI_IMAGES = YES;
				FRAMEWORK_SEARCH_PATHS = "\"$(DEVELOPER_LIBRARY_DIR)/Frameworks\"";
				GCC_PRECOMPILE_PREFIX_HEADER = YES;
				GCC_PREFIX_HEADER = "Switch/Switch-Prefix.pch";
				INFOPLIST_FILE = "SwitchTests/SwitchTests-Info.plist";
				PRODUCT_NAME = "$(TARGET_NAME)";
				TEST_HOST = "$(BUNDLE_LOADER)";
			};
			name = Release;
		};
/* End XCBuildConfiguration section */

/* Begin XCConfigurationList section */
		BC275C2818CFD3CA00761247 /* Build configuration list for PBXNativeTarget "relaunch" */ = {
			isa = XCConfigurationList;
			buildConfigurations = (
				BC275C1A18CFD3CA00761247 /* Debug */,
				BC275C1B18CFD3CA00761247 /* Release */,
			);
			defaultConfigurationIsVisible = 0;
			defaultConfigurationName = Release;
		};
		BCA734D816DAC53F00CD4C74 /* Build configuration list for PBXProject "Switch" */ = {
			isa = XCConfigurationList;
			buildConfigurations = (
				BCA7350C16DAC54000CD4C74 /* Debug */,
				BCA7350D16DAC54000CD4C74 /* Release */,
			);
			defaultConfigurationIsVisible = 0;
			defaultConfigurationName = Release;
		};
		BCA7350E16DAC54000CD4C74 /* Build configuration list for PBXNativeTarget "Switch" */ = {
			isa = XCConfigurationList;
			buildConfigurations = (
				BCA7350F16DAC54000CD4C74 /* Debug */,
				BCA7351016DAC54000CD4C74 /* Release */,
			);
			defaultConfigurationIsVisible = 0;
			defaultConfigurationName = Release;
		};
		BCA7351116DAC54000CD4C74 /* Build configuration list for PBXNativeTarget "SwitchTests" */ = {
			isa = XCConfigurationList;
			buildConfigurations = (
				BCA7351216DAC54000CD4C74 /* Debug */,
				BCA7351316DAC54000CD4C74 /* Release */,
			);
			defaultConfigurationIsVisible = 0;
			defaultConfigurationName = Release;
		};
/* End XCConfigurationList section */
	};
	rootObject = BCA734D516DAC53F00CD4C74 /* Project object */;
}
