// !$*UTF8*$!
{
	archiveVersion = 1;
	classes = {
	};
	objectVersion = 46;
	objects = {

/* Begin PBXBuildFile section */
		BC3B3B6F175E505D002AD452 /* NNAXLifetimeTracker.m in Sources */ = {isa = PBXBuildFile; fileRef = BC3B3B6E175E505C002AD452 /* NNAXLifetimeTracker.m */; };
		BC63AB8F1755907D00016B9E /* NNHUDCollectionView.m in Sources */ = {isa = PBXBuildFile; fileRef = BC63AB8E1755907D00016B9E /* NNHUDCollectionView.m */; };
		BC63AB921756FBE400016B9E /* Carbon.framework in Frameworks */ = {isa = PBXBuildFile; fileRef = BC63AB911756FBE300016B9E /* Carbon.framework */; };
		BC63AB9A175701D900016B9E /* Haxcessibility.framework in Frameworks */ = {isa = PBXBuildFile; fileRef = BC63AB99175701C200016B9E /* Haxcessibility.framework */; };
		BC63ABA517598C4100016B9E /* debugger.c in Sources */ = {isa = PBXBuildFile; fileRef = BC63ABA217598C4100016B9E /* debugger.c */; };
		BCA734E116DAC53F00CD4C74 /* Cocoa.framework in Frameworks */ = {isa = PBXBuildFile; fileRef = BCA734E016DAC53F00CD4C74 /* Cocoa.framework */; };
		BCA734EB16DAC53F00CD4C74 /* InfoPlist.strings in Resources */ = {isa = PBXBuildFile; fileRef = BCA734E916DAC53F00CD4C74 /* InfoPlist.strings */; };
		BCA734ED16DAC53F00CD4C74 /* main.m in Sources */ = {isa = PBXBuildFile; fileRef = BCA734EC16DAC53F00CD4C74 /* main.m */; };
		BCA734F116DAC53F00CD4C74 /* Credits.rtf in Resources */ = {isa = PBXBuildFile; fileRef = BCA734EF16DAC53F00CD4C74 /* Credits.rtf */; };
		BCA734F416DAC53F00CD4C74 /* NNAppDelegate.m in Sources */ = {isa = PBXBuildFile; fileRef = BCA734F316DAC53F00CD4C74 /* NNAppDelegate.m */; };
		BCA734F716DAC53F00CD4C74 /* MainMenu.xib in Resources */ = {isa = PBXBuildFile; fileRef = BCA734F516DAC53F00CD4C74 /* MainMenu.xib */; };
		BCA734FF16DAC54000CD4C74 /* SenTestingKit.framework in Frameworks */ = {isa = PBXBuildFile; fileRef = BCA734FE16DAC54000CD4C74 /* SenTestingKit.framework */; };
		BCA7350016DAC54000CD4C74 /* Cocoa.framework in Frameworks */ = {isa = PBXBuildFile; fileRef = BCA734E016DAC53F00CD4C74 /* Cocoa.framework */; };
		BCA7350816DAC54000CD4C74 /* InfoPlist.strings in Resources */ = {isa = PBXBuildFile; fileRef = BCA7350616DAC54000CD4C74 /* InfoPlist.strings */; };
		BCA7350B16DAC54000CD4C74 /* SwitchTests.m in Sources */ = {isa = PBXBuildFile; fileRef = BCA7350A16DAC54000CD4C74 /* SwitchTests.m */; };
		BCA7351716DAC59000CD4C74 /* NNWindowStore.m in Sources */ = {isa = PBXBuildFile; fileRef = BCA7351616DAC59000CD4C74 /* NNWindowStore.m */; };
		BCA7351B16DAC5E200CD4C74 /* NNWindowListWorker.m in Sources */ = {isa = PBXBuildFile; fileRef = BCA7351A16DAC5E200CD4C74 /* NNWindowListWorker.m */; };
		BCA7351E16DAC61F00CD4C74 /* NNWindow.m in Sources */ = {isa = PBXBuildFile; fileRef = BCA7351D16DAC61F00CD4C74 /* NNWindow.m */; };
		BCA7352216DAC6A900CD4C74 /* NNWindowWorker.m in Sources */ = {isa = PBXBuildFile; fileRef = BCA7352116DAC6A900CD4C74 /* NNWindowWorker.m */; };
		BCA7352516DAC93C00CD4C74 /* NNApplication.m in Sources */ = {isa = PBXBuildFile; fileRef = BCA7352416DAC93C00CD4C74 /* NNApplication.m */; };
		BCA7352B16DB1E9C00CD4C74 /* despatch.m in Sources */ = {isa = PBXBuildFile; fileRef = BCA7352A16DB1E9C00CD4C74 /* despatch.m */; };
		BCA7352F16DB239900CD4C74 /* NNWindowThumbnailView.m in Sources */ = {isa = PBXBuildFile; fileRef = BCA7352E16DB239900CD4C74 /* NNWindowThumbnailView.m */; };
		BCA7353316DB2C0100CD4C74 /* NNHotKeyManager.m in Sources */ = {isa = PBXBuildFile; fileRef = BCA7353216DB2C0100CD4C74 /* NNHotKeyManager.m */; };
		BCA7353816E148EF00CD4C74 /* NNRoundedRectView.m in Sources */ = {isa = PBXBuildFile; fileRef = BCA7353716E148EF00CD4C74 /* NNRoundedRectView.m */; };
		BCA7353A16E14EF000CD4C74 /* QuartzCore.framework in Frameworks */ = {isa = PBXBuildFile; fileRef = BCA7353916E14EF000CD4C74 /* QuartzCore.framework */; };
		BCA7354316E1621400CD4C74 /* constants.m in Sources */ = {isa = PBXBuildFile; fileRef = BCA7354216E1621400CD4C74 /* constants.m */; };
		BCA7354916E1F14D00CD4C74 /* NNSelectionBoxView.m in Sources */ = {isa = PBXBuildFile; fileRef = BCA7354816E1F14D00CD4C74 /* NNSelectionBoxView.m */; };
		BCA7354D16E2ED5000CD4C74 /* NNHUDView.m in Sources */ = {isa = PBXBuildFile; fileRef = BCA7354C16E2ED5000CD4C74 /* NNHUDView.m */; };
		BCE6987C1773B71C009CFD12 /* NNApplicationCache.m in Sources */ = {isa = PBXBuildFile; fileRef = BCE6987B1773B71C009CFD12 /* NNApplicationCache.m */; };
		BCE6987F1773B8B1009CFD12 /* NNWindowCache.m in Sources */ = {isa = PBXBuildFile; fileRef = BCE6987E1773B8B1009CFD12 /* NNWindowCache.m */; };
		BCF357E9176CEEF200458AFF /* ReactiveCocoa.framework in Frameworks */ = {isa = PBXBuildFile; fileRef = BCF357E0176CEE9F00458AFF /* ReactiveCocoa.framework */; };
/* End PBXBuildFile section */

/* Begin PBXContainerItemProxy section */
		BC63AB98175701C200016B9E /* PBXContainerItemProxy */ = {
			isa = PBXContainerItemProxy;
			containerPortal = BC63AB94175701C200016B9E /* Haxcessibility.xcodeproj */;
			proxyType = 2;
			remoteGlobalIDString = 8DC2EF5B0486A6940098B216;
			remoteInfo = Haxcessibility;
		};
		BC63AB9B175701DD00016B9E /* PBXContainerItemProxy */ = {
			isa = PBXContainerItemProxy;
			containerPortal = BC63AB94175701C200016B9E /* Haxcessibility.xcodeproj */;
			proxyType = 1;
			remoteGlobalIDString = 8DC2EF4F0486A6940098B216;
			remoteInfo = Haxcessibility;
		};
		BCA7350116DAC54000CD4C74 /* PBXContainerItemProxy */ = {
			isa = PBXContainerItemProxy;
			containerPortal = BCA734D516DAC53F00CD4C74 /* Project object */;
			proxyType = 1;
			remoteGlobalIDString = BCA734DC16DAC53F00CD4C74;
			remoteInfo = Switch;
		};
		BCF357DF176CEE9F00458AFF /* PBXContainerItemProxy */ = {
			isa = PBXContainerItemProxy;
			containerPortal = BCF357D6176CEE9E00458AFF /* ReactiveCocoa.xcodeproj */;
			proxyType = 2;
			remoteGlobalIDString = 88037F8315056328001A5B19;
			remoteInfo = ReactiveCocoa;
		};
		BCF357E1176CEE9F00458AFF /* PBXContainerItemProxy */ = {
			isa = PBXContainerItemProxy;
			containerPortal = BCF357D6176CEE9E00458AFF /* ReactiveCocoa.xcodeproj */;
			proxyType = 2;
			remoteGlobalIDString = 88F440AB153DAC820097B4C3;
			remoteInfo = "ReactiveCocoa-iOS";
		};
		BCF357E3176CEE9F00458AFF /* PBXContainerItemProxy */ = {
			isa = PBXContainerItemProxy;
			containerPortal = BCF357D6176CEE9E00458AFF /* ReactiveCocoa.xcodeproj */;
			proxyType = 2;
			remoteGlobalIDString = 88CDF7DC15000FCF00163A9F;
			remoteInfo = ReactiveCocoaTests;
		};
		BCF357E5176CEE9F00458AFF /* PBXContainerItemProxy */ = {
			isa = PBXContainerItemProxy;
			containerPortal = BCF357D6176CEE9E00458AFF /* ReactiveCocoa.xcodeproj */;
			proxyType = 2;
			remoteGlobalIDString = 5FAF5223174D4C2000CAC810;
			remoteInfo = "ReactiveCocoaTests-iOS";
		};
		BCF357E7176CEEEB00458AFF /* PBXContainerItemProxy */ = {
			isa = PBXContainerItemProxy;
			containerPortal = BCF357D6176CEE9E00458AFF /* ReactiveCocoa.xcodeproj */;
			proxyType = 1;
			remoteGlobalIDString = 88037F8215056328001A5B19;
			remoteInfo = ReactiveCocoa;
		};
/* End PBXContainerItemProxy section */

/* Begin PBXFileReference section */
		BC3B3B6D175E505C002AD452 /* NNWindowCache.h */ = {isa = PBXFileReference; fileEncoding = 4; lastKnownFileType = sourcecode.c.h; path = NNWindowCache.h; sourceTree = "<group>"; };
		BC3B3B6E175E505C002AD452 /* NNAXLifetimeTracker.m */ = {isa = PBXFileReference; fileEncoding = 4; lastKnownFileType = sourcecode.c.objc; path = NNAXLifetimeTracker.m; sourceTree = "<group>"; };
		BC63AB8D1755907D00016B9E /* NNHUDCollectionView.h */ = {isa = PBXFileReference; fileEncoding = 4; lastKnownFileType = sourcecode.c.h; path = NNHUDCollectionView.h; sourceTree = "<group>"; };
		BC63AB8E1755907D00016B9E /* NNHUDCollectionView.m */ = {isa = PBXFileReference; fileEncoding = 4; lastKnownFileType = sourcecode.c.objc; path = NNHUDCollectionView.m; sourceTree = "<group>"; };
		BC63AB911756FBE300016B9E /* Carbon.framework */ = {isa = PBXFileReference; lastKnownFileType = wrapper.framework; name = Carbon.framework; path = System/Library/Frameworks/Carbon.framework; sourceTree = SDKROOT; };
		BC63AB94175701C200016B9E /* Haxcessibility.xcodeproj */ = {isa = PBXFileReference; lastKnownFileType = "wrapper.pb-project"; name = Haxcessibility.xcodeproj; path = Frameworks/Haxcessibility/Haxcessibility.xcodeproj; sourceTree = "<group>"; };
		BC63ABA217598C4100016B9E /* debugger.c */ = {isa = PBXFileReference; fileEncoding = 4; lastKnownFileType = sourcecode.c.c; path = debugger.c; sourceTree = "<group>"; };
		BC63ABA317598C4100016B9E /* debugger.h */ = {isa = PBXFileReference; fileEncoding = 4; lastKnownFileType = sourcecode.c.h; path = debugger.h; sourceTree = "<group>"; };
		BC63ABA71759AB4900016B9E /* NNApplication+Private.h */ = {isa = PBXFileReference; lastKnownFileType = sourcecode.c.h; path = "NNApplication+Private.h"; sourceTree = "<group>"; };
		BCA734DD16DAC53F00CD4C74 /* Switch.app */ = {isa = PBXFileReference; explicitFileType = wrapper.application; includeInIndex = 0; path = Switch.app; sourceTree = BUILT_PRODUCTS_DIR; };
		BCA734E016DAC53F00CD4C74 /* Cocoa.framework */ = {isa = PBXFileReference; lastKnownFileType = wrapper.framework; name = Cocoa.framework; path = System/Library/Frameworks/Cocoa.framework; sourceTree = SDKROOT; };
		BCA734E316DAC53F00CD4C74 /* AppKit.framework */ = {isa = PBXFileReference; lastKnownFileType = wrapper.framework; name = AppKit.framework; path = System/Library/Frameworks/AppKit.framework; sourceTree = SDKROOT; };
		BCA734E416DAC53F00CD4C74 /* CoreData.framework */ = {isa = PBXFileReference; lastKnownFileType = wrapper.framework; name = CoreData.framework; path = System/Library/Frameworks/CoreData.framework; sourceTree = SDKROOT; };
		BCA734E516DAC53F00CD4C74 /* Foundation.framework */ = {isa = PBXFileReference; lastKnownFileType = wrapper.framework; name = Foundation.framework; path = System/Library/Frameworks/Foundation.framework; sourceTree = SDKROOT; };
		BCA734E816DAC53F00CD4C74 /* Switch-Info.plist */ = {isa = PBXFileReference; lastKnownFileType = text.plist.xml; path = "Switch-Info.plist"; sourceTree = "<group>"; };
		BCA734EA16DAC53F00CD4C74 /* en */ = {isa = PBXFileReference; lastKnownFileType = text.plist.strings; name = en; path = en.lproj/InfoPlist.strings; sourceTree = "<group>"; };
		BCA734EC16DAC53F00CD4C74 /* main.m */ = {isa = PBXFileReference; lastKnownFileType = sourcecode.c.objc; path = main.m; sourceTree = "<group>"; };
		BCA734EE16DAC53F00CD4C74 /* Switch-Prefix.pch */ = {isa = PBXFileReference; lastKnownFileType = sourcecode.c.h; path = "Switch-Prefix.pch"; sourceTree = "<group>"; };
		BCA734F016DAC53F00CD4C74 /* en */ = {isa = PBXFileReference; lastKnownFileType = text.rtf; name = en; path = en.lproj/Credits.rtf; sourceTree = "<group>"; };
		BCA734F216DAC53F00CD4C74 /* NNAppDelegate.h */ = {isa = PBXFileReference; lastKnownFileType = sourcecode.c.h; path = NNAppDelegate.h; sourceTree = "<group>"; };
		BCA734F316DAC53F00CD4C74 /* NNAppDelegate.m */ = {isa = PBXFileReference; lastKnownFileType = sourcecode.c.objc; path = NNAppDelegate.m; sourceTree = "<group>"; };
		BCA734F616DAC53F00CD4C74 /* en */ = {isa = PBXFileReference; lastKnownFileType = file.xib; name = en; path = en.lproj/MainMenu.xib; sourceTree = "<group>"; };
		BCA734FD16DAC54000CD4C74 /* SwitchTests.octest */ = {isa = PBXFileReference; explicitFileType = wrapper.cfbundle; includeInIndex = 0; path = SwitchTests.octest; sourceTree = BUILT_PRODUCTS_DIR; };
		BCA734FE16DAC54000CD4C74 /* SenTestingKit.framework */ = {isa = PBXFileReference; lastKnownFileType = wrapper.framework; name = SenTestingKit.framework; path = Library/Frameworks/SenTestingKit.framework; sourceTree = DEVELOPER_DIR; };
		BCA7350516DAC54000CD4C74 /* SwitchTests-Info.plist */ = {isa = PBXFileReference; lastKnownFileType = text.plist.xml; path = "SwitchTests-Info.plist"; sourceTree = "<group>"; };
		BCA7350716DAC54000CD4C74 /* en */ = {isa = PBXFileReference; lastKnownFileType = text.plist.strings; name = en; path = en.lproj/InfoPlist.strings; sourceTree = "<group>"; };
		BCA7350916DAC54000CD4C74 /* SwitchTests.h */ = {isa = PBXFileReference; lastKnownFileType = sourcecode.c.h; path = SwitchTests.h; sourceTree = "<group>"; };
		BCA7350A16DAC54000CD4C74 /* SwitchTests.m */ = {isa = PBXFileReference; lastKnownFileType = sourcecode.c.objc; path = SwitchTests.m; sourceTree = "<group>"; };
		BCA7351516DAC59000CD4C74 /* NNWindowStore.h */ = {isa = PBXFileReference; fileEncoding = 4; lastKnownFileType = sourcecode.c.h; path = NNWindowStore.h; sourceTree = "<group>"; };
		BCA7351616DAC59000CD4C74 /* NNWindowStore.m */ = {isa = PBXFileReference; fileEncoding = 4; lastKnownFileType = sourcecode.c.objc; path = NNWindowStore.m; sourceTree = "<group>"; };
		BCA7351916DAC5E200CD4C74 /* NNWindowListWorker.h */ = {isa = PBXFileReference; fileEncoding = 4; lastKnownFileType = sourcecode.c.h; path = NNWindowListWorker.h; sourceTree = "<group>"; };
		BCA7351A16DAC5E200CD4C74 /* NNWindowListWorker.m */ = {isa = PBXFileReference; fileEncoding = 4; lastKnownFileType = sourcecode.c.objc; path = NNWindowListWorker.m; sourceTree = "<group>"; };
		BCA7351C16DAC61F00CD4C74 /* NNWindow.h */ = {isa = PBXFileReference; fileEncoding = 4; lastKnownFileType = sourcecode.c.h; path = NNWindow.h; sourceTree = "<group>"; };
		BCA7351D16DAC61F00CD4C74 /* NNWindow.m */ = {isa = PBXFileReference; fileEncoding = 4; lastKnownFileType = sourcecode.c.objc; path = NNWindow.m; sourceTree = "<group>"; };
		BCA7351F16DAC62C00CD4C74 /* NNWindow+Private.h */ = {isa = PBXFileReference; lastKnownFileType = sourcecode.c.h; path = "NNWindow+Private.h"; sourceTree = "<group>"; };
		BCA7352016DAC6A900CD4C74 /* NNWindowWorker.h */ = {isa = PBXFileReference; fileEncoding = 4; lastKnownFileType = sourcecode.c.h; path = NNWindowWorker.h; sourceTree = "<group>"; };
		BCA7352116DAC6A900CD4C74 /* NNWindowWorker.m */ = {isa = PBXFileReference; fileEncoding = 4; lastKnownFileType = sourcecode.c.objc; path = NNWindowWorker.m; sourceTree = "<group>"; };
		BCA7352316DAC93C00CD4C74 /* NNApplication.h */ = {isa = PBXFileReference; fileEncoding = 4; lastKnownFileType = sourcecode.c.h; path = NNApplication.h; sourceTree = "<group>"; };
		BCA7352416DAC93C00CD4C74 /* NNApplication.m */ = {isa = PBXFileReference; fileEncoding = 4; lastKnownFileType = sourcecode.c.objc; path = NNApplication.m; sourceTree = "<group>"; };
		BCA7352916DB1E9C00CD4C74 /* despatch.h */ = {isa = PBXFileReference; fileEncoding = 4; lastKnownFileType = sourcecode.c.h; path = despatch.h; sourceTree = "<group>"; };
		BCA7352A16DB1E9C00CD4C74 /* despatch.m */ = {isa = PBXFileReference; fileEncoding = 4; lastKnownFileType = sourcecode.c.objc; path = despatch.m; sourceTree = "<group>"; };
		BCA7352D16DB239900CD4C74 /* NNWindowThumbnailView.h */ = {isa = PBXFileReference; fileEncoding = 4; lastKnownFileType = sourcecode.c.h; path = NNWindowThumbnailView.h; sourceTree = "<group>"; };
		BCA7352E16DB239900CD4C74 /* NNWindowThumbnailView.m */ = {isa = PBXFileReference; fileEncoding = 4; lastKnownFileType = sourcecode.c.objc; path = NNWindowThumbnailView.m; sourceTree = "<group>"; };
		BCA7353116DB2C0100CD4C74 /* NNHotKeyManager.h */ = {isa = PBXFileReference; fileEncoding = 4; lastKnownFileType = sourcecode.c.h; path = NNHotKeyManager.h; sourceTree = "<group>"; };
		BCA7353216DB2C0100CD4C74 /* NNHotKeyManager.m */ = {isa = PBXFileReference; fileEncoding = 4; lastKnownFileType = sourcecode.c.objc; path = NNHotKeyManager.m; sourceTree = "<group>"; };
		BCA7353616E148EF00CD4C74 /* NNRoundedRectView.h */ = {isa = PBXFileReference; fileEncoding = 4; lastKnownFileType = sourcecode.c.h; path = NNRoundedRectView.h; sourceTree = "<group>"; };
		BCA7353716E148EF00CD4C74 /* NNRoundedRectView.m */ = {isa = PBXFileReference; fileEncoding = 4; lastKnownFileType = sourcecode.c.objc; path = NNRoundedRectView.m; sourceTree = "<group>"; };
		BCA7353916E14EF000CD4C74 /* QuartzCore.framework */ = {isa = PBXFileReference; lastKnownFileType = wrapper.framework; name = QuartzCore.framework; path = System/Library/Frameworks/QuartzCore.framework; sourceTree = SDKROOT; };
		BCA7354116E1621400CD4C74 /* constants.h */ = {isa = PBXFileReference; fileEncoding = 4; lastKnownFileType = sourcecode.c.h; path = constants.h; sourceTree = "<group>"; };
		BCA7354216E1621400CD4C74 /* constants.m */ = {isa = PBXFileReference; fileEncoding = 4; lastKnownFileType = sourcecode.c.objc; path = constants.m; sourceTree = "<group>"; };
		BCA7354716E1F14D00CD4C74 /* NNSelectionBoxView.h */ = {isa = PBXFileReference; fileEncoding = 4; lastKnownFileType = sourcecode.c.h; path = NNSelectionBoxView.h; sourceTree = "<group>"; };
		BCA7354816E1F14D00CD4C74 /* NNSelectionBoxView.m */ = {isa = PBXFileReference; fileEncoding = 4; lastKnownFileType = sourcecode.c.objc; path = NNSelectionBoxView.m; sourceTree = "<group>"; };
		BCA7354A16E2AC3F00CD4C74 /* imageComparators.h */ = {isa = PBXFileReference; lastKnownFileType = sourcecode.c.h; path = imageComparators.h; sourceTree = "<group>"; };
		BCA7354B16E2ED5000CD4C74 /* NNHUDView.h */ = {isa = PBXFileReference; fileEncoding = 4; lastKnownFileType = sourcecode.c.h; path = NNHUDView.h; sourceTree = "<group>"; };
		BCA7354C16E2ED5000CD4C74 /* NNHUDView.m */ = {isa = PBXFileReference; fileEncoding = 4; lastKnownFileType = sourcecode.c.objc; path = NNHUDView.m; sourceTree = "<group>"; };
		BCE6987A1773B71C009CFD12 /* NNApplicationCache.h */ = {isa = PBXFileReference; fileEncoding = 4; lastKnownFileType = sourcecode.c.h; path = NNApplicationCache.h; sourceTree = "<group>"; };
		BCE6987B1773B71C009CFD12 /* NNApplicationCache.m */ = {isa = PBXFileReference; fileEncoding = 4; lastKnownFileType = sourcecode.c.objc; path = NNApplicationCache.m; sourceTree = "<group>"; };
		BCE6987D1773B8B1009CFD12 /* NNAXLifetimeTracker.h */ = {isa = PBXFileReference; fileEncoding = 4; lastKnownFileType = sourcecode.c.h; path = NNAXLifetimeTracker.h; sourceTree = "<group>"; };
		BCE6987E1773B8B1009CFD12 /* NNWindowCache.m */ = {isa = PBXFileReference; fileEncoding = 4; lastKnownFileType = sourcecode.c.objc; path = NNWindowCache.m; sourceTree = "<group>"; };
		BCF357D6176CEE9E00458AFF /* ReactiveCocoa.xcodeproj */ = {isa = PBXFileReference; lastKnownFileType = "wrapper.pb-project"; name = ReactiveCocoa.xcodeproj; path = Frameworks/ReactiveCocoa/ReactiveCocoaFramework/ReactiveCocoa.xcodeproj; sourceTree = "<group>"; };
/* End PBXFileReference section */

/* Begin PBXFrameworksBuildPhase section */
		BCA734DA16DAC53F00CD4C74 /* Frameworks */ = {
			isa = PBXFrameworksBuildPhase;
			buildActionMask = 2147483647;
			files = (
				BCF357E9176CEEF200458AFF /* ReactiveCocoa.framework in Frameworks */,
				BC63AB9A175701D900016B9E /* Haxcessibility.framework in Frameworks */,
				BC63AB921756FBE400016B9E /* Carbon.framework in Frameworks */,
				BCA7353A16E14EF000CD4C74 /* QuartzCore.framework in Frameworks */,
				BCA734E116DAC53F00CD4C74 /* Cocoa.framework in Frameworks */,
			);
			runOnlyForDeploymentPostprocessing = 0;
		};
		BCA734F916DAC54000CD4C74 /* Frameworks */ = {
			isa = PBXFrameworksBuildPhase;
			buildActionMask = 2147483647;
			files = (
				BCA734FF16DAC54000CD4C74 /* SenTestingKit.framework in Frameworks */,
				BCA7350016DAC54000CD4C74 /* Cocoa.framework in Frameworks */,
			);
			runOnlyForDeploymentPostprocessing = 0;
		};
/* End PBXFrameworksBuildPhase section */

/* Begin PBXGroup section */
		BC63AB901755C6EC00016B9E /* Controller */ = {
			isa = PBXGroup;
			children = (
				BCA734F216DAC53F00CD4C74 /* NNAppDelegate.h */,
				BCA734F316DAC53F00CD4C74 /* NNAppDelegate.m */,
			);
			name = Controller;
			sourceTree = "<group>";
		};
		BC63AB93175701BA00016B9E /* Haxcessibility */ = {
			isa = PBXGroup;
			children = (
				BC63AB94175701C200016B9E /* Haxcessibility.xcodeproj */,
			);
			name = Haxcessibility;
			sourceTree = "<group>";
		};
		BC63AB95175701C200016B9E /* Products */ = {
			isa = PBXGroup;
			children = (
				BC63AB99175701C200016B9E /* Haxcessibility.framework */,
			);
			name = Products;
			sourceTree = "<group>";
		};
		BC63ABA117598C4100016B9E /* debugger */ = {
			isa = PBXGroup;
			children = (
				BC63ABA217598C4100016B9E /* debugger.c */,
				BC63ABA317598C4100016B9E /* debugger.h */,
			);
			name = debugger;
			path = Frameworks/debugger;
			sourceTree = "<group>";
		};
		BCA734D416DAC53F00CD4C74 = {
			isa = PBXGroup;
			children = (
				BCA734E616DAC53F00CD4C74 /* Switch */,
				BCA7350316DAC54000CD4C74 /* SwitchTests */,
				BCA734DF16DAC53F00CD4C74 /* Frameworks */,
				BCA734DE16DAC53F00CD4C74 /* Products */,
			);
			sourceTree = "<group>";
		};
		BCA734DE16DAC53F00CD4C74 /* Products */ = {
			isa = PBXGroup;
			children = (
				BCA734DD16DAC53F00CD4C74 /* Switch.app */,
				BCA734FD16DAC54000CD4C74 /* SwitchTests.octest */,
			);
			name = Products;
			sourceTree = "<group>";
		};
		BCA734DF16DAC53F00CD4C74 /* Frameworks */ = {
			isa = PBXGroup;
			children = (
				BC63ABA117598C4100016B9E /* debugger */,
				BC63AB93175701BA00016B9E /* Haxcessibility */,
				BCF357D5176CEE0200458AFF /* ReactiveCocoa */,
				BCA734E216DAC53F00CD4C74 /* Other Frameworks */,
			);
			name = Frameworks;
			sourceTree = "<group>";
		};
		BCA734E216DAC53F00CD4C74 /* Other Frameworks */ = {
			isa = PBXGroup;
			children = (
				BCA734E316DAC53F00CD4C74 /* AppKit.framework */,
				BC63AB911756FBE300016B9E /* Carbon.framework */,
				BCA734E016DAC53F00CD4C74 /* Cocoa.framework */,
				BCA734E416DAC53F00CD4C74 /* CoreData.framework */,
				BCA734E516DAC53F00CD4C74 /* Foundation.framework */,
				BCA7353916E14EF000CD4C74 /* QuartzCore.framework */,
				BCA734FE16DAC54000CD4C74 /* SenTestingKit.framework */,
			);
			name = "Other Frameworks";
			sourceTree = "<group>";
		};
		BCA734E616DAC53F00CD4C74 /* Switch */ = {
			isa = PBXGroup;
			children = (
				BC63AB901755C6EC00016B9E /* Controller */,
				BCA7353016DB2BDC00CD4C74 /* Logic */,
				BCA7351416DAC54C00CD4C74 /* Model */,
				BCA7352C16DB237E00CD4C74 /* View */,
				BCA734E716DAC53F00CD4C74 /* Supporting Files */,
			);
			path = Switch;
			sourceTree = "<group>";
		};
		BCA734E716DAC53F00CD4C74 /* Supporting Files */ = {
			isa = PBXGroup;
			children = (
				BCA7354116E1621400CD4C74 /* constants.h */,
				BCA7354216E1621400CD4C74 /* constants.m */,
				BCA734EF16DAC53F00CD4C74 /* Credits.rtf */,
				BCA734E916DAC53F00CD4C74 /* InfoPlist.strings */,
				BCA734EC16DAC53F00CD4C74 /* main.m */,
				BCA734E816DAC53F00CD4C74 /* Switch-Info.plist */,
				BCA734EE16DAC53F00CD4C74 /* Switch-Prefix.pch */,
			);
			name = "Supporting Files";
			sourceTree = "<group>";
		};
		BCA7350316DAC54000CD4C74 /* SwitchTests */ = {
			isa = PBXGroup;
			children = (
				BCA7350916DAC54000CD4C74 /* SwitchTests.h */,
				BCA7350A16DAC54000CD4C74 /* SwitchTests.m */,
				BCA7350416DAC54000CD4C74 /* Supporting Files */,
			);
			path = SwitchTests;
			sourceTree = "<group>";
		};
		BCA7350416DAC54000CD4C74 /* Supporting Files */ = {
			isa = PBXGroup;
			children = (
				BCA7350516DAC54000CD4C74 /* SwitchTests-Info.plist */,
				BCA7350616DAC54000CD4C74 /* InfoPlist.strings */,
			);
			name = "Supporting Files";
			sourceTree = "<group>";
		};
		BCA7351416DAC54C00CD4C74 /* Model */ = {
			isa = PBXGroup;
			children = (
				BCA7352316DAC93C00CD4C74 /* NNApplication.h */,
				BC63ABA71759AB4900016B9E /* NNApplication+Private.h */,
				BCA7352416DAC93C00CD4C74 /* NNApplication.m */,
				BCA7351C16DAC61F00CD4C74 /* NNWindow.h */,
				BCA7351F16DAC62C00CD4C74 /* NNWindow+Private.h */,
				BCA7351D16DAC61F00CD4C74 /* NNWindow.m */,
				BCA7351516DAC59000CD4C74 /* NNWindowStore.h */,
				BCA7351616DAC59000CD4C74 /* NNWindowStore.m */,
			);
			name = Model;
			sourceTree = "<group>";
		};
		BCA7352C16DB237E00CD4C74 /* View */ = {
			isa = PBXGroup;
			children = (
				BCA734F516DAC53F00CD4C74 /* MainMenu.xib */,
				BCA7354B16E2ED5000CD4C74 /* NNHUDView.h */,
				BCA7354C16E2ED5000CD4C74 /* NNHUDView.m */,
				BC63AB8D1755907D00016B9E /* NNHUDCollectionView.h */,
				BC63AB8E1755907D00016B9E /* NNHUDCollectionView.m */,
				BCA7353616E148EF00CD4C74 /* NNRoundedRectView.h */,
				BCA7353716E148EF00CD4C74 /* NNRoundedRectView.m */,
				BCA7354716E1F14D00CD4C74 /* NNSelectionBoxView.h */,
				BCA7354816E1F14D00CD4C74 /* NNSelectionBoxView.m */,
				BCA7352D16DB239900CD4C74 /* NNWindowThumbnailView.h */,
				BCA7352E16DB239900CD4C74 /* NNWindowThumbnailView.m */,
			);
			name = View;
			sourceTree = "<group>";
		};
		BCA7353016DB2BDC00CD4C74 /* Logic */ = {
			isa = PBXGroup;
			children = (
				BCE698801773B93A009CFD12 /* Caching */,
				BCA7358E16E585B800CD4C74 /* Concurrency */,
				BCA7358F16E585D400CD4C74 /* Polling */,
				BCA7354A16E2AC3F00CD4C74 /* imageComparators.h */,
				BCE6987D1773B8B1009CFD12 /* NNAXLifetimeTracker.h */,
				BC3B3B6E175E505C002AD452 /* NNAXLifetimeTracker.m */,
				BCA7353116DB2C0100CD4C74 /* NNHotKeyManager.h */,
				BCA7353216DB2C0100CD4C74 /* NNHotKeyManager.m */,
			);
			name = Logic;
			sourceTree = "<group>";
		};
		BCA7358E16E585B800CD4C74 /* Concurrency */ = {
			isa = PBXGroup;
			children = (
				BCA7352916DB1E9C00CD4C74 /* despatch.h */,
				BCA7352A16DB1E9C00CD4C74 /* despatch.m */,
			);
			name = Concurrency;
			sourceTree = "<group>";
		};
		BCA7358F16E585D400CD4C74 /* Polling */ = {
			isa = PBXGroup;
			children = (
				BCA7352016DAC6A900CD4C74 /* NNWindowWorker.h */,
				BCA7352116DAC6A900CD4C74 /* NNWindowWorker.m */,
				BCA7351916DAC5E200CD4C74 /* NNWindowListWorker.h */,
				BCA7351A16DAC5E200CD4C74 /* NNWindowListWorker.m */,
			);
			name = Polling;
			sourceTree = "<group>";
		};
		BCE698801773B93A009CFD12 /* Caching */ = {
			isa = PBXGroup;
			children = (
				BCE6987A1773B71C009CFD12 /* NNApplicationCache.h */,
				BCE6987B1773B71C009CFD12 /* NNApplicationCache.m */,
				BC3B3B6D175E505C002AD452 /* NNWindowCache.h */,
				BCE6987E1773B8B1009CFD12 /* NNWindowCache.m */,
			);
			name = Caching;
			sourceTree = "<group>";
		};
		BCF357D5176CEE0200458AFF /* ReactiveCocoa */ = {
			isa = PBXGroup;
			children = (
				BCF357D6176CEE9E00458AFF /* ReactiveCocoa.xcodeproj */,
			);
			name = ReactiveCocoa;
			sourceTree = "<group>";
		};
		BCF357D7176CEE9E00458AFF /* Products */ = {
			isa = PBXGroup;
			children = (
				BCF357E0176CEE9F00458AFF /* ReactiveCocoa.framework */,
				BCF357E2176CEE9F00458AFF /* libReactiveCocoa-iOS.a */,
				BCF357E4176CEE9F00458AFF /* ReactiveCocoaTests.octest */,
				BCF357E6176CEE9F00458AFF /* ReactiveCocoaTests-iOS.octest */,
			);
			name = Products;
			sourceTree = "<group>";
		};
/* End PBXGroup section */

/* Begin PBXNativeTarget section */
		BCA734DC16DAC53F00CD4C74 /* Switch */ = {
			isa = PBXNativeTarget;
			buildConfigurationList = BCA7350E16DAC54000CD4C74 /* Build configuration list for PBXNativeTarget "Switch" */;
			buildPhases = (
				BCA734D916DAC53F00CD4C74 /* Sources */,
				BCA734DA16DAC53F00CD4C74 /* Frameworks */,
				BCA734DB16DAC53F00CD4C74 /* Resources */,
			);
			buildRules = (
			);
			dependencies = (
				BCF357E8176CEEEB00458AFF /* PBXTargetDependency */,
				BC63AB9C175701DD00016B9E /* PBXTargetDependency */,
			);
			name = Switch;
			productName = Switch;
			productReference = BCA734DD16DAC53F00CD4C74 /* Switch.app */;
			productType = "com.apple.product-type.application";
		};
		BCA734FC16DAC54000CD4C74 /* SwitchTests */ = {
			isa = PBXNativeTarget;
			buildConfigurationList = BCA7351116DAC54000CD4C74 /* Build configuration list for PBXNativeTarget "SwitchTests" */;
			buildPhases = (
				BCA734F816DAC54000CD4C74 /* Sources */,
				BCA734F916DAC54000CD4C74 /* Frameworks */,
				BCA734FA16DAC54000CD4C74 /* Resources */,
				BCA734FB16DAC54000CD4C74 /* ShellScript */,
			);
			buildRules = (
			);
			dependencies = (
				BCA7350216DAC54000CD4C74 /* PBXTargetDependency */,
			);
			name = SwitchTests;
			productName = SwitchTests;
			productReference = BCA734FD16DAC54000CD4C74 /* SwitchTests.octest */;
			productType = "com.apple.product-type.bundle";
		};
/* End PBXNativeTarget section */

/* Begin PBXProject section */
		BCA734D516DAC53F00CD4C74 /* Project object */ = {
			isa = PBXProject;
			attributes = {
				CLASSPREFIX = NN;
				LastUpgradeCheck = 0500;
				ORGANIZATIONNAME = "Scott Perry";
			};
			buildConfigurationList = BCA734D816DAC53F00CD4C74 /* Build configuration list for PBXProject "Switch" */;
			compatibilityVersion = "Xcode 3.2";
			developmentRegion = English;
			hasScannedForEncodings = 0;
			knownRegions = (
				en,
			);
			mainGroup = BCA734D416DAC53F00CD4C74;
			productRefGroup = BCA734DE16DAC53F00CD4C74 /* Products */;
			projectDirPath = "";
			projectReferences = (
				{
					ProductGroup = BC63AB95175701C200016B9E /* Products */;
					ProjectRef = BC63AB94175701C200016B9E /* Haxcessibility.xcodeproj */;
				},
				{
					ProductGroup = BCF357D7176CEE9E00458AFF /* Products */;
					ProjectRef = BCF357D6176CEE9E00458AFF /* ReactiveCocoa.xcodeproj */;
				},
			);
			projectRoot = "";
			targets = (
				BCA734DC16DAC53F00CD4C74 /* Switch */,
				BCA734FC16DAC54000CD4C74 /* SwitchTests */,
			);
		};
/* End PBXProject section */

/* Begin PBXReferenceProxy section */
		BC63AB99175701C200016B9E /* Haxcessibility.framework */ = {
			isa = PBXReferenceProxy;
			fileType = wrapper.framework;
			path = Haxcessibility.framework;
			remoteRef = BC63AB98175701C200016B9E /* PBXContainerItemProxy */;
			sourceTree = BUILT_PRODUCTS_DIR;
		};
		BCF357E0176CEE9F00458AFF /* ReactiveCocoa.framework */ = {
			isa = PBXReferenceProxy;
			fileType = wrapper.framework;
			path = ReactiveCocoa.framework;
			remoteRef = BCF357DF176CEE9F00458AFF /* PBXContainerItemProxy */;
			sourceTree = BUILT_PRODUCTS_DIR;
		};
		BCF357E2176CEE9F00458AFF /* libReactiveCocoa-iOS.a */ = {
			isa = PBXReferenceProxy;
			fileType = archive.ar;
			path = "libReactiveCocoa-iOS.a";
			remoteRef = BCF357E1176CEE9F00458AFF /* PBXContainerItemProxy */;
			sourceTree = BUILT_PRODUCTS_DIR;
		};
		BCF357E4176CEE9F00458AFF /* ReactiveCocoaTests.octest */ = {
			isa = PBXReferenceProxy;
			fileType = wrapper.cfbundle;
			path = ReactiveCocoaTests.octest;
			remoteRef = BCF357E3176CEE9F00458AFF /* PBXContainerItemProxy */;
			sourceTree = BUILT_PRODUCTS_DIR;
		};
		BCF357E6176CEE9F00458AFF /* ReactiveCocoaTests-iOS.octest */ = {
			isa = PBXReferenceProxy;
			fileType = wrapper.cfbundle;
			path = "ReactiveCocoaTests-iOS.octest";
			remoteRef = BCF357E5176CEE9F00458AFF /* PBXContainerItemProxy */;
			sourceTree = BUILT_PRODUCTS_DIR;
		};
/* End PBXReferenceProxy section */

/* Begin PBXResourcesBuildPhase section */
		BCA734DB16DAC53F00CD4C74 /* Resources */ = {
			isa = PBXResourcesBuildPhase;
			buildActionMask = 2147483647;
			files = (
				BCA734EB16DAC53F00CD4C74 /* InfoPlist.strings in Resources */,
				BCA734F116DAC53F00CD4C74 /* Credits.rtf in Resources */,
				BCA734F716DAC53F00CD4C74 /* MainMenu.xib in Resources */,
			);
			runOnlyForDeploymentPostprocessing = 0;
		};
		BCA734FA16DAC54000CD4C74 /* Resources */ = {
			isa = PBXResourcesBuildPhase;
			buildActionMask = 2147483647;
			files = (
				BCA7350816DAC54000CD4C74 /* InfoPlist.strings in Resources */,
			);
			runOnlyForDeploymentPostprocessing = 0;
		};
/* End PBXResourcesBuildPhase section */

/* Begin PBXShellScriptBuildPhase section */
		BCA734FB16DAC54000CD4C74 /* ShellScript */ = {
			isa = PBXShellScriptBuildPhase;
			buildActionMask = 2147483647;
			files = (
			);
			inputPaths = (
			);
			outputPaths = (
			);
			runOnlyForDeploymentPostprocessing = 0;
			shellPath = /bin/sh;
			shellScript = "# Run the unit tests in this test bundle.\n\"${SYSTEM_DEVELOPER_DIR}/Tools/RunUnitTests\"\n";
		};
/* End PBXShellScriptBuildPhase section */

/* Begin PBXSourcesBuildPhase section */
		BCA734D916DAC53F00CD4C74 /* Sources */ = {
			isa = PBXSourcesBuildPhase;
			buildActionMask = 2147483647;
			files = (
				BCE6987F1773B8B1009CFD12 /* NNWindowCache.m in Sources */,
				BCA734ED16DAC53F00CD4C74 /* main.m in Sources */,
				BCE6987C1773B71C009CFD12 /* NNApplicationCache.m in Sources */,
				BCA734F416DAC53F00CD4C74 /* NNAppDelegate.m in Sources */,
				BCA7351716DAC59000CD4C74 /* NNWindowStore.m in Sources */,
				BCA7351B16DAC5E200CD4C74 /* NNWindowListWorker.m in Sources */,
				BCA7351E16DAC61F00CD4C74 /* NNWindow.m in Sources */,
				BCA7352216DAC6A900CD4C74 /* NNWindowWorker.m in Sources */,
				BCA7352516DAC93C00CD4C74 /* NNApplication.m in Sources */,
				BCA7352B16DB1E9C00CD4C74 /* despatch.m in Sources */,
				BCA7352F16DB239900CD4C74 /* NNWindowThumbnailView.m in Sources */,
				BCA7353316DB2C0100CD4C74 /* NNHotKeyManager.m in Sources */,
				BCA7353816E148EF00CD4C74 /* NNRoundedRectView.m in Sources */,
				BCA7354316E1621400CD4C74 /* constants.m in Sources */,
				BCA7354916E1F14D00CD4C74 /* NNSelectionBoxView.m in Sources */,
				BCA7354D16E2ED5000CD4C74 /* NNHUDView.m in Sources */,
				BC63AB8F1755907D00016B9E /* NNHUDCollectionView.m in Sources */,
				BC63ABA517598C4100016B9E /* debugger.c in Sources */,
				BC3B3B6F175E505D002AD452 /* NNAXLifetimeTracker.m in Sources */,
			);
			runOnlyForDeploymentPostprocessing = 0;
		};
		BCA734F816DAC54000CD4C74 /* Sources */ = {
			isa = PBXSourcesBuildPhase;
			buildActionMask = 2147483647;
			files = (
				BCA7350B16DAC54000CD4C74 /* SwitchTests.m in Sources */,
			);
			runOnlyForDeploymentPostprocessing = 0;
		};
/* End PBXSourcesBuildPhase section */

/* Begin PBXTargetDependency section */
		BC63AB9C175701DD00016B9E /* PBXTargetDependency */ = {
			isa = PBXTargetDependency;
			name = Haxcessibility;
			targetProxy = BC63AB9B175701DD00016B9E /* PBXContainerItemProxy */;
		};
		BCA7350216DAC54000CD4C74 /* PBXTargetDependency */ = {
			isa = PBXTargetDependency;
			target = BCA734DC16DAC53F00CD4C74 /* Switch */;
			targetProxy = BCA7350116DAC54000CD4C74 /* PBXContainerItemProxy */;
		};
		BCF357E8176CEEEB00458AFF /* PBXTargetDependency */ = {
			isa = PBXTargetDependency;
			name = ReactiveCocoa;
			targetProxy = BCF357E7176CEEEB00458AFF /* PBXContainerItemProxy */;
		};
/* End PBXTargetDependency section */

/* Begin PBXVariantGroup section */
		BCA734E916DAC53F00CD4C74 /* InfoPlist.strings */ = {
			isa = PBXVariantGroup;
			children = (
				BCA734EA16DAC53F00CD4C74 /* en */,
			);
			name = InfoPlist.strings;
			sourceTree = "<group>";
		};
		BCA734EF16DAC53F00CD4C74 /* Credits.rtf */ = {
			isa = PBXVariantGroup;
			children = (
				BCA734F016DAC53F00CD4C74 /* en */,
			);
			name = Credits.rtf;
			sourceTree = "<group>";
		};
		BCA734F516DAC53F00CD4C74 /* MainMenu.xib */ = {
			isa = PBXVariantGroup;
			children = (
				BCA734F616DAC53F00CD4C74 /* en */,
			);
			name = MainMenu.xib;
			sourceTree = "<group>";
		};
		BCA7350616DAC54000CD4C74 /* InfoPlist.strings */ = {
			isa = PBXVariantGroup;
			children = (
				BCA7350716DAC54000CD4C74 /* en */,
			);
			name = InfoPlist.strings;
			sourceTree = "<group>";
		};
/* End PBXVariantGroup section */

/* Begin XCBuildConfiguration section */
		BCA7350C16DAC54000CD4C74 /* Debug */ = {
			isa = XCBuildConfiguration;
			buildSettings = {
				ALWAYS_SEARCH_USER_PATHS = NO;
				CLANG_CXX_LANGUAGE_STANDARD = "gnu++0x";
				CLANG_CXX_LIBRARY = "libc++";
				CLANG_ENABLE_OBJC_ARC = YES;
				CLANG_WARN_CONSTANT_CONVERSION = YES;
				CLANG_WARN_EMPTY_BODY = YES;
				CLANG_WARN_ENUM_CONVERSION = YES;
				CLANG_WARN_INT_CONVERSION = YES;
				CLANG_WARN__DUPLICATE_METHOD_MATCH = YES;
				COPY_PHASE_STRIP = NO;
				GCC_C_LANGUAGE_STANDARD = gnu99;
				GCC_DYNAMIC_NO_PIC = NO;
				GCC_ENABLE_OBJC_EXCEPTIONS = YES;
				GCC_OPTIMIZATION_LEVEL = 0;
				GCC_PREPROCESSOR_DEFINITIONS = (
					"DEBUG=1",
					"$(inherited)",
				);
				GCC_SYMBOLS_PRIVATE_EXTERN = NO;
				GCC_WARN_64_TO_32_BIT_CONVERSION = YES;
				GCC_WARN_ABOUT_RETURN_TYPE = YES;
				GCC_WARN_UNINITIALIZED_AUTOS = YES;
				GCC_WARN_UNUSED_VARIABLE = YES;
				MACOSX_DEPLOYMENT_TARGET = 10.8;
				ONLY_ACTIVE_ARCH = YES;
				SDKROOT = macosx;
			};
			name = Debug;
		};
		BCA7350D16DAC54000CD4C74 /* Release */ = {
			isa = XCBuildConfiguration;
			buildSettings = {
				ALWAYS_SEARCH_USER_PATHS = NO;
				CLANG_CXX_LANGUAGE_STANDARD = "gnu++0x";
				CLANG_CXX_LIBRARY = "libc++";
				CLANG_ENABLE_OBJC_ARC = YES;
				CLANG_WARN_CONSTANT_CONVERSION = YES;
				CLANG_WARN_EMPTY_BODY = YES;
				CLANG_WARN_ENUM_CONVERSION = YES;
				CLANG_WARN_INT_CONVERSION = YES;
				CLANG_WARN__DUPLICATE_METHOD_MATCH = YES;
				COPY_PHASE_STRIP = YES;
				DEBUG_INFORMATION_FORMAT = "dwarf-with-dsym";
				GCC_C_LANGUAGE_STANDARD = gnu99;
				GCC_ENABLE_OBJC_EXCEPTIONS = YES;
				GCC_WARN_64_TO_32_BIT_CONVERSION = YES;
				GCC_WARN_ABOUT_RETURN_TYPE = YES;
				GCC_WARN_UNINITIALIZED_AUTOS = YES;
				GCC_WARN_UNUSED_VARIABLE = YES;
				LLVM_LTO = YES;
				MACOSX_DEPLOYMENT_TARGET = 10.8;
				SDKROOT = macosx;
			};
			name = Release;
		};
		BCA7350F16DAC54000CD4C74 /* Debug */ = {
			isa = XCBuildConfiguration;
			buildSettings = {
				COMBINE_HIDPI_IMAGES = YES;
				GCC_PRECOMPILE_PREFIX_HEADER = YES;
				GCC_PREFIX_HEADER = "Switch/Switch-Prefix.pch";
				INFOPLIST_FILE = "Switch/Switch-Info.plist";
				PRODUCT_NAME = "$(TARGET_NAME)";
				WRAPPER_EXTENSION = app;
			};
			name = Debug;
		};
		BCA7351016DAC54000CD4C74 /* Release */ = {
			isa = XCBuildConfiguration;
			buildSettings = {
				COMBINE_HIDPI_IMAGES = YES;
				GCC_PRECOMPILE_PREFIX_HEADER = YES;
				GCC_PREFIX_HEADER = "Switch/Switch-Prefix.pch";
				INFOPLIST_FILE = "Switch/Switch-Info.plist";
				PRODUCT_NAME = "$(TARGET_NAME)";
				WRAPPER_EXTENSION = app;
			};
			name = Release;
		};
		BCA7351216DAC54000CD4C74 /* Debug */ = {
			isa = XCBuildConfiguration;
			buildSettings = {
				BUNDLE_LOADER = "$(BUILT_PRODUCTS_DIR)/Switch.app/Contents/MacOS/Switch";
				COMBINE_HIDPI_IMAGES = YES;
				FRAMEWORK_SEARCH_PATHS = "\"$(DEVELOPER_LIBRARY_DIR)/Frameworks\"";
				GCC_PRECOMPILE_PREFIX_HEADER = YES;
				GCC_PREFIX_HEADER = "Switch/Switch-Prefix.pch";
				INFOPLIST_FILE = "SwitchTests/SwitchTests-Info.plist";
				PRODUCT_NAME = "$(TARGET_NAME)";
				TEST_HOST = "$(BUNDLE_LOADER)";
				WRAPPER_EXTENSION = octest;
			};
			name = Debug;
		};
		BCA7351316DAC54000CD4C74 /* Release */ = {
			isa = XCBuildConfiguration;
			buildSettings = {
				BUNDLE_LOADER = "$(BUILT_PRODUCTS_DIR)/Switch.app/Contents/MacOS/Switch";
				COMBINE_HIDPI_IMAGES = YES;
				FRAMEWORK_SEARCH_PATHS = "\"$(DEVELOPER_LIBRARY_DIR)/Frameworks\"";
				GCC_PRECOMPILE_PREFIX_HEADER = YES;
				GCC_PREFIX_HEADER = "Switch/Switch-Prefix.pch";
				INFOPLIST_FILE = "SwitchTests/SwitchTests-Info.plist";
				PRODUCT_NAME = "$(TARGET_NAME)";
				TEST_HOST = "$(BUNDLE_LOADER)";
				WRAPPER_EXTENSION = octest;
			};
			name = Release;
		};
/* End XCBuildConfiguration section */

/* Begin XCConfigurationList section */
		BCA734D816DAC53F00CD4C74 /* Build configuration list for PBXProject "Switch" */ = {
			isa = XCConfigurationList;
			buildConfigurations = (
				BCA7350C16DAC54000CD4C74 /* Debug */,
				BCA7350D16DAC54000CD4C74 /* Release */,
			);
			defaultConfigurationIsVisible = 0;
			defaultConfigurationName = Release;
		};
		BCA7350E16DAC54000CD4C74 /* Build configuration list for PBXNativeTarget "Switch" */ = {
			isa = XCConfigurationList;
			buildConfigurations = (
				BCA7350F16DAC54000CD4C74 /* Debug */,
				BCA7351016DAC54000CD4C74 /* Release */,
			);
			defaultConfigurationIsVisible = 0;
			defaultConfigurationName = Release;
		};
		BCA7351116DAC54000CD4C74 /* Build configuration list for PBXNativeTarget "SwitchTests" */ = {
			isa = XCConfigurationList;
			buildConfigurations = (
				BCA7351216DAC54000CD4C74 /* Debug */,
				BCA7351316DAC54000CD4C74 /* Release */,
			);
			defaultConfigurationIsVisible = 0;
			defaultConfigurationName = Release;
		};
/* End XCConfigurationList section */
	};
	rootObject = BCA734D516DAC53F00CD4C74 /* Project object */;
}
