// !$*UTF8*$!
{
	archiveVersion = 1;
	classes = {
	};
	objectVersion = 50;
	objects = {

/* Begin PBXBuildFile section */
		BC2121B424E25CE9009EAE3B /* PasteboardHistoryView.swift in Sources */ = {isa = PBXBuildFile; fileRef = BC2121B324E25CE9009EAE3B /* PasteboardHistoryView.swift */; };
		BC2121B624E29323009EAE3B /* Debugger Support.swift in Sources */ = {isa = PBXBuildFile; fileRef = BC2121B524E29323009EAE3B /* Debugger Support.swift */; };
		BC2121B924E3B4AF009EAE3B /* PasteboardHistory.xcdatamodeld in Sources */ = {isa = PBXBuildFile; fileRef = BC2121B724E3B4AF009EAE3B /* PasteboardHistory.xcdatamodeld */; };
		BC2121BB24E3B61E009EAE3B /* CoreData.framework in Frameworks */ = {isa = PBXBuildFile; fileRef = BC2121BA24E3B61E009EAE3B /* CoreData.framework */; };
		BC2121CD24E3DDD8009EAE3B /* main.m in Sources */ = {isa = PBXBuildFile; fileRef = BC2121CC24E3DDD8009EAE3B /* main.m */; };
		BC2121D424E3DE22009EAE3B /* SWTerminationListener.m in Sources */ = {isa = PBXBuildFile; fileRef = BC2121D224E3DE22009EAE3B /* SWTerminationListener.m */; };
		BC2121D624E3DE80009EAE3B /* AppKit.framework in Frameworks */ = {isa = PBXBuildFile; fileRef = BC2121D524E3DE80009EAE3B /* AppKit.framework */; };
		BC2121DA24E3DEB5009EAE3B /* relaunch in CopyFiles */ = {isa = PBXBuildFile; fileRef = BC2121CA24E3DDD8009EAE3B /* relaunch */; settings = {ATTRIBUTES = (CodeSignOnCopy, ); }; };
		BC2121DF24E63F7C009EAE3B /* SwitcherView.swift in Sources */ = {isa = PBXBuildFile; fileRef = BC2121DE24E63F7C009EAE3B /* SwitcherView.swift */; };
		BC2121E124E669EB009EAE3B /* NSRect+Extensions.swift in Sources */ = {isa = PBXBuildFile; fileRef = BC2121E024E669EB009EAE3B /* NSRect+Extensions.swift */; };
		BC56727F24DFC84B00206A39 /* Service.swift in Sources */ = {isa = PBXBuildFile; fileRef = BC56727E24DFC84B00206A39 /* Service.swift */; };
		BC56728224DFD27400206A39 /* PasteboardHistory.swift in Sources */ = {isa = PBXBuildFile; fileRef = BC56728124DFD27400206A39 /* PasteboardHistory.swift */; };
		BC56728724E0BABC00206A39 /* WindowInfo.swift in Sources */ = {isa = PBXBuildFile; fileRef = BC56728624E0BABC00206A39 /* WindowInfo.swift */; };
		BC56728924E0F0E200206A39 /* Haxcessibility.framework in Frameworks */ = {isa = PBXBuildFile; fileRef = BC56728824E0F0E200206A39 /* Haxcessibility.framework */; };
		BC56728E24E23BA300206A39 /* WindowInfoGroup.swift in Sources */ = {isa = PBXBuildFile; fileRef = BC56728D24E23BA300206A39 /* WindowInfoGroup.swift */; };
		BCD18FD424DD41C000941A86 /* AppDelegate.swift in Sources */ = {isa = PBXBuildFile; fileRef = BCD18FD324DD41C000941A86 /* AppDelegate.swift */; };
		BCD18FD824DD41C800941A86 /* Assets.xcassets in Resources */ = {isa = PBXBuildFile; fileRef = BCD18FD724DD41C800941A86 /* Assets.xcassets */; };
		BCD18FDB24DD41C800941A86 /* Preview Assets.xcassets in Resources */ = {isa = PBXBuildFile; fileRef = BCD18FDA24DD41C800941A86 /* Preview Assets.xcassets */; };
		BCD18FDE24DD41C800941A86 /* Main.storyboard in Resources */ = {isa = PBXBuildFile; fileRef = BCD18FDC24DD41C800941A86 /* Main.storyboard */; };
		BCD18FEA24DD41C800941A86 /* SwitchTests.swift in Sources */ = {isa = PBXBuildFile; fileRef = BCD18FE924DD41C800941A86 /* SwitchTests.swift */; };
		BCD18FF524DD41C900941A86 /* SwitchUITests.swift in Sources */ = {isa = PBXBuildFile; fileRef = BCD18FF424DD41C900941A86 /* SwitchUITests.swift */; };
		BCD1901324DF773100941A86 /* Keyboard.swift in Sources */ = {isa = PBXBuildFile; fileRef = BCD1901224DF773100941A86 /* Keyboard.swift */; };
		BCD1901724DF77B200941A86 /* Carbon.framework in Frameworks */ = {isa = PBXBuildFile; fileRef = BCD1901524DF77A700941A86 /* Carbon.framework */; };
		BCD1901924DF83DB00941A86 /* EventTap.swift in Sources */ = {isa = PBXBuildFile; fileRef = BCD1901824DF83DB00941A86 /* EventTap.swift */; };
		BCD1901B24DF9D1400941A86 /* LongCmdQ.swift in Sources */ = {isa = PBXBuildFile; fileRef = BCD1901A24DF9D1400941A86 /* LongCmdQ.swift */; };
/* End PBXBuildFile section */

/* Begin PBXContainerItemProxy section */
		BC2121D724E3DE94009EAE3B /* PBXContainerItemProxy */ = {
			isa = PBXContainerItemProxy;
			containerPortal = BCD18FC824DD41C000941A86 /* Project object */;
			proxyType = 1;
			remoteGlobalIDString = BC2121C924E3DDD8009EAE3B;
			remoteInfo = relaunch;
		};
		BCD18FE624DD41C800941A86 /* PBXContainerItemProxy */ = {
			isa = PBXContainerItemProxy;
			containerPortal = BCD18FC824DD41C000941A86 /* Project object */;
			proxyType = 1;
			remoteGlobalIDString = BCD18FCF24DD41C000941A86;
			remoteInfo = Switch;
		};
		BCD18FF124DD41C900941A86 /* PBXContainerItemProxy */ = {
			isa = PBXContainerItemProxy;
			containerPortal = BCD18FC824DD41C000941A86 /* Project object */;
			proxyType = 1;
			remoteGlobalIDString = BCD18FCF24DD41C000941A86;
			remoteInfo = Switch;
		};
/* End PBXContainerItemProxy section */

/* Begin PBXCopyFilesBuildPhase section */
		BC2121C824E3DDD8009EAE3B /* CopyFiles */ = {
			isa = PBXCopyFilesBuildPhase;
			buildActionMask = 2147483647;
			dstPath = /usr/share/man/man1/;
			dstSubfolderSpec = 0;
			files = (
			);
			runOnlyForDeploymentPostprocessing = 1;
		};
		BC2121D924E3DEA9009EAE3B /* CopyFiles */ = {
			isa = PBXCopyFilesBuildPhase;
			buildActionMask = 2147483647;
			dstPath = "";
			dstSubfolderSpec = 6;
			files = (
				BC2121DA24E3DEB5009EAE3B /* relaunch in CopyFiles */,
			);
			runOnlyForDeploymentPostprocessing = 0;
		};
/* End PBXCopyFilesBuildPhase section */

/* Begin PBXFileReference section */
		BC2121B324E25CE9009EAE3B /* PasteboardHistoryView.swift */ = {isa = PBXFileReference; lastKnownFileType = sourcecode.swift; path = PasteboardHistoryView.swift; sourceTree = "<group>"; };
		BC2121B524E29323009EAE3B /* Debugger Support.swift */ = {isa = PBXFileReference; lastKnownFileType = sourcecode.swift; path = "Debugger Support.swift"; sourceTree = "<group>"; };
		BC2121B824E3B4AF009EAE3B /* PasteboardHistory.xcdatamodel */ = {isa = PBXFileReference; lastKnownFileType = wrapper.xcdatamodel; path = PasteboardHistory.xcdatamodel; sourceTree = "<group>"; };
		BC2121BA24E3B61E009EAE3B /* CoreData.framework */ = {isa = PBXFileReference; lastKnownFileType = wrapper.framework; name = CoreData.framework; path = System/Library/Frameworks/CoreData.framework; sourceTree = SDKROOT; };
		BC2121CA24E3DDD8009EAE3B /* relaunch */ = {isa = PBXFileReference; explicitFileType = "compiled.mach-o.executable"; includeInIndex = 0; path = relaunch; sourceTree = BUILT_PRODUCTS_DIR; };
		BC2121CC24E3DDD8009EAE3B /* main.m */ = {isa = PBXFileReference; lastKnownFileType = sourcecode.c.objc; path = main.m; sourceTree = "<group>"; };
		BC2121D124E3DE22009EAE3B /* SWTerminationListener.h */ = {isa = PBXFileReference; fileEncoding = 4; lastKnownFileType = sourcecode.c.h; path = SWTerminationListener.h; sourceTree = "<group>"; };
		BC2121D224E3DE22009EAE3B /* SWTerminationListener.m */ = {isa = PBXFileReference; fileEncoding = 4; lastKnownFileType = sourcecode.c.objc; path = SWTerminationListener.m; sourceTree = "<group>"; };
		BC2121D524E3DE80009EAE3B /* AppKit.framework */ = {isa = PBXFileReference; lastKnownFileType = wrapper.framework; name = AppKit.framework; path = System/Library/Frameworks/AppKit.framework; sourceTree = SDKROOT; };
		BC2121DE24E63F7C009EAE3B /* SwitcherView.swift */ = {isa = PBXFileReference; lastKnownFileType = sourcecode.swift; path = SwitcherView.swift; sourceTree = "<group>"; };
		BC2121E024E669EB009EAE3B /* NSRect+Extensions.swift */ = {isa = PBXFileReference; lastKnownFileType = sourcecode.swift; path = "NSRect+Extensions.swift"; sourceTree = "<group>"; };
		BC56727E24DFC84B00206A39 /* Service.swift */ = {isa = PBXFileReference; lastKnownFileType = sourcecode.swift; path = Service.swift; sourceTree = "<group>"; };
		BC56728124DFD27400206A39 /* PasteboardHistory.swift */ = {isa = PBXFileReference; lastKnownFileType = sourcecode.swift; path = PasteboardHistory.swift; sourceTree = "<group>"; };
		BC56728324E0807400206A39 /* SQLite.framework */ = {isa = PBXFileReference; explicitFileType = wrapper.framework; path = SQLite.framework; sourceTree = BUILT_PRODUCTS_DIR; };
		BC56728624E0BABC00206A39 /* WindowInfo.swift */ = {isa = PBXFileReference; lastKnownFileType = sourcecode.swift; path = WindowInfo.swift; sourceTree = "<group>"; };
		BC56728824E0F0E200206A39 /* Haxcessibility.framework */ = {isa = PBXFileReference; explicitFileType = wrapper.framework; path = Haxcessibility.framework; sourceTree = BUILT_PRODUCTS_DIR; };
		BC56728D24E23BA300206A39 /* WindowInfoGroup.swift */ = {isa = PBXFileReference; lastKnownFileType = sourcecode.swift; path = WindowInfoGroup.swift; sourceTree = "<group>"; };
		BCD18FD024DD41C000941A86 /* Switch.app */ = {isa = PBXFileReference; explicitFileType = wrapper.application; includeInIndex = 0; path = Switch.app; sourceTree = BUILT_PRODUCTS_DIR; };
		BCD18FD324DD41C000941A86 /* AppDelegate.swift */ = {isa = PBXFileReference; lastKnownFileType = sourcecode.swift; path = AppDelegate.swift; sourceTree = "<group>"; };
		BCD18FD724DD41C800941A86 /* Assets.xcassets */ = {isa = PBXFileReference; lastKnownFileType = folder.assetcatalog; path = Assets.xcassets; sourceTree = "<group>"; };
		BCD18FDA24DD41C800941A86 /* Preview Assets.xcassets */ = {isa = PBXFileReference; lastKnownFileType = folder.assetcatalog; path = "Preview Assets.xcassets"; sourceTree = "<group>"; };
		BCD18FDD24DD41C800941A86 /* Base */ = {isa = PBXFileReference; lastKnownFileType = file.storyboard; name = Base; path = Base.lproj/Main.storyboard; sourceTree = "<group>"; };
		BCD18FDF24DD41C800941A86 /* Info.plist */ = {isa = PBXFileReference; lastKnownFileType = text.plist.xml; path = Info.plist; sourceTree = "<group>"; };
		BCD18FE524DD41C800941A86 /* SwitchTests.xctest */ = {isa = PBXFileReference; explicitFileType = wrapper.cfbundle; includeInIndex = 0; path = SwitchTests.xctest; sourceTree = BUILT_PRODUCTS_DIR; };
		BCD18FE924DD41C800941A86 /* SwitchTests.swift */ = {isa = PBXFileReference; lastKnownFileType = sourcecode.swift; path = SwitchTests.swift; sourceTree = "<group>"; };
		BCD18FEB24DD41C800941A86 /* Info.plist */ = {isa = PBXFileReference; lastKnownFileType = text.plist.xml; path = Info.plist; sourceTree = "<group>"; };
		BCD18FF024DD41C800941A86 /* SwitchUITests.xctest */ = {isa = PBXFileReference; explicitFileType = wrapper.cfbundle; includeInIndex = 0; path = SwitchUITests.xctest; sourceTree = BUILT_PRODUCTS_DIR; };
		BCD18FF424DD41C900941A86 /* SwitchUITests.swift */ = {isa = PBXFileReference; lastKnownFileType = sourcecode.swift; path = SwitchUITests.swift; sourceTree = "<group>"; };
		BCD18FF624DD41C900941A86 /* Info.plist */ = {isa = PBXFileReference; lastKnownFileType = text.plist.xml; path = Info.plist; sourceTree = "<group>"; };
		BCD1901224DF773100941A86 /* Keyboard.swift */ = {isa = PBXFileReference; lastKnownFileType = sourcecode.swift; path = Keyboard.swift; sourceTree = "<group>"; };
		BCD1901524DF77A700941A86 /* Carbon.framework */ = {isa = PBXFileReference; lastKnownFileType = wrapper.framework; name = Carbon.framework; path = System/Library/Frameworks/Carbon.framework; sourceTree = SDKROOT; };
		BCD1901824DF83DB00941A86 /* EventTap.swift */ = {isa = PBXFileReference; lastKnownFileType = sourcecode.swift; path = EventTap.swift; sourceTree = "<group>"; };
		BCD1901A24DF9D1400941A86 /* LongCmdQ.swift */ = {isa = PBXFileReference; lastKnownFileType = sourcecode.swift; path = LongCmdQ.swift; sourceTree = "<group>"; };
		BCD1901D24DFB1AF00941A86 /* Switch.entitlements */ = {isa = PBXFileReference; lastKnownFileType = text.plist.entitlements; path = Switch.entitlements; sourceTree = "<group>"; };
/* End PBXFileReference section */

/* Begin PBXFrameworksBuildPhase section */
		BC2121C724E3DDD8009EAE3B /* Frameworks */ = {
			isa = PBXFrameworksBuildPhase;
			buildActionMask = 2147483647;
			files = (
				BC2121D624E3DE80009EAE3B /* AppKit.framework in Frameworks */,
			);
			runOnlyForDeploymentPostprocessing = 0;
		};
		BCD18FCD24DD41C000941A86 /* Frameworks */ = {
			isa = PBXFrameworksBuildPhase;
			buildActionMask = 2147483647;
			files = (
				BC2121BB24E3B61E009EAE3B /* CoreData.framework in Frameworks */,
				BC56728924E0F0E200206A39 /* Haxcessibility.framework in Frameworks */,
				BCD1901724DF77B200941A86 /* Carbon.framework in Frameworks */,
			);
			runOnlyForDeploymentPostprocessing = 0;
		};
		BCD18FE224DD41C800941A86 /* Frameworks */ = {
			isa = PBXFrameworksBuildPhase;
			buildActionMask = 2147483647;
			files = (
			);
			runOnlyForDeploymentPostprocessing = 0;
		};
		BCD18FED24DD41C800941A86 /* Frameworks */ = {
			isa = PBXFrameworksBuildPhase;
			buildActionMask = 2147483647;
			files = (
			);
			runOnlyForDeploymentPostprocessing = 0;
		};
/* End PBXFrameworksBuildPhase section */

/* Begin PBXGroup section */
		BC2121B224E25CD3009EAE3B /* Pasteboard */ = {
			isa = PBXGroup;
			children = (
				BC56728124DFD27400206A39 /* PasteboardHistory.swift */,
				BC2121B324E25CE9009EAE3B /* PasteboardHistoryView.swift */,
				BC2121B724E3B4AF009EAE3B /* PasteboardHistory.xcdatamodeld */,
			);
			path = Pasteboard;
			sourceTree = "<group>";
		};
		BC2121CB24E3DDD8009EAE3B /* relaunch */ = {
			isa = PBXGroup;
			children = (
				BC2121CC24E3DDD8009EAE3B /* main.m */,
				BC2121D124E3DE22009EAE3B /* SWTerminationListener.h */,
				BC2121D224E3DE22009EAE3B /* SWTerminationListener.m */,
			);
			path = relaunch;
			sourceTree = "<group>";
		};
		BC56728024DFD22C00206A39 /* Switcher */ = {
			isa = PBXGroup;
			children = (
				BC56728624E0BABC00206A39 /* WindowInfo.swift */,
				BC56728D24E23BA300206A39 /* WindowInfoGroup.swift */,
				BC2121DE24E63F7C009EAE3B /* SwitcherView.swift */,
			);
			path = Switcher;
			sourceTree = "<group>";
		};
		BCD18FC724DD41C000941A86 = {
			isa = PBXGroup;
			children = (
				BCD18FD224DD41C000941A86 /* Switch */,
				BCD18FE824DD41C800941A86 /* SwitchTests */,
				BCD18FF324DD41C900941A86 /* SwitchUITests */,
				BC2121CB24E3DDD8009EAE3B /* relaunch */,
				BCD18FD124DD41C000941A86 /* Products */,
				BCD1901424DF77A700941A86 /* Frameworks */,
			);
			sourceTree = "<group>";
		};
		BCD18FD124DD41C000941A86 /* Products */ = {
			isa = PBXGroup;
			children = (
				BCD18FD024DD41C000941A86 /* Switch.app */,
				BCD18FE524DD41C800941A86 /* SwitchTests.xctest */,
				BCD18FF024DD41C800941A86 /* SwitchUITests.xctest */,
				BC2121CA24E3DDD8009EAE3B /* relaunch */,
			);
			name = Products;
			sourceTree = "<group>";
		};
		BCD18FD224DD41C000941A86 /* Switch */ = {
			isa = PBXGroup;
			children = (
				BCD1901C24DF9D1B00941A86 /* Services */,
				BCD1901124DF769700941A86 /* Common */,
				BCD18FD324DD41C000941A86 /* AppDelegate.swift */,
				BCD18FD724DD41C800941A86 /* Assets.xcassets */,
				BCD18FDC24DD41C800941A86 /* Main.storyboard */,
				BCD18FDF24DD41C800941A86 /* Info.plist */,
				BCD1901D24DFB1AF00941A86 /* Switch.entitlements */,
				BCD18FD924DD41C800941A86 /* Preview Content */,
			);
			path = Switch;
			sourceTree = "<group>";
		};
		BCD18FD924DD41C800941A86 /* Preview Content */ = {
			isa = PBXGroup;
			children = (
				BCD18FDA24DD41C800941A86 /* Preview Assets.xcassets */,
			);
			path = "Preview Content";
			sourceTree = "<group>";
		};
		BCD18FE824DD41C800941A86 /* SwitchTests */ = {
			isa = PBXGroup;
			children = (
				BCD18FE924DD41C800941A86 /* SwitchTests.swift */,
				BCD18FEB24DD41C800941A86 /* Info.plist */,
			);
			path = SwitchTests;
			sourceTree = "<group>";
		};
		BCD18FF324DD41C900941A86 /* SwitchUITests */ = {
			isa = PBXGroup;
			children = (
				BCD18FF424DD41C900941A86 /* SwitchUITests.swift */,
				BCD18FF624DD41C900941A86 /* Info.plist */,
			);
			path = SwitchUITests;
			sourceTree = "<group>";
		};
		BCD1901124DF769700941A86 /* Common */ = {
			isa = PBXGroup;
			children = (
				BCD1901224DF773100941A86 /* Keyboard.swift */,
				BCD1901824DF83DB00941A86 /* EventTap.swift */,
				BC2121B524E29323009EAE3B /* Debugger Support.swift */,
				BC2121E024E669EB009EAE3B /* NSRect+Extensions.swift */,
			);
			path = Common;
			sourceTree = "<group>";
		};
		BCD1901424DF77A700941A86 /* Frameworks */ = {
			isa = PBXGroup;
			children = (
				BC2121D524E3DE80009EAE3B /* AppKit.framework */,
				BC2121BA24E3B61E009EAE3B /* CoreData.framework */,
				BC56728824E0F0E200206A39 /* Haxcessibility.framework */,
				BC56728324E0807400206A39 /* SQLite.framework */,
				BCD1901524DF77A700941A86 /* Carbon.framework */,
			);
			name = Frameworks;
			sourceTree = "<group>";
		};
		BCD1901C24DF9D1B00941A86 /* Services */ = {
			isa = PBXGroup;
			children = (
				BC2121B224E25CD3009EAE3B /* Pasteboard */,
				BC56728024DFD22C00206A39 /* Switcher */,
				BCD1901A24DF9D1400941A86 /* LongCmdQ.swift */,
				BC56727E24DFC84B00206A39 /* Service.swift */,
			);
			path = Services;
			sourceTree = "<group>";
		};
/* End PBXGroup section */

/* Begin PBXNativeTarget section */
		BC2121C924E3DDD8009EAE3B /* relaunch */ = {
			isa = PBXNativeTarget;
			buildConfigurationList = BC2121D024E3DDD8009EAE3B /* Build configuration list for PBXNativeTarget "relaunch" */;
			buildPhases = (
				BC2121C624E3DDD8009EAE3B /* Sources */,
				BC2121C724E3DDD8009EAE3B /* Frameworks */,
				BC2121C824E3DDD8009EAE3B /* CopyFiles */,
			);
			buildRules = (
			);
			dependencies = (
			);
			name = relaunch;
			productName = relaunch;
			productReference = BC2121CA24E3DDD8009EAE3B /* relaunch */;
			productType = "com.apple.product-type.tool";
		};
		BCD18FCF24DD41C000941A86 /* Switch */ = {
			isa = PBXNativeTarget;
			buildConfigurationList = BCD18FF924DD41C900941A86 /* Build configuration list for PBXNativeTarget "Switch" */;
			buildPhases = (
				BC56728524E093E100206A39 /* ShellScript */,
				BCD18FCC24DD41C000941A86 /* Sources */,
				BCD18FCD24DD41C000941A86 /* Frameworks */,
				BCD18FCE24DD41C000941A86 /* Resources */,
				BC2121D924E3DEA9009EAE3B /* CopyFiles */,
			);
			buildRules = (
			);
			dependencies = (
				BC2121D824E3DE94009EAE3B /* PBXTargetDependency */,
			);
			name = Switch;
			productName = Switch;
			productReference = BCD18FD024DD41C000941A86 /* Switch.app */;
			productType = "com.apple.product-type.application";
		};
		BCD18FE424DD41C800941A86 /* SwitchTests */ = {
			isa = PBXNativeTarget;
			buildConfigurationList = BCD18FFC24DD41C900941A86 /* Build configuration list for PBXNativeTarget "SwitchTests" */;
			buildPhases = (
				BCD18FE124DD41C800941A86 /* Sources */,
				BCD18FE224DD41C800941A86 /* Frameworks */,
				BCD18FE324DD41C800941A86 /* Resources */,
			);
			buildRules = (
			);
			dependencies = (
				BCD18FE724DD41C800941A86 /* PBXTargetDependency */,
			);
			name = SwitchTests;
			productName = SwitchTests;
			productReference = BCD18FE524DD41C800941A86 /* SwitchTests.xctest */;
			productType = "com.apple.product-type.bundle.unit-test";
		};
		BCD18FEF24DD41C800941A86 /* SwitchUITests */ = {
			isa = PBXNativeTarget;
			buildConfigurationList = BCD18FFF24DD41C900941A86 /* Build configuration list for PBXNativeTarget "SwitchUITests" */;
			buildPhases = (
				BCD18FEC24DD41C800941A86 /* Sources */,
				BCD18FED24DD41C800941A86 /* Frameworks */,
				BCD18FEE24DD41C800941A86 /* Resources */,
			);
			buildRules = (
			);
			dependencies = (
				BCD18FF224DD41C900941A86 /* PBXTargetDependency */,
			);
			name = SwitchUITests;
			productName = SwitchUITests;
			productReference = BCD18FF024DD41C800941A86 /* SwitchUITests.xctest */;
			productType = "com.apple.product-type.bundle.ui-testing";
		};
/* End PBXNativeTarget section */

/* Begin PBXProject section */
		BCD18FC824DD41C000941A86 /* Project object */ = {
			isa = PBXProject;
			attributes = {
				LastSwiftUpdateCheck = 1200;
				LastUpgradeCheck = 1200;
				TargetAttributes = {
					BC2121C924E3DDD8009EAE3B = {
						CreatedOnToolsVersion = 12.0;
					};
					BCD18FCF24DD41C000941A86 = {
						CreatedOnToolsVersion = 12.0;
					};
					BCD18FE424DD41C800941A86 = {
						CreatedOnToolsVersion = 12.0;
						TestTargetID = BCD18FCF24DD41C000941A86;
					};
					BCD18FEF24DD41C800941A86 = {
						CreatedOnToolsVersion = 12.0;
						TestTargetID = BCD18FCF24DD41C000941A86;
					};
				};
			};
			buildConfigurationList = BCD18FCB24DD41C000941A86 /* Build configuration list for PBXProject "Switch" */;
			compatibilityVersion = "Xcode 9.3";
			developmentRegion = en;
			hasScannedForEncodings = 0;
			knownRegions = (
				en,
				Base,
			);
			mainGroup = BCD18FC724DD41C000941A86;
			productRefGroup = BCD18FD124DD41C000941A86 /* Products */;
			projectDirPath = "";
			projectRoot = "";
			targets = (
				BCD18FCF24DD41C000941A86 /* Switch */,
				BCD18FE424DD41C800941A86 /* SwitchTests */,
				BCD18FEF24DD41C800941A86 /* SwitchUITests */,
				BC2121C924E3DDD8009EAE3B /* relaunch */,
			);
		};
/* End PBXProject section */

/* Begin PBXResourcesBuildPhase section */
		BCD18FCE24DD41C000941A86 /* Resources */ = {
			isa = PBXResourcesBuildPhase;
			buildActionMask = 2147483647;
			files = (
				BCD18FDE24DD41C800941A86 /* Main.storyboard in Resources */,
				BCD18FDB24DD41C800941A86 /* Preview Assets.xcassets in Resources */,
				BCD18FD824DD41C800941A86 /* Assets.xcassets in Resources */,
			);
			runOnlyForDeploymentPostprocessing = 0;
		};
		BCD18FE324DD41C800941A86 /* Resources */ = {
			isa = PBXResourcesBuildPhase;
			buildActionMask = 2147483647;
			files = (
			);
			runOnlyForDeploymentPostprocessing = 0;
		};
		BCD18FEE24DD41C800941A86 /* Resources */ = {
			isa = PBXResourcesBuildPhase;
			buildActionMask = 2147483647;
			files = (
			);
			runOnlyForDeploymentPostprocessing = 0;
		};
/* End PBXResourcesBuildPhase section */

/* Begin PBXShellScriptBuildPhase section */
		BC56728524E093E100206A39 /* ShellScript */ = {
			isa = PBXShellScriptBuildPhase;
			buildActionMask = 2147483647;
			files = (
			);
			inputFileListPaths = (
			);
			inputPaths = (
			);
			outputFileListPaths = (
			);
			outputPaths = (
			);
			runOnlyForDeploymentPostprocessing = 0;
			shellPath = /bin/sh;
			shellScript = "if which swiftlint >/dev/null; then\n  swiftlint\nelse\n  echo \"warning: SwiftLint not installed, download from https://github.com/realm/SwiftLint\"\nfi\n";
		};
/* End PBXShellScriptBuildPhase section */

/* Begin PBXSourcesBuildPhase section */
		BC2121C624E3DDD8009EAE3B /* Sources */ = {
			isa = PBXSourcesBuildPhase;
			buildActionMask = 2147483647;
			files = (
				BC2121D424E3DE22009EAE3B /* SWTerminationListener.m in Sources */,
				BC2121CD24E3DDD8009EAE3B /* main.m in Sources */,
			);
			runOnlyForDeploymentPostprocessing = 0;
		};
		BCD18FCC24DD41C000941A86 /* Sources */ = {
			isa = PBXSourcesBuildPhase;
			buildActionMask = 2147483647;
			files = (
				BCD1901324DF773100941A86 /* Keyboard.swift in Sources */,
				BC2121DF24E63F7C009EAE3B /* SwitcherView.swift in Sources */,
				BC2121E124E669EB009EAE3B /* NSRect+Extensions.swift in Sources */,
				BC56728224DFD27400206A39 /* PasteboardHistory.swift in Sources */,
				BC2121B424E25CE9009EAE3B /* PasteboardHistoryView.swift in Sources */,
				BCD1901924DF83DB00941A86 /* EventTap.swift in Sources */,
				BC56728724E0BABC00206A39 /* WindowInfo.swift in Sources */,
				BC2121B624E29323009EAE3B /* Debugger Support.swift in Sources */,
				BC56727F24DFC84B00206A39 /* Service.swift in Sources */,
				BC2121B924E3B4AF009EAE3B /* PasteboardHistory.xcdatamodeld in Sources */,
				BCD1901B24DF9D1400941A86 /* LongCmdQ.swift in Sources */,
				BCD18FD424DD41C000941A86 /* AppDelegate.swift in Sources */,
				BC56728E24E23BA300206A39 /* WindowInfoGroup.swift in Sources */,
			);
			runOnlyForDeploymentPostprocessing = 0;
		};
		BCD18FE124DD41C800941A86 /* Sources */ = {
			isa = PBXSourcesBuildPhase;
			buildActionMask = 2147483647;
			files = (
				BCD18FEA24DD41C800941A86 /* SwitchTests.swift in Sources */,
			);
			runOnlyForDeploymentPostprocessing = 0;
		};
		BCD18FEC24DD41C800941A86 /* Sources */ = {
			isa = PBXSourcesBuildPhase;
			buildActionMask = 2147483647;
			files = (
				BCD18FF524DD41C900941A86 /* SwitchUITests.swift in Sources */,
			);
			runOnlyForDeploymentPostprocessing = 0;
		};
/* End PBXSourcesBuildPhase section */

/* Begin PBXTargetDependency section */
		BC2121D824E3DE94009EAE3B /* PBXTargetDependency */ = {
			isa = PBXTargetDependency;
			target = BC2121C924E3DDD8009EAE3B /* relaunch */;
			targetProxy = BC2121D724E3DE94009EAE3B /* PBXContainerItemProxy */;
		};
		BCD18FE724DD41C800941A86 /* PBXTargetDependency */ = {
			isa = PBXTargetDependency;
			target = BCD18FCF24DD41C000941A86 /* Switch */;
			targetProxy = BCD18FE624DD41C800941A86 /* PBXContainerItemProxy */;
		};
		BCD18FF224DD41C900941A86 /* PBXTargetDependency */ = {
			isa = PBXTargetDependency;
			target = BCD18FCF24DD41C000941A86 /* Switch */;
			targetProxy = BCD18FF124DD41C900941A86 /* PBXContainerItemProxy */;
		};
/* End PBXTargetDependency section */

/* Begin PBXVariantGroup section */
		BCD18FDC24DD41C800941A86 /* Main.storyboard */ = {
			isa = PBXVariantGroup;
			children = (
				BCD18FDD24DD41C800941A86 /* Base */,
			);
			name = Main.storyboard;
			sourceTree = "<group>";
		};
/* End PBXVariantGroup section */

/* Begin XCBuildConfiguration section */
		BC2121CE24E3DDD8009EAE3B /* Debug */ = {
			isa = XCBuildConfiguration;
			buildSettings = {
				CODE_SIGN_STYLE = Automatic;
				PRODUCT_NAME = "$(TARGET_NAME)";
			};
			name = Debug;
		};
		BC2121CF24E3DDD8009EAE3B /* Release */ = {
			isa = XCBuildConfiguration;
			buildSettings = {
				CODE_SIGN_STYLE = Automatic;
				PRODUCT_NAME = "$(TARGET_NAME)";
			};
			name = Release;
		};
		BCD18FF724DD41C900941A86 /* Debug */ = {
			isa = XCBuildConfiguration;
			buildSettings = {
				ALWAYS_SEARCH_USER_PATHS = NO;
				CLANG_ANALYZER_NONNULL = YES;
				CLANG_ANALYZER_NUMBER_OBJECT_CONVERSION = YES_AGGRESSIVE;
				CLANG_CXX_LANGUAGE_STANDARD = "gnu++14";
				CLANG_CXX_LIBRARY = "libc++";
				CLANG_ENABLE_MODULES = YES;
				CLANG_ENABLE_OBJC_ARC = YES;
				CLANG_ENABLE_OBJC_WEAK = YES;
				CLANG_WARN_BLOCK_CAPTURE_AUTORELEASING = YES;
				CLANG_WARN_BOOL_CONVERSION = YES;
				CLANG_WARN_COMMA = YES;
				CLANG_WARN_CONSTANT_CONVERSION = YES;
				CLANG_WARN_DEPRECATED_OBJC_IMPLEMENTATIONS = YES;
				CLANG_WARN_DIRECT_OBJC_ISA_USAGE = YES_ERROR;
				CLANG_WARN_DOCUMENTATION_COMMENTS = YES;
				CLANG_WARN_EMPTY_BODY = YES;
				CLANG_WARN_ENUM_CONVERSION = YES;
				CLANG_WARN_INFINITE_RECURSION = YES;
				CLANG_WARN_INT_CONVERSION = YES;
				CLANG_WARN_NON_LITERAL_NULL_CONVERSION = YES;
				CLANG_WARN_OBJC_IMPLICIT_RETAIN_SELF = YES;
				CLANG_WARN_OBJC_LITERAL_CONVERSION = YES;
				CLANG_WARN_OBJC_ROOT_CLASS = YES_ERROR;
				CLANG_WARN_QUOTED_INCLUDE_IN_FRAMEWORK_HEADER = YES;
				CLANG_WARN_RANGE_LOOP_ANALYSIS = YES;
				CLANG_WARN_STRICT_PROTOTYPES = YES;
				CLANG_WARN_SUSPICIOUS_MOVE = YES;
				CLANG_WARN_UNGUARDED_AVAILABILITY = YES_AGGRESSIVE;
				CLANG_WARN_UNREACHABLE_CODE = YES;
				CLANG_WARN__DUPLICATE_METHOD_MATCH = YES;
				COPY_PHASE_STRIP = NO;
				DEBUG_INFORMATION_FORMAT = dwarf;
				ENABLE_STRICT_OBJC_MSGSEND = YES;
				ENABLE_TESTABILITY = YES;
				GCC_C_LANGUAGE_STANDARD = gnu11;
				GCC_DYNAMIC_NO_PIC = NO;
				GCC_NO_COMMON_BLOCKS = YES;
				GCC_OPTIMIZATION_LEVEL = 0;
				GCC_PREPROCESSOR_DEFINITIONS = (
					"DEBUG=1",
					"$(inherited)",
				);
				GCC_WARN_64_TO_32_BIT_CONVERSION = YES;
				GCC_WARN_ABOUT_RETURN_TYPE = YES_ERROR;
				GCC_WARN_UNDECLARED_SELECTOR = YES;
				GCC_WARN_UNINITIALIZED_AUTOS = YES_AGGRESSIVE;
				GCC_WARN_UNUSED_FUNCTION = YES;
				GCC_WARN_UNUSED_VARIABLE = YES;
				MACOSX_DEPLOYMENT_TARGET = 10.15;
				MTL_ENABLE_DEBUG_INFO = INCLUDE_SOURCE;
				MTL_FAST_MATH = YES;
				ONLY_ACTIVE_ARCH = YES;
				SDKROOT = macosx;
				SWIFT_ACTIVE_COMPILATION_CONDITIONS = DEBUG;
				SWIFT_OPTIMIZATION_LEVEL = "-Onone";
			};
			name = Debug;
		};
		BCD18FF824DD41C900941A86 /* Release */ = {
			isa = XCBuildConfiguration;
			buildSettings = {
				ALWAYS_SEARCH_USER_PATHS = NO;
				CLANG_ANALYZER_NONNULL = YES;
				CLANG_ANALYZER_NUMBER_OBJECT_CONVERSION = YES_AGGRESSIVE;
				CLANG_CXX_LANGUAGE_STANDARD = "gnu++14";
				CLANG_CXX_LIBRARY = "libc++";
				CLANG_ENABLE_MODULES = YES;
				CLANG_ENABLE_OBJC_ARC = YES;
				CLANG_ENABLE_OBJC_WEAK = YES;
				CLANG_WARN_BLOCK_CAPTURE_AUTORELEASING = YES;
				CLANG_WARN_BOOL_CONVERSION = YES;
				CLANG_WARN_COMMA = YES;
				CLANG_WARN_CONSTANT_CONVERSION = YES;
				CLANG_WARN_DEPRECATED_OBJC_IMPLEMENTATIONS = YES;
				CLANG_WARN_DIRECT_OBJC_ISA_USAGE = YES_ERROR;
				CLANG_WARN_DOCUMENTATION_COMMENTS = YES;
				CLANG_WARN_EMPTY_BODY = YES;
				CLANG_WARN_ENUM_CONVERSION = YES;
				CLANG_WARN_INFINITE_RECURSION = YES;
				CLANG_WARN_INT_CONVERSION = YES;
				CLANG_WARN_NON_LITERAL_NULL_CONVERSION = YES;
				CLANG_WARN_OBJC_IMPLICIT_RETAIN_SELF = YES;
				CLANG_WARN_OBJC_LITERAL_CONVERSION = YES;
				CLANG_WARN_OBJC_ROOT_CLASS = YES_ERROR;
				CLANG_WARN_QUOTED_INCLUDE_IN_FRAMEWORK_HEADER = YES;
				CLANG_WARN_RANGE_LOOP_ANALYSIS = YES;
				CLANG_WARN_STRICT_PROTOTYPES = YES;
				CLANG_WARN_SUSPICIOUS_MOVE = YES;
				CLANG_WARN_UNGUARDED_AVAILABILITY = YES_AGGRESSIVE;
				CLANG_WARN_UNREACHABLE_CODE = YES;
				CLANG_WARN__DUPLICATE_METHOD_MATCH = YES;
				COPY_PHASE_STRIP = NO;
				DEBUG_INFORMATION_FORMAT = "dwarf-with-dsym";
				ENABLE_NS_ASSERTIONS = NO;
				ENABLE_STRICT_OBJC_MSGSEND = YES;
				GCC_C_LANGUAGE_STANDARD = gnu11;
				GCC_NO_COMMON_BLOCKS = YES;
				GCC_WARN_64_TO_32_BIT_CONVERSION = YES;
				GCC_WARN_ABOUT_RETURN_TYPE = YES_ERROR;
				GCC_WARN_UNDECLARED_SELECTOR = YES;
				GCC_WARN_UNINITIALIZED_AUTOS = YES_AGGRESSIVE;
				GCC_WARN_UNUSED_FUNCTION = YES;
				GCC_WARN_UNUSED_VARIABLE = YES;
				MACOSX_DEPLOYMENT_TARGET = 10.15;
				MTL_ENABLE_DEBUG_INFO = NO;
				MTL_FAST_MATH = YES;
				SDKROOT = macosx;
				SWIFT_COMPILATION_MODE = wholemodule;
				SWIFT_OPTIMIZATION_LEVEL = "-O";
			};
			name = Release;
		};
		BCD18FFA24DD41C900941A86 /* Debug */ = {
			isa = XCBuildConfiguration;
			buildSettings = {
				ASSETCATALOG_COMPILER_APPICON_NAME = AppIcon;
				ASSETCATALOG_COMPILER_GLOBAL_ACCENT_COLOR_NAME = AccentColor;
				CODE_SIGN_ENTITLEMENTS = "Switch/${PRODUCT_NAME}.entitlements";
				CODE_SIGN_STYLE = Automatic;
				COMBINE_HIDPI_IMAGES = YES;
				DEVELOPMENT_ASSET_PATHS = "\"Switch/Preview Content\"";
				ENABLE_PREVIEWS = YES;
				INFOPLIST_FILE = Switch/Info.plist;
				LD_RUNPATH_SEARCH_PATHS = (
					"$(inherited)",
					"@executable_path/../Frameworks",
				);
				PRODUCT_BUNDLE_IDENTIFIER = net.numist.Switch;
				PRODUCT_NAME = "$(TARGET_NAME)";
				SWIFT_VERSION = 5.0;
			};
			name = Debug;
		};
		BCD18FFB24DD41C900941A86 /* Release */ = {
			isa = XCBuildConfiguration;
			buildSettings = {
				ASSETCATALOG_COMPILER_APPICON_NAME = AppIcon;
				ASSETCATALOG_COMPILER_GLOBAL_ACCENT_COLOR_NAME = AccentColor;
				CODE_SIGN_ENTITLEMENTS = "Switch/${PRODUCT_NAME}.entitlements";
				CODE_SIGN_STYLE = Automatic;
				COMBINE_HIDPI_IMAGES = YES;
				DEVELOPMENT_ASSET_PATHS = "\"Switch/Preview Content\"";
				ENABLE_PREVIEWS = YES;
				INFOPLIST_FILE = Switch/Info.plist;
				LD_RUNPATH_SEARCH_PATHS = (
					"$(inherited)",
					"@executable_path/../Frameworks",
				);
				PRODUCT_BUNDLE_IDENTIFIER = net.numist.Switch;
				PRODUCT_NAME = "$(TARGET_NAME)";
				SWIFT_VERSION = 5.0;
			};
			name = Release;
		};
		BCD18FFD24DD41C900941A86 /* Debug */ = {
			isa = XCBuildConfiguration;
			buildSettings = {
				ALWAYS_EMBED_SWIFT_STANDARD_LIBRARIES = YES;
				BUNDLE_LOADER = "$(TEST_HOST)";
				CODE_SIGN_STYLE = Automatic;
				COMBINE_HIDPI_IMAGES = YES;
				INFOPLIST_FILE = SwitchTests/Info.plist;
				LD_RUNPATH_SEARCH_PATHS = (
					"$(inherited)",
					"@executable_path/../Frameworks",
					"@loader_path/../Frameworks",
				);
				PRODUCT_BUNDLE_IDENTIFIER = net.numist.SwitchTests;
				PRODUCT_NAME = "$(TARGET_NAME)";
				SWIFT_VERSION = 5.0;
				TEST_HOST = "$(BUILT_PRODUCTS_DIR)/Switch.app/Contents/MacOS/Switch";
			};
			name = Debug;
		};
		BCD18FFE24DD41C900941A86 /* Release */ = {
			isa = XCBuildConfiguration;
			buildSettings = {
				ALWAYS_EMBED_SWIFT_STANDARD_LIBRARIES = YES;
				BUNDLE_LOADER = "$(TEST_HOST)";
				CODE_SIGN_STYLE = Automatic;
				COMBINE_HIDPI_IMAGES = YES;
				INFOPLIST_FILE = SwitchTests/Info.plist;
				LD_RUNPATH_SEARCH_PATHS = (
					"$(inherited)",
					"@executable_path/../Frameworks",
					"@loader_path/../Frameworks",
				);
				PRODUCT_BUNDLE_IDENTIFIER = net.numist.SwitchTests;
				PRODUCT_NAME = "$(TARGET_NAME)";
				SWIFT_VERSION = 5.0;
				TEST_HOST = "$(BUILT_PRODUCTS_DIR)/Switch.app/Contents/MacOS/Switch";
			};
			name = Release;
		};
		BCD1900024DD41C900941A86 /* Debug */ = {
			isa = XCBuildConfiguration;
			buildSettings = {
				ALWAYS_EMBED_SWIFT_STANDARD_LIBRARIES = YES;
				CODE_SIGN_STYLE = Automatic;
				COMBINE_HIDPI_IMAGES = YES;
				INFOPLIST_FILE = SwitchUITests/Info.plist;
				LD_RUNPATH_SEARCH_PATHS = (
					"$(inherited)",
					"@executable_path/../Frameworks",
					"@loader_path/../Frameworks",
				);
				PRODUCT_BUNDLE_IDENTIFIER = net.numist.SwitchUITests;
				PRODUCT_NAME = "$(TARGET_NAME)";
				SWIFT_VERSION = 5.0;
				TEST_TARGET_NAME = Switch;
			};
			name = Debug;
		};
		BCD1900124DD41C900941A86 /* Release */ = {
			isa = XCBuildConfiguration;
			buildSettings = {
				ALWAYS_EMBED_SWIFT_STANDARD_LIBRARIES = YES;
				CODE_SIGN_STYLE = Automatic;
				COMBINE_HIDPI_IMAGES = YES;
				INFOPLIST_FILE = SwitchUITests/Info.plist;
				LD_RUNPATH_SEARCH_PATHS = (
					"$(inherited)",
					"@executable_path/../Frameworks",
					"@loader_path/../Frameworks",
				);
				PRODUCT_BUNDLE_IDENTIFIER = net.numist.SwitchUITests;
				PRODUCT_NAME = "$(TARGET_NAME)";
				SWIFT_VERSION = 5.0;
				TEST_TARGET_NAME = Switch;
			};
			name = Release;
		};
/* End XCBuildConfiguration section */

/* Begin XCConfigurationList section */
		BC2121D024E3DDD8009EAE3B /* Build configuration list for PBXNativeTarget "relaunch" */ = {
			isa = XCConfigurationList;
			buildConfigurations = (
				BC2121CE24E3DDD8009EAE3B /* Debug */,
				BC2121CF24E3DDD8009EAE3B /* Release */,
			);
			defaultConfigurationIsVisible = 0;
			defaultConfigurationName = Release;
		};
		BCD18FCB24DD41C000941A86 /* Build configuration list for PBXProject "Switch" */ = {
			isa = XCConfigurationList;
			buildConfigurations = (
				BCD18FF724DD41C900941A86 /* Debug */,
				BCD18FF824DD41C900941A86 /* Release */,
			);
			defaultConfigurationIsVisible = 0;
			defaultConfigurationName = Release;
		};
		BCD18FF924DD41C900941A86 /* Build configuration list for PBXNativeTarget "Switch" */ = {
			isa = XCConfigurationList;
			buildConfigurations = (
				BCD18FFA24DD41C900941A86 /* Debug */,
				BCD18FFB24DD41C900941A86 /* Release */,
			);
			defaultConfigurationIsVisible = 0;
			defaultConfigurationName = Release;
		};
		BCD18FFC24DD41C900941A86 /* Build configuration list for PBXNativeTarget "SwitchTests" */ = {
			isa = XCConfigurationList;
			buildConfigurations = (
				BCD18FFD24DD41C900941A86 /* Debug */,
				BCD18FFE24DD41C900941A86 /* Release */,
			);
			defaultConfigurationIsVisible = 0;
			defaultConfigurationName = Release;
		};
		BCD18FFF24DD41C900941A86 /* Build configuration list for PBXNativeTarget "SwitchUITests" */ = {
			isa = XCConfigurationList;
			buildConfigurations = (
				BCD1900024DD41C900941A86 /* Debug */,
				BCD1900124DD41C900941A86 /* Release */,
			);
			defaultConfigurationIsVisible = 0;
			defaultConfigurationName = Release;
		};
/* End XCConfigurationList section */

/* Begin XCVersionGroup section */
		BC2121B724E3B4AF009EAE3B /* PasteboardHistory.xcdatamodeld */ = {
			isa = XCVersionGroup;
			children = (
				BC2121B824E3B4AF009EAE3B /* PasteboardHistory.xcdatamodel */,
			);
			currentVersion = BC2121B824E3B4AF009EAE3B /* PasteboardHistory.xcdatamodel */;
			path = PasteboardHistory.xcdatamodeld;
			sourceTree = "<group>";
			versionGroupType = wrapper.xcdatamodel;
		};
/* End XCVersionGroup section */
	};
	rootObject = BCD18FC824DD41C000941A86 /* Project object */;
}
